{
  "version": 4,
  "terraform_version": "1.7.0",
  "serial": 2381,
  "lineage": "56ce771f-e458-0551-6bd0-804cf321bf38",
  "outputs": {},
  "resources": [
    {
      "mode": "managed",
      "type": "netbox_cluster",
      "name": "dashrf",
      "provider": "provider[\"registry.terraform.io/e-breuninger/netbox\"]",
      "instances": [
        {
          "schema_version": 0,
          "attributes": {
            "cluster_group_id": 50,
            "cluster_type_id": 29,
            "comments": "",
            "description": "",
            "id": "66",
            "name": "dashrf.openknowit.com",
            "site_id": 0,
            "tags": [],
            "tenant_id": 0
          },
          "sensitive_attributes": [],
          "private": "bnVsbA==",
          "dependencies": [
            "netbox_cluster_group.openstack",
            "netbox_cluster_type.kvm"
          ]
        }
      ]
    },
    {
      "mode": "managed",
      "type": "netbox_cluster",
      "name": "egon",
      "provider": "provider[\"registry.terraform.io/e-breuninger/netbox\"]",
      "instances": [
        {
          "schema_version": 0,
          "attributes": {
            "cluster_group_id": 52,
            "cluster_type_id": 29,
            "comments": "",
            "description": "",
            "id": "73",
            "name": "egon.openknowit.com",
            "site_id": 0,
            "tags": [],
            "tenant_id": 0
          },
          "sensitive_attributes": [],
          "private": "bnVsbA==",
          "dependencies": [
            "netbox_cluster_group.jaho",
            "netbox_cluster_type.kvm"
          ]
        }
      ]
    },
    {
      "mode": "managed",
      "type": "netbox_cluster",
      "name": "kvmlab",
      "provider": "provider[\"registry.terraform.io/e-breuninger/netbox\"]",
      "instances": [
        {
          "schema_version": 0,
          "attributes": {
            "cluster_group_id": 50,
            "cluster_type_id": 29,
            "comments": "",
            "description": "",
            "id": "67",
            "name": "kvmlab.openknowit.com",
            "site_id": 0,
            "tags": [],
            "tenant_id": 0
          },
          "sensitive_attributes": [],
          "private": "bnVsbA==",
          "dependencies": [
            "netbox_cluster_group.openstack",
            "netbox_cluster_type.kvm"
          ]
        }
      ]
    },
    {
      "mode": "managed",
      "type": "netbox_cluster",
      "name": "openstack",
      "provider": "provider[\"registry.terraform.io/e-breuninger/netbox\"]",
      "instances": [
        {
          "index_key": 0,
          "schema_version": 0,
          "attributes": {
            "cluster_group_id": 50,
            "cluster_type_id": 29,
            "comments": "",
            "description": "",
            "id": "70",
            "name": "openstack01.openknowit.com",
            "site_id": 0,
            "tags": [],
            "tenant_id": 0
          },
          "sensitive_attributes": [],
          "private": "bnVsbA==",
          "dependencies": [
            "netbox_cluster_group.openstack",
            "netbox_cluster_type.kvm"
          ]
        },
        {
          "index_key": 1,
          "schema_version": 0,
          "attributes": {
            "cluster_group_id": 50,
            "cluster_type_id": 29,
            "comments": "",
            "description": "",
            "id": "68",
            "name": "openstack02.openknowit.com",
            "site_id": 0,
            "tags": [],
            "tenant_id": 0
          },
          "sensitive_attributes": [],
          "private": "bnVsbA==",
          "dependencies": [
            "netbox_cluster_group.openstack",
            "netbox_cluster_type.kvm"
          ]
        },
        {
          "index_key": 2,
          "schema_version": 0,
          "attributes": {
            "cluster_group_id": 50,
            "cluster_type_id": 29,
            "comments": "",
            "description": "",
            "id": "69",
            "name": "openstack03.openknowit.com",
            "site_id": 0,
            "tags": [],
            "tenant_id": 0
          },
          "sensitive_attributes": [],
          "private": "bnVsbA==",
          "dependencies": [
            "netbox_cluster_group.openstack",
            "netbox_cluster_type.kvm"
          ]
        }
      ]
    },
    {
      "mode": "managed",
      "type": "netbox_cluster",
      "name": "rhctrl-nuk01",
      "provider": "provider[\"registry.terraform.io/e-breuninger/netbox\"]",
      "instances": [
        {
          "schema_version": 0,
          "attributes": {
            "cluster_group_id": 51,
            "cluster_type_id": 29,
            "comments": "",
            "description": "",
            "id": "72",
            "name": "rhctrl-nuk01.sianiut.tele.gl",
            "site_id": 0,
            "tags": [],
            "tenant_id": 0
          },
          "sensitive_attributes": [],
          "private": "bnVsbA==",
          "dependencies": [
            "netbox_cluster_group.tusass",
            "netbox_cluster_type.kvm"
          ]
        }
      ]
    },
    {
      "mode": "managed",
      "type": "netbox_cluster",
      "name": "ssh",
      "provider": "provider[\"registry.terraform.io/e-breuninger/netbox\"]",
      "instances": [
        {
          "schema_version": 0,
          "attributes": {
            "cluster_group_id": 52,
            "cluster_type_id": 29,
            "comments": "",
            "description": "",
            "id": "71",
            "name": "ssh.openknowit.com",
            "site_id": 0,
            "tags": [],
            "tenant_id": 0
          },
          "sensitive_attributes": [],
          "private": "bnVsbA==",
          "dependencies": [
            "netbox_cluster_group.jaho",
            "netbox_cluster_type.kvm"
          ]
        }
      ]
    },
    {
      "mode": "managed",
      "type": "netbox_cluster_group",
      "name": "jaho",
      "provider": "provider[\"registry.terraform.io/e-breuninger/netbox\"]",
      "instances": [
        {
          "schema_version": 0,
          "attributes": {
            "description": "Servers used for jaho",
            "id": "52",
            "name": "jaho",
            "slug": "jaho"
          },
          "sensitive_attributes": [],
          "private": "bnVsbA=="
        }
      ]
    },
    {
      "mode": "managed",
      "type": "netbox_cluster_group",
      "name": "openstack",
      "provider": "provider[\"registry.terraform.io/e-breuninger/netbox\"]",
      "instances": [
        {
          "schema_version": 0,
          "attributes": {
            "description": "Servers used for openstack demo",
            "id": "50",
            "name": "openstack",
            "slug": "openstack"
          },
          "sensitive_attributes": [],
          "private": "bnVsbA=="
        }
      ]
    },
    {
      "mode": "managed",
      "type": "netbox_cluster_group",
      "name": "tusass",
      "provider": "provider[\"registry.terraform.io/e-breuninger/netbox\"]",
      "instances": [
        {
          "schema_version": 0,
          "attributes": {
            "description": "kvm Servers used for tusass",
            "id": "51",
            "name": "tusass",
            "slug": "tusass"
          },
          "sensitive_attributes": [],
          "private": "bnVsbA=="
        }
      ]
    },
    {
      "mode": "managed",
      "type": "netbox_cluster_type",
      "name": "kvm",
      "provider": "provider[\"registry.terraform.io/e-breuninger/netbox\"]",
      "instances": [
        {
          "schema_version": 0,
          "attributes": {
            "id": "29",
            "name": "Native linux libvirt kvm",
            "slug": "native-linux-libvirt-kvm"
          },
          "sensitive_attributes": [],
          "private": "bnVsbA=="
        }
      ]
    },
    {
      "mode": "managed",
      "type": "netbox_device",
      "name": "flemming",
      "provider": "provider[\"registry.terraform.io/e-breuninger/netbox\"]",
      "instances": [
        {
          "schema_version": 0,
          "attributes": {
            "asset_tag": "",
            "cluster_id": 0,
            "comments": "",
            "custom_fields": null,
            "description": "",
            "device_type_id": 29,
            "id": "66",
            "local_context_data": "",
            "location_id": 0,
            "name": "flemming",
            "platform_id": 0,
            "primary_ipv4": 0,
            "primary_ipv6": 0,
            "rack_face": "",
            "rack_id": 0,
            "rack_position": 0,
            "role_id": 64,
            "serial": "",
            "site_id": 115,
            "status": "active",
            "tags": [],
            "tenant_id": 0,
            "virtual_chassis_id": 0,
            "virtual_chassis_master": false,
            "virtual_chassis_position": 0,
            "virtual_chassis_priority": 0
          },
          "sensitive_attributes": [],
          "private": "bnVsbA==",
          "dependencies": [
            "netbox_device_role.workstation",
            "netbox_device_type.nuc",
            "netbox_manufacturer.Intel",
            "netbox_site.bremen"
          ]
        }
      ]
    },
    {
      "mode": "managed",
      "type": "netbox_device_role",
      "name": "default",
      "provider": "provider[\"registry.terraform.io/e-breuninger/netbox\"]",
      "instances": [
        {
          "schema_version": 0,
          "attributes": {
            "color_hex": "fff0ff",
            "description": "",
            "id": "67",
            "name": "default",
            "slug": "default",
            "tags": [],
            "vm_role": true
          },
          "sensitive_attributes": [],
          "private": "bnVsbA=="
        }
      ]
    },
    {
      "mode": "managed",
      "type": "netbox_device_role",
      "name": "server",
      "provider": "provider[\"registry.terraform.io/e-breuninger/netbox\"]",
      "instances": [
        {
          "schema_version": 0,
          "attributes": {
            "color_hex": "ff40ff",
            "description": "",
            "id": "63",
            "name": "server",
            "slug": "server",
            "tags": [],
            "vm_role": true
          },
          "sensitive_attributes": [],
          "private": "bnVsbA=="
        }
      ]
    },
    {
      "mode": "managed",
      "type": "netbox_device_role",
      "name": "virtualserver",
      "provider": "provider[\"registry.terraform.io/e-breuninger/netbox\"]",
      "instances": [
        {
          "schema_version": 0,
          "attributes": {
            "color_hex": "ff00ff",
            "description": "",
            "id": "66",
            "name": "virtual",
            "slug": "virtual",
            "tags": [],
            "vm_role": true
          },
          "sensitive_attributes": [],
          "private": "bnVsbA=="
        }
      ]
    },
    {
      "mode": "managed",
      "type": "netbox_device_role",
      "name": "workstation",
      "provider": "provider[\"registry.terraform.io/e-breuninger/netbox\"]",
      "instances": [
        {
          "schema_version": 0,
          "attributes": {
            "color_hex": "ff0000",
            "description": "",
            "id": "64",
            "name": "workstation",
            "slug": "workstation",
            "tags": [],
            "vm_role": true
          },
          "sensitive_attributes": [],
          "private": "bnVsbA=="
        }
      ]
    },
    {
      "mode": "managed",
      "type": "netbox_device_type",
      "name": "P1",
      "provider": "provider[\"registry.terraform.io/e-breuninger/netbox\"]",
      "instances": [
        {
          "schema_version": 0,
          "attributes": {
            "id": "30",
            "manufacturer_id": 39,
            "model": "P1",
            "part_number": "123",
            "slug": "p1",
            "tags": [],
            "u_height": 1
          },
          "sensitive_attributes": [],
          "private": "bnVsbA==",
          "dependencies": [
            "netbox_manufacturer.Lenovo"
          ]
        }
      ]
    },
    {
      "mode": "managed",
      "type": "netbox_device_type",
      "name": "nuc",
      "provider": "provider[\"registry.terraform.io/e-breuninger/netbox\"]",
      "instances": [
        {
          "schema_version": 0,
          "attributes": {
            "id": "29",
            "manufacturer_id": 37,
            "model": "nuc",
            "part_number": "123",
            "slug": "nuc",
            "tags": [],
            "u_height": 1
          },
          "sensitive_attributes": [],
          "private": "bnVsbA==",
          "dependencies": [
            "netbox_manufacturer.Intel"
          ]
        }
      ]
    },
    {
      "mode": "managed",
      "type": "netbox_location",
      "name": "falkenstein",
      "provider": "provider[\"registry.terraform.io/e-breuninger/netbox\"]",
      "instances": [
        {
          "index_key": 0,
          "schema_version": 0,
          "attributes": {
            "custom_fields": null,
            "description": "my description",
            "id": "66",
            "name": "falkenstein",
            "site_id": 120,
            "slug": "falkenstein",
            "tags": [],
            "tenant_id": 17
          },
          "sensitive_attributes": [],
          "private": "bnVsbA==",
          "dependencies": [
            "netbox_site.fsn1",
            "netbox_tenant.knowit"
          ]
        },
        {
          "index_key": 1,
          "schema_version": 0,
          "attributes": {
            "custom_fields": null,
            "description": "my description",
            "id": "62",
            "name": "falkenstein",
            "site_id": 118,
            "slug": "falkenstein",
            "tags": [],
            "tenant_id": 17
          },
          "sensitive_attributes": [],
          "private": "bnVsbA==",
          "dependencies": [
            "netbox_site.fsn1",
            "netbox_tenant.knowit"
          ]
        },
        {
          "index_key": 2,
          "schema_version": 0,
          "attributes": {
            "custom_fields": null,
            "description": "my description",
            "id": "65",
            "name": "falkenstein",
            "site_id": 116,
            "slug": "falkenstein",
            "tags": [],
            "tenant_id": 17
          },
          "sensitive_attributes": [],
          "private": "bnVsbA==",
          "dependencies": [
            "netbox_site.fsn1",
            "netbox_tenant.knowit"
          ]
        },
        {
          "index_key": 3,
          "schema_version": 0,
          "attributes": {
            "custom_fields": null,
            "description": "my description",
            "id": "61",
            "name": "falkenstein",
            "site_id": 121,
            "slug": "falkenstein",
            "tags": [],
            "tenant_id": 17
          },
          "sensitive_attributes": [],
          "private": "bnVsbA==",
          "dependencies": [
            "netbox_site.fsn1",
            "netbox_tenant.knowit"
          ]
        },
        {
          "index_key": 4,
          "schema_version": 0,
          "attributes": {
            "custom_fields": null,
            "description": "my description",
            "id": "63",
            "name": "falkenstein",
            "site_id": 117,
            "slug": "falkenstein",
            "tags": [],
            "tenant_id": 17
          },
          "sensitive_attributes": [],
          "private": "bnVsbA==",
          "dependencies": [
            "netbox_site.fsn1",
            "netbox_tenant.knowit"
          ]
        },
        {
          "index_key": 5,
          "schema_version": 0,
          "attributes": {
            "custom_fields": null,
            "description": "my description",
            "id": "64",
            "name": "falkenstein",
            "site_id": 119,
            "slug": "falkenstein",
            "tags": [],
            "tenant_id": 17
          },
          "sensitive_attributes": [],
          "private": "bnVsbA==",
          "dependencies": [
            "netbox_site.fsn1",
            "netbox_tenant.knowit"
          ]
        }
      ]
    },
    {
      "mode": "managed",
      "type": "netbox_manufacturer",
      "name": "Intel",
      "provider": "provider[\"registry.terraform.io/e-breuninger/netbox\"]",
      "instances": [
        {
          "schema_version": 0,
          "attributes": {
            "id": "37",
            "name": "Intel",
            "slug": "intel"
          },
          "sensitive_attributes": [],
          "private": "bnVsbA=="
        }
      ]
    },
    {
      "mode": "managed",
      "type": "netbox_manufacturer",
      "name": "Lenovo",
      "provider": "provider[\"registry.terraform.io/e-breuninger/netbox\"]",
      "instances": [
        {
          "schema_version": 0,
          "attributes": {
            "id": "39",
            "name": "lenovo",
            "slug": "lenovo"
          },
          "sensitive_attributes": [],
          "private": "bnVsbA=="
        }
      ]
    },
    {
      "mode": "managed",
      "type": "netbox_platform",
      "name": "PANOS",
      "provider": "provider[\"registry.terraform.io/e-breuninger/netbox\"]",
      "instances": [
        {
          "schema_version": 0,
          "attributes": {
            "id": "9",
            "name": "PANOS",
            "slug": "panos"
          },
          "sensitive_attributes": [],
          "private": "bnVsbA=="
        }
      ]
    },
    {
      "mode": "managed",
      "type": "netbox_rack",
      "name": "fcn1_rack1",
      "provider": "provider[\"registry.terraform.io/e-breuninger/netbox\"]",
      "instances": [
        {
          "index_key": 0,
          "schema_version": 0,
          "attributes": {
            "asset_tag": "",
            "comments": "",
            "custom_fields": null,
            "desc_units": false,
            "description": "",
            "facility_id": "",
            "id": "46",
            "location_id": 0,
            "max_weight": 0,
            "mounting_depth": 0,
            "name": "fcn1_dc01_rack1",
            "outer_depth": 0,
            "outer_unit": "",
            "outer_width": 0,
            "role_id": 0,
            "serial": "",
            "site_id": 120,
            "status": "reserved",
            "tags": [],
            "tenant_id": 0,
            "type": "",
            "u_height": 48,
            "weight": 0,
            "weight_unit": "",
            "width": 19
          },
          "sensitive_attributes": [],
          "private": "bnVsbA==",
          "dependencies": [
            "netbox_site.fsn1"
          ]
        },
        {
          "index_key": 1,
          "schema_version": 0,
          "attributes": {
            "asset_tag": "",
            "comments": "",
            "custom_fields": null,
            "desc_units": false,
            "description": "",
            "facility_id": "",
            "id": "45",
            "location_id": 0,
            "max_weight": 0,
            "mounting_depth": 0,
            "name": "fcn1_dc02_rack1",
            "outer_depth": 0,
            "outer_unit": "",
            "outer_width": 0,
            "role_id": 0,
            "serial": "",
            "site_id": 118,
            "status": "reserved",
            "tags": [],
            "tenant_id": 0,
            "type": "",
            "u_height": 48,
            "weight": 0,
            "weight_unit": "",
            "width": 19
          },
          "sensitive_attributes": [],
          "private": "bnVsbA==",
          "dependencies": [
            "netbox_site.fsn1"
          ]
        },
        {
          "index_key": 2,
          "schema_version": 0,
          "attributes": {
            "asset_tag": "",
            "comments": "",
            "custom_fields": null,
            "desc_units": false,
            "description": "",
            "facility_id": "",
            "id": "50",
            "location_id": 0,
            "max_weight": 0,
            "mounting_depth": 0,
            "name": "fcn1_dc03_rack1",
            "outer_depth": 0,
            "outer_unit": "",
            "outer_width": 0,
            "role_id": 0,
            "serial": "",
            "site_id": 116,
            "status": "reserved",
            "tags": [],
            "tenant_id": 0,
            "type": "",
            "u_height": 48,
            "weight": 0,
            "weight_unit": "",
            "width": 19
          },
          "sensitive_attributes": [],
          "private": "bnVsbA==",
          "dependencies": [
            "netbox_site.fsn1"
          ]
        },
        {
          "index_key": 3,
          "schema_version": 0,
          "attributes": {
            "asset_tag": "",
            "comments": "",
            "custom_fields": null,
            "desc_units": false,
            "description": "",
            "facility_id": "",
            "id": "48",
            "location_id": 0,
            "max_weight": 0,
            "mounting_depth": 0,
            "name": "fcn1_dc04_rack1",
            "outer_depth": 0,
            "outer_unit": "",
            "outer_width": 0,
            "role_id": 0,
            "serial": "",
            "site_id": 121,
            "status": "reserved",
            "tags": [],
            "tenant_id": 0,
            "type": "",
            "u_height": 48,
            "weight": 0,
            "weight_unit": "",
            "width": 19
          },
          "sensitive_attributes": [],
          "private": "bnVsbA==",
          "dependencies": [
            "netbox_site.fsn1"
          ]
        },
        {
          "index_key": 4,
          "schema_version": 0,
          "attributes": {
            "asset_tag": "",
            "comments": "",
            "custom_fields": null,
            "desc_units": false,
            "description": "",
            "facility_id": "",
            "id": "49",
            "location_id": 0,
            "max_weight": 0,
            "mounting_depth": 0,
            "name": "fcn1_dc05_rack1",
            "outer_depth": 0,
            "outer_unit": "",
            "outer_width": 0,
            "role_id": 0,
            "serial": "",
            "site_id": 117,
            "status": "reserved",
            "tags": [],
            "tenant_id": 0,
            "type": "",
            "u_height": 48,
            "weight": 0,
            "weight_unit": "",
            "width": 19
          },
          "sensitive_attributes": [],
          "private": "bnVsbA==",
          "dependencies": [
            "netbox_site.fsn1"
          ]
        },
        {
          "index_key": 5,
          "schema_version": 0,
          "attributes": {
            "asset_tag": "",
            "comments": "",
            "custom_fields": null,
            "desc_units": false,
            "description": "",
            "facility_id": "",
            "id": "47",
            "location_id": 0,
            "max_weight": 0,
            "mounting_depth": 0,
            "name": "fcn1_dc06_rack1",
            "outer_depth": 0,
            "outer_unit": "",
            "outer_width": 0,
            "role_id": 0,
            "serial": "",
            "site_id": 119,
            "status": "reserved",
            "tags": [],
            "tenant_id": 0,
            "type": "",
            "u_height": 48,
            "weight": 0,
            "weight_unit": "",
            "width": 19
          },
          "sensitive_attributes": [],
          "private": "bnVsbA==",
          "dependencies": [
            "netbox_site.fsn1"
          ]
        }
      ]
    },
    {
      "mode": "managed",
      "type": "netbox_rack_role",
      "name": "test",
      "provider": "provider[\"registry.terraform.io/e-breuninger/netbox\"]",
      "instances": [
        {
          "schema_version": 0,
          "attributes": {
            "color_hex": "111111",
            "description": "",
            "id": "10",
            "name": "test",
            "slug": "test",
            "tags": []
          },
          "sensitive_attributes": [],
          "private": "bnVsbA=="
        }
      ]
    },
    {
      "mode": "managed",
      "type": "netbox_region",
      "name": "germany",
      "provider": "provider[\"registry.terraform.io/e-breuninger/netbox\"]",
      "instances": [
        {
          "schema_version": 0,
          "attributes": {
            "description": "germany",
            "id": "27",
            "name": "germany",
            "parent_region_id": 0,
            "slug": "germany"
          },
          "sensitive_attributes": [],
          "private": "bnVsbA=="
        }
      ]
    },
    {
      "mode": "managed",
      "type": "netbox_site",
      "name": "bremen",
      "provider": "provider[\"registry.terraform.io/e-breuninger/netbox\"]",
      "instances": [
        {
          "schema_version": 0,
          "attributes": {
            "asn_ids": [],
            "custom_fields": null,
            "description": "",
            "facility": "Office",
            "group_id": 0,
            "id": "115",
            "latitude": 55.676,
            "longitude": 12.5649,
            "name": "bremen",
            "physical_address": "",
            "region_id": 0,
            "shipping_address": "",
            "slug": "bremen",
            "status": "active",
            "tags": [],
            "tenant_id": 0,
            "timezone": "Europe/Copenhagen"
          },
          "sensitive_attributes": [],
          "private": "bnVsbA=="
        }
      ]
    },
    {
      "mode": "managed",
      "type": "netbox_site",
      "name": "fsn1",
      "provider": "provider[\"registry.terraform.io/e-breuninger/netbox\"]",
      "instances": [
        {
          "index_key": 0,
          "schema_version": 0,
          "attributes": {
            "asn_ids": [],
            "custom_fields": null,
            "description": "",
            "facility": "Data center",
            "group_id": 0,
            "id": "120",
            "latitude": 50.4779,
            "longitude": 12.3714,
            "name": "fsn1-dc1",
            "physical_address": "",
            "region_id": 0,
            "shipping_address": "",
            "slug": "fsn1-dc1",
            "status": "staging",
            "tags": [],
            "tenant_id": 0,
            "timezone": "Europe/Berlin"
          },
          "sensitive_attributes": [],
          "private": "bnVsbA=="
        },
        {
          "index_key": 1,
          "schema_version": 0,
          "attributes": {
            "asn_ids": [],
            "custom_fields": null,
            "description": "",
            "facility": "Data center",
            "group_id": 0,
            "id": "118",
            "latitude": 50.4779,
            "longitude": 12.3714,
            "name": "fsn1-dc2",
            "physical_address": "",
            "region_id": 0,
            "shipping_address": "",
            "slug": "fsn1-dc2",
            "status": "staging",
            "tags": [],
            "tenant_id": 0,
            "timezone": "Europe/Berlin"
          },
          "sensitive_attributes": [],
          "private": "bnVsbA=="
        },
        {
          "index_key": 2,
          "schema_version": 0,
          "attributes": {
            "asn_ids": [],
            "custom_fields": null,
            "description": "",
            "facility": "Data center",
            "group_id": 0,
            "id": "116",
            "latitude": 50.4779,
            "longitude": 12.3714,
            "name": "fsn1-dc3",
            "physical_address": "",
            "region_id": 0,
            "shipping_address": "",
            "slug": "fsn1-dc3",
            "status": "staging",
            "tags": [],
            "tenant_id": 0,
            "timezone": "Europe/Berlin"
          },
          "sensitive_attributes": [],
          "private": "bnVsbA=="
        },
        {
          "index_key": 3,
          "schema_version": 0,
          "attributes": {
            "asn_ids": [],
            "custom_fields": null,
            "description": "",
            "facility": "Data center",
            "group_id": 0,
            "id": "121",
            "latitude": 50.4779,
            "longitude": 12.3714,
            "name": "fsn1-dc4",
            "physical_address": "",
            "region_id": 0,
            "shipping_address": "",
            "slug": "fsn1-dc4",
            "status": "staging",
            "tags": [],
            "tenant_id": 0,
            "timezone": "Europe/Berlin"
          },
          "sensitive_attributes": [],
          "private": "bnVsbA=="
        },
        {
          "index_key": 4,
          "schema_version": 0,
          "attributes": {
            "asn_ids": [],
            "custom_fields": null,
            "description": "",
            "facility": "Data center",
            "group_id": 0,
            "id": "117",
            "latitude": 50.4779,
            "longitude": 12.3714,
            "name": "fsn1-dc5",
            "physical_address": "",
            "region_id": 0,
            "shipping_address": "",
            "slug": "fsn1-dc5",
            "status": "staging",
            "tags": [],
            "tenant_id": 0,
            "timezone": "Europe/Berlin"
          },
          "sensitive_attributes": [],
          "private": "bnVsbA=="
        },
        {
          "index_key": 5,
          "schema_version": 0,
          "attributes": {
            "asn_ids": [],
            "custom_fields": null,
            "description": "",
            "facility": "Data center",
            "group_id": 0,
            "id": "119",
            "latitude": 50.4779,
            "longitude": 12.3714,
            "name": "fsn1-dc6",
            "physical_address": "",
            "region_id": 0,
            "shipping_address": "",
            "slug": "fsn1-dc6",
            "status": "staging",
            "tags": [],
            "tenant_id": 0,
            "timezone": "Europe/Berlin"
          },
          "sensitive_attributes": [],
          "private": "bnVsbA=="
        }
      ]
    },
    {
      "mode": "managed",
      "type": "netbox_site_group",
      "name": "child",
      "provider": "provider[\"registry.terraform.io/e-breuninger/netbox\"]",
      "instances": [
        {
          "schema_version": 0,
          "attributes": {
            "description": "sample description",
            "id": "88",
            "name": "child",
            "parent_id": 87,
            "slug": "child"
          },
          "sensitive_attributes": [],
          "private": "bnVsbA==",
          "dependencies": [
            "netbox_site_group.parent"
          ]
        }
      ]
    },
    {
      "mode": "managed",
      "type": "netbox_site_group",
      "name": "parent",
      "provider": "provider[\"registry.terraform.io/e-breuninger/netbox\"]",
      "instances": [
        {
          "schema_version": 0,
          "attributes": {
            "description": "sample description",
            "id": "87",
            "name": "parent",
            "parent_id": null,
            "slug": "parent"
          },
          "sensitive_attributes": [],
          "private": "bnVsbA=="
        }
      ]
    },
    {
      "mode": "managed",
      "type": "netbox_tag",
      "name": "openshiftmaster",
      "provider": "provider[\"registry.terraform.io/e-breuninger/netbox\"]",
      "instances": [
        {
          "schema_version": 0,
          "attributes": {
            "color_hex": "90ee90",
            "description": "",
            "id": "198",
            "name": "openshiftmaster",
            "slug": "openshiftmaster",
            "tags": null
          },
          "sensitive_attributes": [],
          "private": "bnVsbA=="
        }
      ]
    },
    {
      "mode": "managed",
      "type": "netbox_tag",
      "name": "os_debian",
      "provider": "provider[\"registry.terraform.io/e-breuninger/netbox\"]",
      "instances": [
        {
          "schema_version": 0,
          "attributes": {
            "color_hex": "b0e0e6",
            "description": "",
            "id": "207",
            "name": "os_debian",
            "slug": "os_debian",
            "tags": null
          },
          "sensitive_attributes": [],
          "private": "bnVsbA=="
        }
      ]
    },
    {
      "mode": "managed",
      "type": "netbox_tag",
      "name": "os_linux",
      "provider": "provider[\"registry.terraform.io/e-breuninger/netbox\"]",
      "instances": [
        {
          "schema_version": 0,
          "attributes": {
            "color_hex": "87cefa",
            "description": "",
            "id": "191",
            "name": "os_linux",
            "slug": "os_linux",
            "tags": null
          },
          "sensitive_attributes": [],
          "private": "bnVsbA=="
        }
      ]
    },
    {
      "mode": "managed",
      "type": "netbox_tag",
      "name": "os_redhat",
      "provider": "provider[\"registry.terraform.io/e-breuninger/netbox\"]",
      "instances": [
        {
          "schema_version": 0,
          "attributes": {
            "color_hex": "ff4500",
            "description": "",
            "id": "204",
            "name": "os_redhat",
            "slug": "os_redhat",
            "tags": null
          },
          "sensitive_attributes": [],
          "private": "bnVsbA=="
        }
      ]
    },
    {
      "mode": "managed",
      "type": "netbox_tag",
      "name": "os_ubuntu",
      "provider": "provider[\"registry.terraform.io/e-breuninger/netbox\"]",
      "instances": [
        {
          "schema_version": 0,
          "attributes": {
            "color_hex": "ffa500",
            "description": "",
            "id": "199",
            "name": "os_ubuntu",
            "slug": "os_ubuntu",
            "tags": null
          },
          "sensitive_attributes": [],
          "private": "bnVsbA=="
        }
      ]
    },
    {
      "mode": "managed",
      "type": "netbox_tag",
      "name": "os_win2022",
      "provider": "provider[\"registry.terraform.io/e-breuninger/netbox\"]",
      "instances": [
        {
          "schema_version": 0,
          "attributes": {
            "color_hex": "0000ff",
            "description": "",
            "id": "188",
            "name": "os_win2022",
            "slug": "os_win2022",
            "tags": null
          },
          "sensitive_attributes": [],
          "private": "bnVsbA=="
        }
      ]
    },
    {
      "mode": "managed",
      "type": "netbox_tag",
      "name": "os_windows",
      "provider": "provider[\"registry.terraform.io/e-breuninger/netbox\"]",
      "instances": [
        {
          "schema_version": 0,
          "attributes": {
            "color_hex": "90ee90",
            "description": "",
            "id": "202",
            "name": "os_windows",
            "slug": "os_windows",
            "tags": null
          },
          "sensitive_attributes": [],
          "private": "bnVsbA=="
        }
      ]
    },
    {
      "mode": "managed",
      "type": "netbox_tag",
      "name": "role_backup",
      "provider": "provider[\"registry.terraform.io/e-breuninger/netbox\"]",
      "instances": [
        {
          "schema_version": 0,
          "attributes": {
            "color_hex": "00ffff",
            "description": "",
            "id": "193",
            "name": "role_backup",
            "slug": "role_backup",
            "tags": null
          },
          "sensitive_attributes": [],
          "private": "bnVsbA=="
        }
      ]
    },
    {
      "mode": "managed",
      "type": "netbox_tag",
      "name": "role_kalm",
      "provider": "provider[\"registry.terraform.io/e-breuninger/netbox\"]",
      "instances": [
        {
          "schema_version": 0,
          "attributes": {
            "color_hex": "00ffff",
            "description": "",
            "id": "192",
            "name": "role_kalm",
            "slug": "role_kalm",
            "tags": null
          },
          "sensitive_attributes": [],
          "private": "bnVsbA=="
        }
      ]
    },
    {
      "mode": "managed",
      "type": "netbox_tag",
      "name": "role_wireguard",
      "provider": "provider[\"registry.terraform.io/e-breuninger/netbox\"]",
      "instances": [
        {
          "schema_version": 0,
          "attributes": {
            "color_hex": "0000ff",
            "description": "",
            "id": "197",
            "name": "role_wireguard",
            "slug": "role_wireguard",
            "tags": null
          },
          "sensitive_attributes": [],
          "private": "bnVsbA=="
        }
      ]
    },
    {
      "mode": "managed",
      "type": "netbox_tag",
      "name": "role_zabbix",
      "provider": "provider[\"registry.terraform.io/e-breuninger/netbox\"]",
      "instances": [
        {
          "schema_version": 0,
          "attributes": {
            "color_hex": "00ffff",
            "description": "",
            "id": "201",
            "name": "role_zabbix",
            "slug": "role_zabbix",
            "tags": null
          },
          "sensitive_attributes": [],
          "private": "bnVsbA=="
        }
      ]
    },
    {
      "mode": "managed",
      "type": "netbox_tag",
      "name": "service_nfsserver",
      "provider": "provider[\"registry.terraform.io/e-breuninger/netbox\"]",
      "instances": [
        {
          "schema_version": 0,
          "attributes": {
            "color_hex": "0000ff",
            "description": "",
            "id": "200",
            "name": "service_nfsserver",
            "slug": "service_nfsserver",
            "tags": null
          },
          "sensitive_attributes": [],
          "private": "bnVsbA=="
        }
      ]
    },
    {
      "mode": "managed",
      "type": "netbox_tag",
      "name": "service_openshiftmaster",
      "provider": "provider[\"registry.terraform.io/e-breuninger/netbox\"]",
      "instances": [
        {
          "schema_version": 0,
          "attributes": {
            "color_hex": "0000ff",
            "description": "",
            "id": "189",
            "name": "service_openshiftmaster",
            "slug": "service_openshiftmaster",
            "tags": null
          },
          "sensitive_attributes": [],
          "private": "bnVsbA=="
        }
      ]
    },
    {
      "mode": "managed",
      "type": "netbox_tag",
      "name": "service_openshiftworker",
      "provider": "provider[\"registry.terraform.io/e-breuninger/netbox\"]",
      "instances": [
        {
          "schema_version": 0,
          "attributes": {
            "color_hex": "0000ff",
            "description": "",
            "id": "195",
            "name": "service_openshiftworker",
            "slug": "service_openshiftworker",
            "tags": null
          },
          "sensitive_attributes": [],
          "private": "bnVsbA=="
        }
      ]
    },
    {
      "mode": "managed",
      "type": "netbox_tag",
      "name": "service_openstackovercloud",
      "provider": "provider[\"registry.terraform.io/e-breuninger/netbox\"]",
      "instances": [
        {
          "schema_version": 0,
          "attributes": {
            "color_hex": "0000ff",
            "description": "",
            "id": "208",
            "name": "service_openstackovercloud",
            "slug": "service_openstackovercloud",
            "tags": null
          },
          "sensitive_attributes": [],
          "private": "bnVsbA=="
        }
      ]
    },
    {
      "mode": "managed",
      "type": "netbox_tag",
      "name": "service_openstackundercloud",
      "provider": "provider[\"registry.terraform.io/e-breuninger/netbox\"]",
      "instances": [
        {
          "schema_version": 0,
          "attributes": {
            "color_hex": "0000ff",
            "description": "",
            "id": "190",
            "name": "service_openstackundercloud",
            "slug": "service_openstackundercloud",
            "tags": null
          },
          "sensitive_attributes": [],
          "private": "bnVsbA=="
        }
      ]
    },
    {
      "mode": "managed",
      "type": "netbox_tag",
      "name": "service_satellite",
      "provider": "provider[\"registry.terraform.io/e-breuninger/netbox\"]",
      "instances": [
        {
          "schema_version": 0,
          "attributes": {
            "color_hex": "0000ff",
            "description": "",
            "id": "205",
            "name": "service_satellite",
            "slug": "service_satellite",
            "tags": null
          },
          "sensitive_attributes": [],
          "private": "bnVsbA=="
        }
      ]
    },
    {
      "mode": "managed",
      "type": "netbox_tag",
      "name": "sla_prerproduction",
      "provider": "provider[\"registry.terraform.io/e-breuninger/netbox\"]",
      "instances": [
        {
          "schema_version": 0,
          "attributes": {
            "color_hex": "ffff00",
            "description": "",
            "id": "194",
            "name": "sla_prerproduction",
            "slug": "sla_prerproduction",
            "tags": null
          },
          "sensitive_attributes": [],
          "private": "bnVsbA=="
        }
      ]
    },
    {
      "mode": "managed",
      "type": "netbox_tag",
      "name": "sla_production",
      "provider": "provider[\"registry.terraform.io/e-breuninger/netbox\"]",
      "instances": [
        {
          "schema_version": 0,
          "attributes": {
            "color_hex": "ff0000",
            "description": "",
            "id": "203",
            "name": "sla_production",
            "slug": "sla_production",
            "tags": null
          },
          "sensitive_attributes": [],
          "private": "bnVsbA=="
        }
      ]
    },
    {
      "mode": "managed",
      "type": "netbox_tag",
      "name": "sla_qa",
      "provider": "provider[\"registry.terraform.io/e-breuninger/netbox\"]",
      "instances": [
        {
          "schema_version": 0,
          "attributes": {
            "color_hex": "0000ff",
            "description": "",
            "id": "206",
            "name": "sla_qa",
            "slug": "sla_qa",
            "tags": null
          },
          "sensitive_attributes": [],
          "private": "bnVsbA=="
        }
      ]
    },
    {
      "mode": "managed",
      "type": "netbox_tag",
      "name": "sla_test",
      "provider": "provider[\"registry.terraform.io/e-breuninger/netbox\"]",
      "instances": [
        {
          "schema_version": 0,
          "attributes": {
            "color_hex": "800080",
            "description": "",
            "id": "196",
            "name": "sla_test",
            "slug": "sla_test",
            "tags": null
          },
          "sensitive_attributes": [],
          "private": "bnVsbA=="
        }
      ]
    },
    {
      "mode": "managed",
      "type": "netbox_tag",
      "name": "workstation",
      "provider": "provider[\"registry.terraform.io/e-breuninger/netbox\"]",
      "instances": [
        {
          "schema_version": 0,
          "attributes": {
            "color_hex": "00ff00",
            "description": "",
            "id": "187",
            "name": "workstation",
            "slug": "workstation",
            "tags": null
          },
          "sensitive_attributes": [],
          "private": "bnVsbA=="
        }
      ]
    },
    {
      "mode": "managed",
      "type": "netbox_tenant",
      "name": "knowit",
      "provider": "provider[\"registry.terraform.io/e-breuninger/netbox\"]",
      "instances": [
        {
          "schema_version": 0,
          "attributes": {
            "description": "",
            "group_id": null,
            "id": "17",
            "name": "knowit A/S",
            "slug": "knowit-as",
            "tags": null
          },
          "sensitive_attributes": [],
          "private": "bnVsbA=="
        }
      ]
    },
    {
      "mode": "managed",
      "type": "netbox_virtual_machine",
      "name": "awx",
      "provider": "provider[\"registry.terraform.io/e-breuninger/netbox\"]",
      "instances": [
        {
          "index_key": 0,
          "schema_version": 1,
          "attributes": {
            "cluster_id": 68,
            "comments": "",
            "custom_fields": null,
            "description": "",
            "device_id": 0,
            "disk_size_gb": 50,
            "id": "972",
            "local_context_data": "{\"os\":{\"activation_key\":\"Faceted-Oil-Scion6\",\"operating_system\":\"rhel-9.2\",\"rhel_org\":\"6207854A\"},\"wireguard\":{\"network\":\"wgdemo\",\"public_key\":\"\",\"role\":\"client\"}}",
            "memory_mb": 4096,
            "name": "awx01",
            "platform_id": 0,
            "primary_ipv4": 0,
            "primary_ipv6": 0,
            "role_id": 63,
            "site_id": 0,
            "status": "active",
            "tags": [
              "os_redhat",
              "role_backup"
            ],
            "tenant_id": 17,
            "vcpus": 8
          },
          "sensitive_attributes": [],
          "private": "eyJzY2hlbWFfdmVyc2lvbiI6IjEifQ==",
          "dependencies": [
            "netbox_cluster.openstack",
            "netbox_cluster_group.openstack",
            "netbox_cluster_type.kvm",
            "netbox_device_role.server",
            "netbox_tenant.knowit"
          ]
        },
        {
          "index_key": 1,
          "schema_version": 1,
          "attributes": {
            "cluster_id": 68,
            "comments": "",
            "custom_fields": null,
            "description": "",
            "device_id": 0,
            "disk_size_gb": 50,
            "id": "973",
            "local_context_data": "{\"os\":{\"activation_key\":\"Faceted-Oil-Scion6\",\"operating_system\":\"rhel-9.2\",\"rhel_org\":\"6207854A\"},\"wireguard\":{\"network\":\"wgdemo\",\"public_key\":\"\",\"role\":\"client\"}}",
            "memory_mb": 4096,
            "name": "awx02",
            "platform_id": 0,
            "primary_ipv4": 0,
            "primary_ipv6": 0,
            "role_id": 63,
            "site_id": 0,
            "status": "active",
            "tags": [
              "os_redhat",
              "role_backup"
            ],
            "tenant_id": 17,
            "vcpus": 8
          },
          "sensitive_attributes": [],
          "private": "eyJzY2hlbWFfdmVyc2lvbiI6IjEifQ==",
          "dependencies": [
            "netbox_cluster.openstack",
            "netbox_cluster_group.openstack",
            "netbox_cluster_type.kvm",
            "netbox_device_role.server",
            "netbox_tenant.knowit"
          ]
        },
        {
          "index_key": 2,
          "schema_version": 1,
          "attributes": {
            "cluster_id": 68,
            "comments": "",
            "custom_fields": null,
            "description": "",
            "device_id": 0,
            "disk_size_gb": 50,
            "id": "971",
            "local_context_data": "{\"os\":{\"activation_key\":\"Faceted-Oil-Scion6\",\"operating_system\":\"rhel-9.2\",\"rhel_org\":\"6207854A\"},\"wireguard\":{\"network\":\"wgdemo\",\"public_key\":\"\",\"role\":\"client\"}}",
            "memory_mb": 4096,
            "name": "awx03",
            "platform_id": 0,
            "primary_ipv4": 0,
            "primary_ipv6": 0,
            "role_id": 63,
            "site_id": 0,
            "status": "active",
            "tags": [
              "os_redhat",
              "role_backup"
            ],
            "tenant_id": 17,
            "vcpus": 8
          },
          "sensitive_attributes": [],
          "private": "eyJzY2hlbWFfdmVyc2lvbiI6IjEifQ==",
          "dependencies": [
            "netbox_cluster.openstack",
            "netbox_cluster_group.openstack",
            "netbox_cluster_type.kvm",
            "netbox_device_role.server",
            "netbox_tenant.knowit"
          ]
        }
      ]
    },
    {
      "mode": "managed",
      "type": "netbox_virtual_machine",
      "name": "bremenawx",
      "provider": "provider[\"registry.terraform.io/e-breuninger/netbox\"]",
      "instances": [
        {
          "index_key": 0,
          "schema_version": 1,
          "attributes": {
            "cluster_id": 66,
            "comments": "",
            "custom_fields": null,
            "description": "",
            "device_id": 0,
            "disk_size_gb": 100,
            "id": "905",
            "local_context_data": "{\"activation_key\":\"Faceted-Oil-Scion6\",\"operating_system\":\"rhel-9.2\",\"rhel_org\":6207854}",
            "memory_mb": 8192,
            "name": "bremenawx01",
            "platform_id": 0,
            "primary_ipv4": 0,
            "primary_ipv6": 0,
            "role_id": 63,
            "site_id": 0,
            "status": "active",
            "tags": [
              "os_redhat",
              "role_awx",
              "role_backup",
              "role_zabbix"
            ],
            "tenant_id": 17,
            "vcpus": 2
          },
          "sensitive_attributes": [],
          "private": "eyJzY2hlbWFfdmVyc2lvbiI6IjEifQ==",
          "dependencies": [
            "netbox_cluster.dashrf",
            "netbox_cluster_group.openstack",
            "netbox_cluster_type.kvm",
            "netbox_device_role.server",
            "netbox_tenant.knowit"
          ]
        }
      ]
    },
    {
      "mode": "managed",
      "type": "netbox_virtual_machine",
      "name": "bremensat",
      "provider": "provider[\"registry.terraform.io/e-breuninger/netbox\"]",
      "instances": [
        {
          "index_key": 0,
          "schema_version": 1,
          "attributes": {
            "cluster_id": 66,
            "comments": "",
            "custom_fields": null,
            "description": "",
            "device_id": 0,
            "disk_size_gb": 100,
            "id": "903",
            "local_context_data": "{\"activation_key\":\"Faceted-Oil-Scion6\",\"operating_system\":\"rhel-9.2\",\"rhel_org\":6207854}",
            "memory_mb": 8192,
            "name": "bremensat01",
            "platform_id": 0,
            "primary_ipv4": 0,
            "primary_ipv6": 0,
            "role_id": 63,
            "site_id": 0,
            "status": "active",
            "tags": [
              "os_redhat",
              "role_awx",
              "role_backup",
              "role_zabbix"
            ],
            "tenant_id": 17,
            "vcpus": 2
          },
          "sensitive_attributes": [],
          "private": "eyJzY2hlbWFfdmVyc2lvbiI6IjEifQ==",
          "dependencies": [
            "netbox_cluster.dashrf",
            "netbox_cluster_group.openstack",
            "netbox_cluster_type.kvm",
            "netbox_device_role.server",
            "netbox_tenant.knowit"
          ]
        }
      ]
    },
    {
      "mode": "managed",
      "type": "netbox_virtual_machine",
      "name": "cv01",
      "provider": "provider[\"registry.terraform.io/e-breuninger/netbox\"]",
      "instances": [
        {
          "schema_version": 1,
          "attributes": {
            "cluster_id": 70,
            "comments": "",
            "custom_fields": null,
            "description": "",
            "device_id": 0,
            "disk_size_gb": 40,
            "id": "924",
            "local_context_data": "{\"os\":{\"activation_key\":\"Faceted-Oil-Scion6\",\"operating_system\":\"rhel-9.2\",\"rhel_org\":\"6207854A\"},\"wireguard\":{\"network\":\"wgdemo\",\"public_key\":\"\",\"role\":\"client\"}}",
            "memory_mb": 8192,
            "name": "cv01",
            "platform_id": 0,
            "primary_ipv4": 0,
            "primary_ipv6": 0,
            "role_id": 63,
            "site_id": 0,
            "status": "active",
            "tags": [
              "os_redhat",
              "role_backup"
            ],
            "tenant_id": 17,
            "vcpus": 8
          },
          "sensitive_attributes": [],
          "private": "eyJzY2hlbWFfdmVyc2lvbiI6IjEifQ==",
          "dependencies": [
            "netbox_cluster.openstack",
            "netbox_cluster_group.openstack",
            "netbox_cluster_type.kvm",
            "netbox_device_role.server",
            "netbox_tenant.knowit"
          ]
        }
      ]
    },
    {
      "mode": "managed",
      "type": "netbox_virtual_machine",
      "name": "dashapp",
      "provider": "provider[\"registry.terraform.io/e-breuninger/netbox\"]",
      "instances": [
        {
          "index_key": 0,
          "schema_version": 1,
          "attributes": {
            "cluster_id": 68,
            "comments": "",
            "custom_fields": null,
            "description": "",
            "device_id": 0,
            "disk_size_gb": 50,
            "id": "952",
            "local_context_data": "{\"os\":{\"activation_key\":\"Faceted-Oil-Scion6\",\"operating_system\":\"rhel-9.2\",\"rhel_org\":\"6207854A\"},\"wireguard\":{\"network\":\"wgdemo\",\"public_key\":\"\",\"role\":\"client\"}}",
            "memory_mb": 3500,
            "name": "dashapp01",
            "platform_id": 0,
            "primary_ipv4": 0,
            "primary_ipv6": 0,
            "role_id": 63,
            "site_id": 0,
            "status": "active",
            "tags": [
              "os_redhat",
              "role_backup"
            ],
            "tenant_id": 17,
            "vcpus": 1
          },
          "sensitive_attributes": [],
          "private": "eyJzY2hlbWFfdmVyc2lvbiI6IjEifQ==",
          "dependencies": [
            "netbox_cluster.openstack",
            "netbox_cluster_group.openstack",
            "netbox_cluster_type.kvm",
            "netbox_device_role.server",
            "netbox_tenant.knowit"
          ]
        }
      ]
    },
    {
      "mode": "managed",
      "type": "netbox_virtual_machine",
      "name": "dashdb",
      "provider": "provider[\"registry.terraform.io/e-breuninger/netbox\"]",
      "instances": [
        {
          "index_key": 0,
          "schema_version": 1,
          "attributes": {
            "cluster_id": 68,
            "comments": "",
            "custom_fields": null,
            "description": "",
            "device_id": 0,
            "disk_size_gb": 200,
            "id": "930",
            "local_context_data": "{\"os\":{\"activation_key\":\"Faceted-Oil-Scion6\",\"operating_system\":\"rhel-9.2\",\"rhel_org\":\"6207854A\"},\"wireguard\":{\"network\":\"wgdemo\",\"public_key\":\"\",\"role\":\"client\"}}",
            "memory_mb": 3500,
            "name": "dashdb01",
            "platform_id": 0,
            "primary_ipv4": 0,
            "primary_ipv6": 0,
            "role_id": 63,
            "site_id": 0,
            "status": "active",
            "tags": [
              "os_redhat",
              "role_backup"
            ],
            "tenant_id": 17,
            "vcpus": 1
          },
          "sensitive_attributes": [],
          "private": "eyJzY2hlbWFfdmVyc2lvbiI6IjEifQ==",
          "dependencies": [
            "netbox_cluster.openstack",
            "netbox_cluster_group.openstack",
            "netbox_cluster_type.kvm",
            "netbox_device_role.server",
            "netbox_tenant.knowit"
          ]
        }
      ]
    },
    {
      "mode": "managed",
      "type": "netbox_virtual_machine",
      "name": "dasweb",
      "provider": "provider[\"registry.terraform.io/e-breuninger/netbox\"]",
      "instances": [
        {
          "index_key": 0,
          "schema_version": 1,
          "attributes": {
            "cluster_id": 68,
            "comments": "",
            "custom_fields": null,
            "description": "",
            "device_id": 0,
            "disk_size_gb": 50,
            "id": "945",
            "local_context_data": "{\"os\":{\"activation_key\":\"Faceted-Oil-Scion6\",\"operating_system\":\"rhel-9.2\",\"rhel_org\":\"6207854A\"},\"wireguard\":{\"network\":\"wgdemo\",\"public_key\":\"\",\"role\":\"client\"}}",
            "memory_mb": 3500,
            "name": "dashweb01",
            "platform_id": 0,
            "primary_ipv4": 0,
            "primary_ipv6": 0,
            "role_id": 63,
            "site_id": 0,
            "status": "active",
            "tags": [
              "os_redhat",
              "role_backup"
            ],
            "tenant_id": 17,
            "vcpus": 1
          },
          "sensitive_attributes": [],
          "private": "eyJzY2hlbWFfdmVyc2lvbiI6IjEifQ==",
          "dependencies": [
            "netbox_cluster.openstack",
            "netbox_cluster_group.openstack",
            "netbox_cluster_type.kvm",
            "netbox_device_role.server",
            "netbox_tenant.knowit"
          ]
        },
        {
          "index_key": 1,
          "schema_version": 1,
          "attributes": {
            "cluster_id": 68,
            "comments": "",
            "custom_fields": null,
            "description": "",
            "device_id": 0,
            "disk_size_gb": 50,
            "id": "940",
            "local_context_data": "{\"os\":{\"activation_key\":\"Faceted-Oil-Scion6\",\"operating_system\":\"rhel-9.2\",\"rhel_org\":\"6207854A\"},\"wireguard\":{\"network\":\"wgdemo\",\"public_key\":\"\",\"role\":\"client\"}}",
            "memory_mb": 3500,
            "name": "dashweb02",
            "platform_id": 0,
            "primary_ipv4": 0,
            "primary_ipv6": 0,
            "role_id": 63,
            "site_id": 0,
            "status": "active",
            "tags": [
              "os_redhat",
              "role_backup"
            ],
            "tenant_id": 17,
            "vcpus": 1
          },
          "sensitive_attributes": [],
          "private": "eyJzY2hlbWFfdmVyc2lvbiI6IjEifQ==",
          "dependencies": [
            "netbox_cluster.openstack",
            "netbox_cluster_group.openstack",
            "netbox_cluster_type.kvm",
            "netbox_device_role.server",
            "netbox_tenant.knowit"
          ]
        },
        {
          "index_key": 2,
          "schema_version": 1,
          "attributes": {
            "cluster_id": 68,
            "comments": "",
            "custom_fields": null,
            "description": "",
            "device_id": 0,
            "disk_size_gb": 50,
            "id": "944",
            "local_context_data": "{\"os\":{\"activation_key\":\"Faceted-Oil-Scion6\",\"operating_system\":\"rhel-9.2\",\"rhel_org\":\"6207854A\"},\"wireguard\":{\"network\":\"wgdemo\",\"public_key\":\"\",\"role\":\"client\"}}",
            "memory_mb": 3500,
            "name": "dashweb03",
            "platform_id": 0,
            "primary_ipv4": 0,
            "primary_ipv6": 0,
            "role_id": 63,
            "site_id": 0,
            "status": "active",
            "tags": [
              "os_redhat",
              "role_backup"
            ],
            "tenant_id": 17,
            "vcpus": 1
          },
          "sensitive_attributes": [],
          "private": "eyJzY2hlbWFfdmVyc2lvbiI6IjEifQ==",
          "dependencies": [
            "netbox_cluster.openstack",
            "netbox_cluster_group.openstack",
            "netbox_cluster_type.kvm",
            "netbox_device_role.server",
            "netbox_tenant.knowit"
          ]
        }
      ]
    },
    {
      "mode": "managed",
      "type": "netbox_virtual_machine",
      "name": "databroker",
      "provider": "provider[\"registry.terraform.io/e-breuninger/netbox\"]",
      "instances": [
        {
          "index_key": 0,
          "schema_version": 1,
          "attributes": {
            "cluster_id": 69,
            "comments": "",
            "custom_fields": null,
            "description": "",
            "device_id": 0,
            "disk_size_gb": 100,
            "id": "933",
            "local_context_data": "{\"os\":{\"activation_key\":\"Faceted-Oil-Scion6\",\"operating_system\":\"rhel-9.2\",\"rhel_org\":\"6207854A\"},\"wireguard\":{\"network\":\"wgdemo\",\"public_key\":\"\",\"role\":\"client\"}}",
            "memory_mb": 8192,
            "name": "databroker01",
            "platform_id": 0,
            "primary_ipv4": 0,
            "primary_ipv6": 0,
            "role_id": 63,
            "site_id": 0,
            "status": "active",
            "tags": [
              "os_redhat",
              "role_backup"
            ],
            "tenant_id": 17,
            "vcpus": 2
          },
          "sensitive_attributes": [],
          "private": "eyJzY2hlbWFfdmVyc2lvbiI6IjEifQ==",
          "dependencies": [
            "netbox_cluster.openstack",
            "netbox_cluster_group.openstack",
            "netbox_cluster_type.kvm",
            "netbox_device_role.server",
            "netbox_tenant.knowit"
          ]
        }
      ]
    },
    {
      "mode": "managed",
      "type": "netbox_virtual_machine",
      "name": "datawarehouse",
      "provider": "provider[\"registry.terraform.io/e-breuninger/netbox\"]",
      "instances": [
        {
          "index_key": 0,
          "schema_version": 1,
          "attributes": {
            "cluster_id": 69,
            "comments": "",
            "custom_fields": null,
            "description": "",
            "device_id": 0,
            "disk_size_gb": 100,
            "id": "931",
            "local_context_data": "{\"os\":{\"activation_key\":\"Faceted-Oil-Scion6\",\"operating_system\":\"rhel-9.2\",\"rhel_org\":\"6207854A\"},\"wireguard\":{\"network\":\"wgdemo\",\"public_key\":\"\",\"role\":\"client\"}}",
            "memory_mb": 8192,
            "name": "datawarehouse01",
            "platform_id": 0,
            "primary_ipv4": 0,
            "primary_ipv6": 0,
            "role_id": 63,
            "site_id": 0,
            "status": "active",
            "tags": [
              "os_redhat",
              "role_backup"
            ],
            "tenant_id": 17,
            "vcpus": 8
          },
          "sensitive_attributes": [],
          "private": "eyJzY2hlbWFfdmVyc2lvbiI6IjEifQ==",
          "dependencies": [
            "netbox_cluster.openstack",
            "netbox_cluster_group.openstack",
            "netbox_cluster_type.kvm",
            "netbox_device_role.server",
            "netbox_tenant.knowit"
          ]
        }
      ]
    },
    {
      "mode": "managed",
      "type": "netbox_virtual_machine",
      "name": "demoautdb001",
      "provider": "provider[\"registry.terraform.io/e-breuninger/netbox\"]",
      "instances": [
        {
          "schema_version": 1,
          "attributes": {
            "cluster_id": 70,
            "comments": "",
            "custom_fields": null,
            "description": "",
            "device_id": 0,
            "disk_size_gb": 100,
            "id": "923",
            "local_context_data": "{\"os\":{\"activation_key\":\"Faceted-Oil-Scion6\",\"operating_system\":\"rhel-9.2\",\"rhel_org\":\"6207854A\"},\"wireguard\":{\"network\":\"wgdemo\",\"public_key\":\"\",\"role\":\"client\"}}",
            "memory_mb": 8192,
            "name": "demoautodb001",
            "platform_id": 0,
            "primary_ipv4": 0,
            "primary_ipv6": 0,
            "role_id": 63,
            "site_id": 0,
            "status": "active",
            "tags": [
              "os_redhat",
              "role_backup"
            ],
            "tenant_id": 17,
            "vcpus": 8
          },
          "sensitive_attributes": [],
          "private": "eyJzY2hlbWFfdmVyc2lvbiI6IjEifQ==",
          "dependencies": [
            "netbox_cluster.openstack",
            "netbox_cluster_group.openstack",
            "netbox_cluster_type.kvm",
            "netbox_device_role.server",
            "netbox_tenant.knowit"
          ]
        }
      ]
    },
    {
      "mode": "managed",
      "type": "netbox_virtual_machine",
      "name": "demoautocat001",
      "provider": "provider[\"registry.terraform.io/e-breuninger/netbox\"]",
      "instances": [
        {
          "schema_version": 1,
          "attributes": {
            "cluster_id": 70,
            "comments": "",
            "custom_fields": null,
            "description": "",
            "device_id": 0,
            "disk_size_gb": 40,
            "id": "909",
            "local_context_data": "{\"os\":{\"activation_key\":\"Faceted-Oil-Scion6\",\"operating_system\":\"rhel-9.2\",\"rhel_org\":\"6207854A\"},\"wireguard\":{\"network\":\"wgdemo\",\"public_key\":\"\",\"role\":\"client\"}}",
            "memory_mb": 8192,
            "name": "demoautocat001",
            "platform_id": 0,
            "primary_ipv4": 0,
            "primary_ipv6": 0,
            "role_id": 63,
            "site_id": 0,
            "status": "active",
            "tags": [
              "os_redhat",
              "role_backup"
            ],
            "tenant_id": 17,
            "vcpus": 8
          },
          "sensitive_attributes": [],
          "private": "eyJzY2hlbWFfdmVyc2lvbiI6IjEifQ==",
          "dependencies": [
            "netbox_cluster.openstack",
            "netbox_cluster_group.openstack",
            "netbox_cluster_type.kvm",
            "netbox_device_role.server",
            "netbox_tenant.knowit"
          ]
        }
      ]
    },
    {
      "mode": "managed",
      "type": "netbox_virtual_machine",
      "name": "demoautoctl001",
      "provider": "provider[\"registry.terraform.io/e-breuninger/netbox\"]",
      "instances": [
        {
          "schema_version": 1,
          "attributes": {
            "cluster_id": 70,
            "comments": "",
            "custom_fields": null,
            "description": "",
            "device_id": 0,
            "disk_size_gb": 40,
            "id": "917",
            "local_context_data": "{\"os\":{\"activation_key\":\"Faceted-Oil-Scion6\",\"operating_system\":\"rhel-9.2\",\"rhel_org\":\"6207854A\"},\"wireguard\":{\"network\":\"wgdemo\",\"public_key\":\"\",\"role\":\"client\"}}",
            "memory_mb": 8192,
            "name": "demoautoctl001",
            "platform_id": 0,
            "primary_ipv4": 0,
            "primary_ipv6": 0,
            "role_id": 63,
            "site_id": 0,
            "status": "active",
            "tags": [
              "os_redhat",
              "role_backup"
            ],
            "tenant_id": 17,
            "vcpus": 8
          },
          "sensitive_attributes": [],
          "private": "eyJzY2hlbWFfdmVyc2lvbiI6IjEifQ==",
          "dependencies": [
            "netbox_cluster.openstack",
            "netbox_cluster_group.openstack",
            "netbox_cluster_type.kvm",
            "netbox_device_role.server",
            "netbox_tenant.knowit"
          ]
        }
      ]
    },
    {
      "mode": "managed",
      "type": "netbox_virtual_machine",
      "name": "demoautoedactl001",
      "provider": "provider[\"registry.terraform.io/e-breuninger/netbox\"]",
      "instances": [
        {
          "schema_version": 1,
          "attributes": {
            "cluster_id": 70,
            "comments": "",
            "custom_fields": null,
            "description": "",
            "device_id": 0,
            "disk_size_gb": 40,
            "id": "902",
            "local_context_data": "{\"os\":{\"activation_key\":\"Faceted-Oil-Scion6\",\"operating_system\":\"rhel-9.2\",\"rhel_org\":\"6207854A\"},\"wireguard\":{\"network\":\"wgdemo\",\"public_key\":\"\",\"role\":\"client\"}}",
            "memory_mb": 8192,
            "name": "demoautoedactl001",
            "platform_id": 0,
            "primary_ipv4": 0,
            "primary_ipv6": 0,
            "role_id": 63,
            "site_id": 0,
            "status": "active",
            "tags": [
              "os_redhat",
              "role_backup"
            ],
            "tenant_id": 17,
            "vcpus": 8
          },
          "sensitive_attributes": [],
          "private": "eyJzY2hlbWFfdmVyc2lvbiI6IjEifQ==",
          "dependencies": [
            "netbox_cluster.openstack",
            "netbox_cluster_group.openstack",
            "netbox_cluster_type.kvm",
            "netbox_device_role.server",
            "netbox_tenant.knowit"
          ]
        }
      ]
    },
    {
      "mode": "managed",
      "type": "netbox_virtual_machine",
      "name": "demoautoexec001",
      "provider": "provider[\"registry.terraform.io/e-breuninger/netbox\"]",
      "instances": [
        {
          "schema_version": 1,
          "attributes": {
            "cluster_id": 70,
            "comments": "",
            "custom_fields": null,
            "description": "",
            "device_id": 0,
            "disk_size_gb": 40,
            "id": "926",
            "local_context_data": "{\"os\":{\"activation_key\":\"Faceted-Oil-Scion6\",\"operating_system\":\"rhel-9.2\",\"rhel_org\":\"6207854A\"},\"wireguard\":{\"network\":\"wgdemo\",\"public_key\":\"\",\"role\":\"client\"}}",
            "memory_mb": 8192,
            "name": "demoautoexec001",
            "platform_id": 0,
            "primary_ipv4": 0,
            "primary_ipv6": 0,
            "role_id": 63,
            "site_id": 0,
            "status": "active",
            "tags": [
              "os_redhat",
              "role_backup"
            ],
            "tenant_id": 17,
            "vcpus": 8
          },
          "sensitive_attributes": [],
          "private": "eyJzY2hlbWFfdmVyc2lvbiI6IjEifQ==",
          "dependencies": [
            "netbox_cluster.openstack",
            "netbox_cluster_group.openstack",
            "netbox_cluster_type.kvm",
            "netbox_device_role.server",
            "netbox_tenant.knowit"
          ]
        }
      ]
    },
    {
      "mode": "managed",
      "type": "netbox_virtual_machine",
      "name": "demoautoexec002",
      "provider": "provider[\"registry.terraform.io/e-breuninger/netbox\"]",
      "instances": [
        {
          "schema_version": 1,
          "attributes": {
            "cluster_id": 70,
            "comments": "",
            "custom_fields": null,
            "description": "",
            "device_id": 0,
            "disk_size_gb": 40,
            "id": "919",
            "local_context_data": "{\"os\":{\"activation_key\":\"Faceted-Oil-Scion6\",\"operating_system\":\"rhel-9.2\",\"rhel_org\":\"6207854A\"},\"wireguard\":{\"network\":\"wgdemo\",\"public_key\":\"\",\"role\":\"client\"}}",
            "memory_mb": 8192,
            "name": "demoautoexec002",
            "platform_id": 0,
            "primary_ipv4": 0,
            "primary_ipv6": 0,
            "role_id": 63,
            "site_id": 0,
            "status": "active",
            "tags": [
              "os_redhat",
              "role_backup"
            ],
            "tenant_id": 17,
            "vcpus": 8
          },
          "sensitive_attributes": [],
          "private": "eyJzY2hlbWFfdmVyc2lvbiI6IjEifQ==",
          "dependencies": [
            "netbox_cluster.openstack",
            "netbox_cluster_group.openstack",
            "netbox_cluster_type.kvm",
            "netbox_device_role.server",
            "netbox_tenant.knowit"
          ]
        }
      ]
    },
    {
      "mode": "managed",
      "type": "netbox_virtual_machine",
      "name": "demoautoexec003",
      "provider": "provider[\"registry.terraform.io/e-breuninger/netbox\"]",
      "instances": [
        {
          "schema_version": 1,
          "attributes": {
            "cluster_id": 70,
            "comments": "",
            "custom_fields": null,
            "description": "",
            "device_id": 0,
            "disk_size_gb": 40,
            "id": "937",
            "local_context_data": "{\"os\":{\"activation_key\":\"Faceted-Oil-Scion6\",\"operating_system\":\"rhel-9.2\",\"rhel_org\":\"6207854A\"},\"wireguard\":{\"network\":\"wgdemo\",\"public_key\":\"\",\"role\":\"client\"}}",
            "memory_mb": 8192,
            "name": "demoautoexec003",
            "platform_id": 0,
            "primary_ipv4": 0,
            "primary_ipv6": 0,
            "role_id": 63,
            "site_id": 0,
            "status": "active",
            "tags": [
              "os_redhat",
              "role_backup"
            ],
            "tenant_id": 17,
            "vcpus": 8
          },
          "sensitive_attributes": [],
          "private": "eyJzY2hlbWFfdmVyc2lvbiI6IjEifQ==",
          "dependencies": [
            "netbox_cluster.openstack",
            "netbox_cluster_group.openstack",
            "netbox_cluster_type.kvm",
            "netbox_device_role.server",
            "netbox_tenant.knowit"
          ]
        }
      ]
    },
    {
      "mode": "managed",
      "type": "netbox_virtual_machine",
      "name": "demoautohub001",
      "provider": "provider[\"registry.terraform.io/e-breuninger/netbox\"]",
      "instances": [
        {
          "schema_version": 1,
          "attributes": {
            "cluster_id": 70,
            "comments": "",
            "custom_fields": null,
            "description": "",
            "device_id": 0,
            "disk_size_gb": 40,
            "id": "932",
            "local_context_data": "{\"os\":{\"activation_key\":\"Faceted-Oil-Scion6\",\"operating_system\":\"rhel-9.2\",\"rhel_org\":\"6207854A\"},\"wireguard\":{\"network\":\"wgdemo\",\"public_key\":\"\",\"role\":\"client\"}}",
            "memory_mb": 8192,
            "name": "demoautohub001",
            "platform_id": 0,
            "primary_ipv4": 0,
            "primary_ipv6": 0,
            "role_id": 63,
            "site_id": 0,
            "status": "active",
            "tags": [
              "os_redhat",
              "role_backup"
            ],
            "tenant_id": 17,
            "vcpus": 8
          },
          "sensitive_attributes": [],
          "private": "eyJzY2hlbWFfdmVyc2lvbiI6IjEifQ==",
          "dependencies": [
            "netbox_cluster.openstack",
            "netbox_cluster_group.openstack",
            "netbox_cluster_type.kvm",
            "netbox_device_role.server",
            "netbox_tenant.knowit"
          ]
        }
      ]
    },
    {
      "mode": "managed",
      "type": "netbox_virtual_machine",
      "name": "demoautosso001",
      "provider": "provider[\"registry.terraform.io/e-breuninger/netbox\"]",
      "instances": [
        {
          "schema_version": 1,
          "attributes": {
            "cluster_id": 70,
            "comments": "",
            "custom_fields": null,
            "description": "",
            "device_id": 0,
            "disk_size_gb": 40,
            "id": "920",
            "local_context_data": "{\"os\":{\"activation_key\":\"Faceted-Oil-Scion6\",\"operating_system\":\"rhel-8.8\",\"rhel_org\":\"6207854A\"},\"wireguard\":{\"network\":\"wgdemo\",\"public_key\":\"\",\"role\":\"client\"}}",
            "memory_mb": 8192,
            "name": "demoautosso001",
            "platform_id": 0,
            "primary_ipv4": 0,
            "primary_ipv6": 0,
            "role_id": 63,
            "site_id": 0,
            "status": "active",
            "tags": [
              "os_redhat",
              "role_backup"
            ],
            "tenant_id": 17,
            "vcpus": 8
          },
          "sensitive_attributes": [],
          "private": "eyJzY2hlbWFfdmVyc2lvbiI6IjEifQ==",
          "dependencies": [
            "netbox_cluster.openstack",
            "netbox_cluster_group.openstack",
            "netbox_cluster_type.kvm",
            "netbox_device_role.server",
            "netbox_tenant.knowit"
          ]
        }
      ]
    },
    {
      "mode": "managed",
      "type": "netbox_virtual_machine",
      "name": "demoawx001",
      "provider": "provider[\"registry.terraform.io/e-breuninger/netbox\"]",
      "instances": [
        {
          "schema_version": 1,
          "attributes": {
            "cluster_id": 70,
            "comments": "",
            "custom_fields": null,
            "description": "",
            "device_id": 0,
            "disk_size_gb": 100,
            "id": "927",
            "local_context_data": "{\"os\":{\"activation_key\":\"Faceted-Oil-Scion6\",\"operating_system\":\"rhel-9.2\",\"rhel_org\":\"6207854A\"},\"wireguard\":{\"network\":\"wgdemo\",\"public_key\":\"\",\"role\":\"client\"}}",
            "memory_mb": 8192,
            "name": "demoawx001",
            "platform_id": 0,
            "primary_ipv4": 0,
            "primary_ipv6": 0,
            "role_id": 63,
            "site_id": 0,
            "status": "active",
            "tags": [
              "os_redhat",
              "role_backup"
            ],
            "tenant_id": 17,
            "vcpus": 8
          },
          "sensitive_attributes": [],
          "private": "eyJzY2hlbWFfdmVyc2lvbiI6IjEifQ==",
          "dependencies": [
            "netbox_cluster.openstack",
            "netbox_cluster_group.openstack",
            "netbox_cluster_type.kvm",
            "netbox_device_role.server",
            "netbox_tenant.knowit"
          ]
        }
      ]
    },
    {
      "mode": "managed",
      "type": "netbox_virtual_machine",
      "name": "demoisilon",
      "provider": "provider[\"registry.terraform.io/e-breuninger/netbox\"]",
      "instances": [
        {
          "schema_version": 1,
          "attributes": {
            "cluster_id": 70,
            "comments": "",
            "custom_fields": null,
            "description": "",
            "device_id": 0,
            "disk_size_gb": 40,
            "id": "914",
            "local_context_data": "{\"os\":{\"activation_key\":\"Faceted-Oil-Scion6\",\"operating_system\":\"rhel-9.2\",\"rhel_org\":\"6207854A\"},\"wireguard\":{\"network\":\"wgdemo\",\"public_key\":\"\",\"role\":\"client\"}}",
            "memory_mb": 8192,
            "name": "demoisilon",
            "platform_id": 0,
            "primary_ipv4": 0,
            "primary_ipv6": 0,
            "role_id": 63,
            "site_id": 0,
            "status": "active",
            "tags": [
              "os_redhat",
              "role_backup"
            ],
            "tenant_id": 17,
            "vcpus": 8
          },
          "sensitive_attributes": [],
          "private": "eyJzY2hlbWFfdmVyc2lvbiI6IjEifQ==",
          "dependencies": [
            "netbox_cluster.openstack",
            "netbox_cluster_group.openstack",
            "netbox_cluster_type.kvm",
            "netbox_device_role.server",
            "netbox_tenant.knowit"
          ]
        }
      ]
    },
    {
      "mode": "managed",
      "type": "netbox_virtual_machine",
      "name": "demokalmctl",
      "provider": "provider[\"registry.terraform.io/e-breuninger/netbox\"]",
      "instances": [
        {
          "schema_version": 1,
          "attributes": {
            "cluster_id": 70,
            "comments": "",
            "custom_fields": null,
            "description": "",
            "device_id": 0,
            "disk_size_gb": 40,
            "id": "957",
            "local_context_data": "{\"os\":{\"activation_key\":\"Faceted-Oil-Scion6\",\"operating_system\":\"rhel-9.2\",\"rhel_org\":\"6207854A\"},\"wireguard\":{\"network\":\"wgdemo\",\"public_key\":\"\",\"role\":\"client\"}}",
            "memory_mb": 4096,
            "name": "demokalmctl",
            "platform_id": 0,
            "primary_ipv4": 0,
            "primary_ipv6": 0,
            "role_id": 63,
            "site_id": 0,
            "status": "active",
            "tags": [
              "os_redhat",
              "role_backup"
            ],
            "tenant_id": 17,
            "vcpus": 8
          },
          "sensitive_attributes": [],
          "private": "eyJzY2hlbWFfdmVyc2lvbiI6IjEifQ==",
          "dependencies": [
            "netbox_cluster.openstack",
            "netbox_cluster_group.openstack",
            "netbox_cluster_type.kvm",
            "netbox_device_role.server",
            "netbox_tenant.knowit"
          ]
        }
      ]
    },
    {
      "mode": "managed",
      "type": "netbox_virtual_machine",
      "name": "elastic",
      "provider": "provider[\"registry.terraform.io/e-breuninger/netbox\"]",
      "instances": [
        {
          "index_key": 0,
          "schema_version": 1,
          "attributes": {
            "cluster_id": 68,
            "comments": "",
            "custom_fields": null,
            "description": "",
            "device_id": 0,
            "disk_size_gb": 100,
            "id": "966",
            "local_context_data": "{\"os\":{\"activation_key\":\"Faceted-Oil-Scion6\",\"operating_system\":\"rhel-9.2\",\"rhel_org\":\"6207854A\"},\"wireguard\":{\"network\":\"wgdemo\",\"public_key\":\"\",\"role\":\"client\"}}",
            "memory_mb": 3500,
            "name": "elastic01",
            "platform_id": 0,
            "primary_ipv4": 0,
            "primary_ipv6": 0,
            "role_id": 63,
            "site_id": 0,
            "status": "active",
            "tags": [
              "os_redhat",
              "role_backup"
            ],
            "tenant_id": 17,
            "vcpus": 8
          },
          "sensitive_attributes": [],
          "private": "eyJzY2hlbWFfdmVyc2lvbiI6IjEifQ==",
          "dependencies": [
            "netbox_cluster.openstack",
            "netbox_cluster_group.openstack",
            "netbox_cluster_type.kvm",
            "netbox_device_role.server",
            "netbox_tenant.knowit"
          ]
        }
      ]
    },
    {
      "mode": "managed",
      "type": "netbox_virtual_machine",
      "name": "elementor",
      "provider": "provider[\"registry.terraform.io/e-breuninger/netbox\"]",
      "instances": [
        {
          "index_key": 0,
          "schema_version": 1,
          "attributes": {
            "cluster_id": 68,
            "comments": "",
            "custom_fields": null,
            "description": "",
            "device_id": 0,
            "disk_size_gb": 50,
            "id": "967",
            "local_context_data": "{\"os\":{\"activation_key\":\"Faceted-Oil-Scion6\",\"operating_system\":\"rhel-9.2\",\"rhel_org\":\"6207854A\"},\"wireguard\":{\"network\":\"wgdemo\",\"public_key\":\"\",\"role\":\"client\"}}",
            "memory_mb": 1024,
            "name": "elementor01",
            "platform_id": 0,
            "primary_ipv4": 0,
            "primary_ipv6": 0,
            "role_id": 63,
            "site_id": 0,
            "status": "active",
            "tags": [
              "os_redhat",
              "role_backup"
            ],
            "tenant_id": 17,
            "vcpus": 2
          },
          "sensitive_attributes": [],
          "private": "eyJzY2hlbWFfdmVyc2lvbiI6IjEifQ==",
          "dependencies": [
            "netbox_cluster.openstack",
            "netbox_cluster_group.openstack",
            "netbox_cluster_type.kvm",
            "netbox_device_role.server",
            "netbox_tenant.knowit"
          ]
        }
      ]
    },
    {
      "mode": "managed",
      "type": "netbox_virtual_machine",
      "name": "eriktest",
      "provider": "provider[\"registry.terraform.io/e-breuninger/netbox\"]",
      "instances": [
        {
          "index_key": 0,
          "schema_version": 1,
          "attributes": {
            "cluster_id": 68,
            "comments": "",
            "custom_fields": null,
            "description": "",
            "device_id": 0,
            "disk_size_gb": 30,
            "id": "962",
            "local_context_data": "{\"os\":{\"activation_key\":\"Faceted-Oil-Scion6\",\"operating_system\":\"rhel-9.3\",\"rhel_org\":\"6207854A\"},\"wireguard\":{\"network\":\"wgdemo\",\"public_key\":\"\",\"role\":\"client\"}}",
            "memory_mb": 4096,
            "name": "erik01",
            "platform_id": 0,
            "primary_ipv4": 0,
            "primary_ipv6": 0,
            "role_id": 63,
            "site_id": 0,
            "status": "active",
            "tags": [
              "os_redhat",
              "role_backup"
            ],
            "tenant_id": 17,
            "vcpus": 8
          },
          "sensitive_attributes": [],
          "private": "eyJzY2hlbWFfdmVyc2lvbiI6IjEifQ==",
          "dependencies": [
            "netbox_cluster.openstack",
            "netbox_cluster_group.openstack",
            "netbox_cluster_type.kvm",
            "netbox_device_role.server",
            "netbox_tenant.knowit"
          ]
        },
        {
          "index_key": 1,
          "schema_version": 1,
          "attributes": {
            "cluster_id": 68,
            "comments": "",
            "custom_fields": null,
            "description": "",
            "device_id": 0,
            "disk_size_gb": 30,
            "id": "963",
            "local_context_data": "{\"os\":{\"activation_key\":\"Faceted-Oil-Scion6\",\"operating_system\":\"rhel-9.3\",\"rhel_org\":\"6207854A\"},\"wireguard\":{\"network\":\"wgdemo\",\"public_key\":\"\",\"role\":\"client\"}}",
            "memory_mb": 4096,
            "name": "erik02",
            "platform_id": 0,
            "primary_ipv4": 0,
            "primary_ipv6": 0,
            "role_id": 63,
            "site_id": 0,
            "status": "active",
            "tags": [
              "os_redhat",
              "role_backup"
            ],
            "tenant_id": 17,
            "vcpus": 8
          },
          "sensitive_attributes": [],
          "private": "eyJzY2hlbWFfdmVyc2lvbiI6IjEifQ==",
          "dependencies": [
            "netbox_cluster.openstack",
            "netbox_cluster_group.openstack",
            "netbox_cluster_type.kvm",
            "netbox_device_role.server",
            "netbox_tenant.knowit"
          ]
        },
        {
          "index_key": 2,
          "schema_version": 1,
          "attributes": {
            "cluster_id": 68,
            "comments": "",
            "custom_fields": null,
            "description": "",
            "device_id": 0,
            "disk_size_gb": 30,
            "id": "964",
            "local_context_data": "{\"os\":{\"activation_key\":\"Faceted-Oil-Scion6\",\"operating_system\":\"rhel-9.3\",\"rhel_org\":\"6207854A\"},\"wireguard\":{\"network\":\"wgdemo\",\"public_key\":\"\",\"role\":\"client\"}}",
            "memory_mb": 4096,
            "name": "erik03",
            "platform_id": 0,
            "primary_ipv4": 0,
            "primary_ipv6": 0,
            "role_id": 63,
            "site_id": 0,
            "status": "active",
            "tags": [
              "os_redhat",
              "role_backup"
            ],
            "tenant_id": 17,
            "vcpus": 8
          },
          "sensitive_attributes": [],
          "private": "eyJzY2hlbWFfdmVyc2lvbiI6IjEifQ==",
          "dependencies": [
            "netbox_cluster.openstack",
            "netbox_cluster_group.openstack",
            "netbox_cluster_type.kvm",
            "netbox_device_role.server",
            "netbox_tenant.knowit"
          ]
        },
        {
          "index_key": 3,
          "schema_version": 1,
          "attributes": {
            "cluster_id": 68,
            "comments": "",
            "custom_fields": null,
            "description": "",
            "device_id": 0,
            "disk_size_gb": 30,
            "id": "965",
            "local_context_data": "{\"os\":{\"activation_key\":\"Faceted-Oil-Scion6\",\"operating_system\":\"rhel-9.3\",\"rhel_org\":\"6207854A\"},\"wireguard\":{\"network\":\"wgdemo\",\"public_key\":\"\",\"role\":\"client\"}}",
            "memory_mb": 4096,
            "name": "erik04",
            "platform_id": 0,
            "primary_ipv4": 0,
            "primary_ipv6": 0,
            "role_id": 63,
            "site_id": 0,
            "status": "active",
            "tags": [
              "os_redhat",
              "role_backup"
            ],
            "tenant_id": 17,
            "vcpus": 8
          },
          "sensitive_attributes": [],
          "private": "eyJzY2hlbWFfdmVyc2lvbiI6IjEifQ==",
          "dependencies": [
            "netbox_cluster.openstack",
            "netbox_cluster_group.openstack",
            "netbox_cluster_type.kvm",
            "netbox_device_role.server",
            "netbox_tenant.knowit"
          ]
        },
        {
          "index_key": 4,
          "schema_version": 1,
          "attributes": {
            "cluster_id": 68,
            "comments": "",
            "custom_fields": null,
            "description": "",
            "device_id": 0,
            "disk_size_gb": 30,
            "id": "961",
            "local_context_data": "{\"os\":{\"activation_key\":\"Faceted-Oil-Scion6\",\"operating_system\":\"rhel-9.3\",\"rhel_org\":\"6207854A\"},\"wireguard\":{\"network\":\"wgdemo\",\"public_key\":\"\",\"role\":\"client\"}}",
            "memory_mb": 4096,
            "name": "erik05",
            "platform_id": 0,
            "primary_ipv4": 0,
            "primary_ipv6": 0,
            "role_id": 63,
            "site_id": 0,
            "status": "active",
            "tags": [
              "os_redhat",
              "role_backup"
            ],
            "tenant_id": 17,
            "vcpus": 8
          },
          "sensitive_attributes": [],
          "private": "eyJzY2hlbWFfdmVyc2lvbiI6IjEifQ==",
          "dependencies": [
            "netbox_cluster.openstack",
            "netbox_cluster_group.openstack",
            "netbox_cluster_type.kvm",
            "netbox_device_role.server",
            "netbox_tenant.knowit"
          ]
        },
        {
          "index_key": 5,
          "schema_version": 1,
          "attributes": {
            "cluster_id": 68,
            "comments": "",
            "custom_fields": null,
            "description": "",
            "device_id": 0,
            "disk_size_gb": 30,
            "id": "960",
            "local_context_data": "{\"os\":{\"activation_key\":\"Faceted-Oil-Scion6\",\"operating_system\":\"rhel-9.3\",\"rhel_org\":\"6207854A\"},\"wireguard\":{\"network\":\"wgdemo\",\"public_key\":\"\",\"role\":\"client\"}}",
            "memory_mb": 4096,
            "name": "erik06",
            "platform_id": 0,
            "primary_ipv4": 0,
            "primary_ipv6": 0,
            "role_id": 63,
            "site_id": 0,
            "status": "active",
            "tags": [
              "os_redhat",
              "role_backup"
            ],
            "tenant_id": 17,
            "vcpus": 8
          },
          "sensitive_attributes": [],
          "private": "eyJzY2hlbWFfdmVyc2lvbiI6IjEifQ==",
          "dependencies": [
            "netbox_cluster.openstack",
            "netbox_cluster_group.openstack",
            "netbox_cluster_type.kvm",
            "netbox_device_role.server",
            "netbox_tenant.knowit"
          ]
        }
      ]
    },
    {
      "mode": "managed",
      "type": "netbox_virtual_machine",
      "name": "excalidraw",
      "provider": "provider[\"registry.terraform.io/e-breuninger/netbox\"]",
      "instances": [
        {
          "schema_version": 1,
          "attributes": {
            "cluster_id": 70,
            "comments": "",
            "custom_fields": null,
            "description": "",
            "device_id": 0,
            "disk_size_gb": 40,
            "id": "969",
            "local_context_data": "{\"os\":{\"activation_key\":\"Faceted-Oil-Scion6\",\"operating_system\":\"rhel-9.2\",\"rhel_org\":\"6207854A\"},\"wireguard\":{\"network\":\"wgdemo\",\"public_key\":\"\",\"role\":\"client\"}}",
            "memory_mb": 8192,
            "name": "excalidraw01",
            "platform_id": 0,
            "primary_ipv4": 0,
            "primary_ipv6": 0,
            "role_id": 63,
            "site_id": 0,
            "status": "active",
            "tags": [
              "os_redhat",
              "role_backup"
            ],
            "tenant_id": 17,
            "vcpus": 8
          },
          "sensitive_attributes": [],
          "private": "eyJzY2hlbWFfdmVyc2lvbiI6IjEifQ==",
          "dependencies": [
            "netbox_cluster.openstack",
            "netbox_cluster_group.openstack",
            "netbox_cluster_type.kvm",
            "netbox_device_role.server",
            "netbox_tenant.knowit"
          ]
        }
      ]
    },
    {
      "mode": "managed",
      "type": "netbox_virtual_machine",
      "name": "guacamole",
      "provider": "provider[\"registry.terraform.io/e-breuninger/netbox\"]",
      "instances": [
        {
          "schema_version": 1,
          "attributes": {
            "cluster_id": 70,
            "comments": "",
            "custom_fields": null,
            "description": "",
            "device_id": 0,
            "disk_size_gb": 40,
            "id": "970",
            "local_context_data": "{\"os\":{\"activation_key\":\"Faceted-Oil-Scion6\",\"operating_system\":\"rhel-9.2\",\"rhel_org\":\"6207854A\"},\"wireguard\":{\"network\":\"wgdemo\",\"public_key\":\"\",\"role\":\"client\"}}",
            "memory_mb": 8192,
            "name": "guacamole01",
            "platform_id": 0,
            "primary_ipv4": 0,
            "primary_ipv6": 0,
            "role_id": 63,
            "site_id": 0,
            "status": "active",
            "tags": [
              "os_redhat",
              "role_backup"
            ],
            "tenant_id": 17,
            "vcpus": 8
          },
          "sensitive_attributes": [],
          "private": "eyJzY2hlbWFfdmVyc2lvbiI6IjEifQ==",
          "dependencies": [
            "netbox_cluster.openstack",
            "netbox_cluster_group.openstack",
            "netbox_cluster_type.kvm",
            "netbox_device_role.server",
            "netbox_tenant.knowit"
          ]
        }
      ]
    },
    {
      "mode": "managed",
      "type": "netbox_virtual_machine",
      "name": "gusti",
      "provider": "provider[\"registry.terraform.io/e-breuninger/netbox\"]",
      "instances": [
        {
          "schema_version": 1,
          "attributes": {
            "cluster_id": 70,
            "comments": "",
            "custom_fields": null,
            "description": "",
            "device_id": 0,
            "disk_size_gb": 500,
            "id": "928",
            "local_context_data": "{\"os\":{\"operating_system\":\"win2022\"},\"wireguard\":{\"network\":\"wgdemo\",\"public_key\":\"\",\"role\":\"client\"}}",
            "memory_mb": 16192,
            "name": "gusti01",
            "platform_id": 0,
            "primary_ipv4": 0,
            "primary_ipv6": 0,
            "role_id": 63,
            "site_id": 0,
            "status": "active",
            "tags": [
              "os_win2022",
              "role_backup"
            ],
            "tenant_id": 17,
            "vcpus": 8
          },
          "sensitive_attributes": [],
          "private": "eyJzY2hlbWFfdmVyc2lvbiI6IjEifQ==",
          "dependencies": [
            "netbox_cluster.openstack",
            "netbox_cluster_group.openstack",
            "netbox_cluster_type.kvm",
            "netbox_device_role.server",
            "netbox_tenant.knowit"
          ]
        }
      ]
    },
    {
      "mode": "managed",
      "type": "netbox_virtual_machine",
      "name": "ignite01",
      "provider": "provider[\"registry.terraform.io/e-breuninger/netbox\"]",
      "instances": [
        {
          "schema_version": 1,
          "attributes": {
            "cluster_id": 70,
            "comments": "",
            "custom_fields": null,
            "description": "",
            "device_id": 0,
            "disk_size_gb": 40,
            "id": "907",
            "local_context_data": "{\"os\":{\"activation_key\":\"Faceted-Oil-Scion6\",\"operating_system\":\"rhel-9.2\",\"rhel_org\":\"6207854A\"},\"wireguard\":{\"network\":\"wgdemo\",\"public_key\":\"\",\"role\":\"client\"}}",
            "memory_mb": 8192,
            "name": "ignite01",
            "platform_id": 0,
            "primary_ipv4": 0,
            "primary_ipv6": 0,
            "role_id": 63,
            "site_id": 0,
            "status": "active",
            "tags": [
              "os_redhat",
              "role_backup"
            ],
            "tenant_id": 17,
            "vcpus": 8
          },
          "sensitive_attributes": [],
          "private": "eyJzY2hlbWFfdmVyc2lvbiI6IjEifQ==",
          "dependencies": [
            "netbox_cluster.openstack",
            "netbox_cluster_group.openstack",
            "netbox_cluster_type.kvm",
            "netbox_device_role.server",
            "netbox_tenant.knowit"
          ]
        }
      ]
    },
    {
      "mode": "managed",
      "type": "netbox_virtual_machine",
      "name": "jenkins",
      "provider": "provider[\"registry.terraform.io/e-breuninger/netbox\"]",
      "instances": [
        {
          "schema_version": 1,
          "attributes": {
            "cluster_id": 70,
            "comments": "",
            "custom_fields": null,
            "description": "",
            "device_id": 0,
            "disk_size_gb": 40,
            "id": "958",
            "local_context_data": "{\"os\":{\"activation_key\":\"Faceted-Oil-Scion6\",\"operating_system\":\"rhel-9.2\",\"rhel_org\":\"6207854A\"},\"wireguard\":{\"network\":\"wgdemo\",\"public_key\":\"\",\"role\":\"client\"}}",
            "memory_mb": 8192,
            "name": "jenkins01",
            "platform_id": 0,
            "primary_ipv4": 0,
            "primary_ipv6": 0,
            "role_id": 63,
            "site_id": 0,
            "status": "active",
            "tags": [
              "os_redhat",
              "role_backup"
            ],
            "tenant_id": 17,
            "vcpus": 8
          },
          "sensitive_attributes": [],
          "private": "eyJzY2hlbWFfdmVyc2lvbiI6IjEifQ==",
          "dependencies": [
            "netbox_cluster.openstack",
            "netbox_cluster_group.openstack",
            "netbox_cluster_type.kvm",
            "netbox_device_role.server",
            "netbox_tenant.knowit"
          ]
        }
      ]
    },
    {
      "mode": "managed",
      "type": "netbox_virtual_machine",
      "name": "labserver",
      "provider": "provider[\"registry.terraform.io/e-breuninger/netbox\"]",
      "instances": [
        {
          "index_key": 0,
          "schema_version": 1,
          "attributes": {
            "cluster_id": 67,
            "comments": "",
            "custom_fields": null,
            "description": "",
            "device_id": 0,
            "disk_size_gb": 50,
            "id": "901",
            "local_context_data": "{\"activation_key\":\"Faceted-Oil-Scion6\",\"operating_system\":\"rhel-9.2\",\"rhel_org\":6207854}",
            "memory_mb": 1024,
            "name": "labserver01",
            "platform_id": 0,
            "primary_ipv4": 0,
            "primary_ipv6": 0,
            "role_id": 63,
            "site_id": 0,
            "status": "active",
            "tags": [
              "os_redhat",
              "role_backup"
            ],
            "tenant_id": 17,
            "vcpus": 2
          },
          "sensitive_attributes": [],
          "private": "eyJzY2hlbWFfdmVyc2lvbiI6IjEifQ==",
          "dependencies": [
            "netbox_cluster.kvmlab",
            "netbox_cluster_group.openstack",
            "netbox_cluster_type.kvm",
            "netbox_device_role.server",
            "netbox_tenant.knowit"
          ]
        },
        {
          "index_key": 1,
          "schema_version": 1,
          "attributes": {
            "cluster_id": 67,
            "comments": "",
            "custom_fields": null,
            "description": "",
            "device_id": 0,
            "disk_size_gb": 50,
            "id": "913",
            "local_context_data": "{\"activation_key\":\"Faceted-Oil-Scion6\",\"operating_system\":\"rhel-9.2\",\"rhel_org\":6207854}",
            "memory_mb": 1024,
            "name": "labserver02",
            "platform_id": 0,
            "primary_ipv4": 0,
            "primary_ipv6": 0,
            "role_id": 63,
            "site_id": 0,
            "status": "active",
            "tags": [
              "os_redhat",
              "role_backup"
            ],
            "tenant_id": 17,
            "vcpus": 2
          },
          "sensitive_attributes": [],
          "private": "eyJzY2hlbWFfdmVyc2lvbiI6IjEifQ==",
          "dependencies": [
            "netbox_cluster.kvmlab",
            "netbox_cluster_group.openstack",
            "netbox_cluster_type.kvm",
            "netbox_device_role.server",
            "netbox_tenant.knowit"
          ]
        },
        {
          "index_key": 2,
          "schema_version": 1,
          "attributes": {
            "cluster_id": 67,
            "comments": "",
            "custom_fields": null,
            "description": "",
            "device_id": 0,
            "disk_size_gb": 50,
            "id": "904",
            "local_context_data": "{\"activation_key\":\"Faceted-Oil-Scion6\",\"operating_system\":\"rhel-9.2\",\"rhel_org\":6207854}",
            "memory_mb": 1024,
            "name": "labserver03",
            "platform_id": 0,
            "primary_ipv4": 0,
            "primary_ipv6": 0,
            "role_id": 63,
            "site_id": 0,
            "status": "active",
            "tags": [
              "os_redhat",
              "role_backup"
            ],
            "tenant_id": 17,
            "vcpus": 2
          },
          "sensitive_attributes": [],
          "private": "eyJzY2hlbWFfdmVyc2lvbiI6IjEifQ==",
          "dependencies": [
            "netbox_cluster.kvmlab",
            "netbox_cluster_group.openstack",
            "netbox_cluster_type.kvm",
            "netbox_device_role.server",
            "netbox_tenant.knowit"
          ]
        },
        {
          "index_key": 3,
          "schema_version": 1,
          "attributes": {
            "cluster_id": 67,
            "comments": "",
            "custom_fields": null,
            "description": "",
            "device_id": 0,
            "disk_size_gb": 50,
            "id": "911",
            "local_context_data": "{\"activation_key\":\"Faceted-Oil-Scion6\",\"operating_system\":\"rhel-9.2\",\"rhel_org\":6207854}",
            "memory_mb": 1024,
            "name": "labserver04",
            "platform_id": 0,
            "primary_ipv4": 0,
            "primary_ipv6": 0,
            "role_id": 63,
            "site_id": 0,
            "status": "active",
            "tags": [
              "os_redhat",
              "role_backup"
            ],
            "tenant_id": 17,
            "vcpus": 2
          },
          "sensitive_attributes": [],
          "private": "eyJzY2hlbWFfdmVyc2lvbiI6IjEifQ==",
          "dependencies": [
            "netbox_cluster.kvmlab",
            "netbox_cluster_group.openstack",
            "netbox_cluster_type.kvm",
            "netbox_device_role.server",
            "netbox_tenant.knowit"
          ]
        },
        {
          "index_key": 4,
          "schema_version": 1,
          "attributes": {
            "cluster_id": 67,
            "comments": "",
            "custom_fields": null,
            "description": "",
            "device_id": 0,
            "disk_size_gb": 50,
            "id": "912",
            "local_context_data": "{\"activation_key\":\"Faceted-Oil-Scion6\",\"operating_system\":\"rhel-9.2\",\"rhel_org\":6207854}",
            "memory_mb": 1024,
            "name": "labserver05",
            "platform_id": 0,
            "primary_ipv4": 0,
            "primary_ipv6": 0,
            "role_id": 63,
            "site_id": 0,
            "status": "active",
            "tags": [
              "os_redhat",
              "role_backup"
            ],
            "tenant_id": 17,
            "vcpus": 2
          },
          "sensitive_attributes": [],
          "private": "eyJzY2hlbWFfdmVyc2lvbiI6IjEifQ==",
          "dependencies": [
            "netbox_cluster.kvmlab",
            "netbox_cluster_group.openstack",
            "netbox_cluster_type.kvm",
            "netbox_device_role.server",
            "netbox_tenant.knowit"
          ]
        },
        {
          "index_key": 5,
          "schema_version": 1,
          "attributes": {
            "cluster_id": 67,
            "comments": "",
            "custom_fields": null,
            "description": "",
            "device_id": 0,
            "disk_size_gb": 50,
            "id": "900",
            "local_context_data": "{\"activation_key\":\"Faceted-Oil-Scion6\",\"operating_system\":\"rhel-9.2\",\"rhel_org\":6207854}",
            "memory_mb": 1024,
            "name": "labserver06",
            "platform_id": 0,
            "primary_ipv4": 0,
            "primary_ipv6": 0,
            "role_id": 63,
            "site_id": 0,
            "status": "active",
            "tags": [
              "os_redhat",
              "role_backup"
            ],
            "tenant_id": 17,
            "vcpus": 2
          },
          "sensitive_attributes": [],
          "private": "eyJzY2hlbWFfdmVyc2lvbiI6IjEifQ==",
          "dependencies": [
            "netbox_cluster.kvmlab",
            "netbox_cluster_group.openstack",
            "netbox_cluster_type.kvm",
            "netbox_device_role.server",
            "netbox_tenant.knowit"
          ]
        },
        {
          "index_key": 6,
          "schema_version": 1,
          "attributes": {
            "cluster_id": 67,
            "comments": "",
            "custom_fields": null,
            "description": "",
            "device_id": 0,
            "disk_size_gb": 50,
            "id": "910",
            "local_context_data": "{\"activation_key\":\"Faceted-Oil-Scion6\",\"operating_system\":\"rhel-9.2\",\"rhel_org\":6207854}",
            "memory_mb": 1024,
            "name": "labserver07",
            "platform_id": 0,
            "primary_ipv4": 0,
            "primary_ipv6": 0,
            "role_id": 63,
            "site_id": 0,
            "status": "active",
            "tags": [
              "os_redhat",
              "role_backup"
            ],
            "tenant_id": 17,
            "vcpus": 2
          },
          "sensitive_attributes": [],
          "private": "eyJzY2hlbWFfdmVyc2lvbiI6IjEifQ==",
          "dependencies": [
            "netbox_cluster.kvmlab",
            "netbox_cluster_group.openstack",
            "netbox_cluster_type.kvm",
            "netbox_device_role.server",
            "netbox_tenant.knowit"
          ]
        },
        {
          "index_key": 7,
          "schema_version": 1,
          "attributes": {
            "cluster_id": 67,
            "comments": "",
            "custom_fields": null,
            "description": "",
            "device_id": 0,
            "disk_size_gb": 50,
            "id": "908",
            "local_context_data": "{\"activation_key\":\"Faceted-Oil-Scion6\",\"operating_system\":\"rhel-9.2\",\"rhel_org\":6207854}",
            "memory_mb": 1024,
            "name": "labserver08",
            "platform_id": 0,
            "primary_ipv4": 0,
            "primary_ipv6": 0,
            "role_id": 63,
            "site_id": 0,
            "status": "active",
            "tags": [
              "os_redhat",
              "role_backup"
            ],
            "tenant_id": 17,
            "vcpus": 2
          },
          "sensitive_attributes": [],
          "private": "eyJzY2hlbWFfdmVyc2lvbiI6IjEifQ==",
          "dependencies": [
            "netbox_cluster.kvmlab",
            "netbox_cluster_group.openstack",
            "netbox_cluster_type.kvm",
            "netbox_device_role.server",
            "netbox_tenant.knowit"
          ]
        },
        {
          "index_key": 8,
          "schema_version": 1,
          "attributes": {
            "cluster_id": 67,
            "comments": "",
            "custom_fields": null,
            "description": "",
            "device_id": 0,
            "disk_size_gb": 50,
            "id": "918",
            "local_context_data": "{\"activation_key\":\"Faceted-Oil-Scion6\",\"operating_system\":\"rhel-9.2\",\"rhel_org\":6207854}",
            "memory_mb": 1024,
            "name": "labserver09",
            "platform_id": 0,
            "primary_ipv4": 0,
            "primary_ipv6": 0,
            "role_id": 63,
            "site_id": 0,
            "status": "active",
            "tags": [
              "os_redhat",
              "role_backup"
            ],
            "tenant_id": 17,
            "vcpus": 2
          },
          "sensitive_attributes": [],
          "private": "eyJzY2hlbWFfdmVyc2lvbiI6IjEifQ==",
          "dependencies": [
            "netbox_cluster.kvmlab",
            "netbox_cluster_group.openstack",
            "netbox_cluster_type.kvm",
            "netbox_device_role.server",
            "netbox_tenant.knowit"
          ]
        },
        {
          "index_key": 9,
          "schema_version": 1,
          "attributes": {
            "cluster_id": 67,
            "comments": "",
            "custom_fields": null,
            "description": "",
            "device_id": 0,
            "disk_size_gb": 50,
            "id": "916",
            "local_context_data": "{\"activation_key\":\"Faceted-Oil-Scion6\",\"operating_system\":\"rhel-9.2\",\"rhel_org\":6207854}",
            "memory_mb": 1024,
            "name": "labserver10",
            "platform_id": 0,
            "primary_ipv4": 0,
            "primary_ipv6": 0,
            "role_id": 63,
            "site_id": 0,
            "status": "active",
            "tags": [
              "os_redhat",
              "role_backup"
            ],
            "tenant_id": 17,
            "vcpus": 2
          },
          "sensitive_attributes": [],
          "private": "eyJzY2hlbWFfdmVyc2lvbiI6IjEifQ==",
          "dependencies": [
            "netbox_cluster.kvmlab",
            "netbox_cluster_group.openstack",
            "netbox_cluster_type.kvm",
            "netbox_device_role.server",
            "netbox_tenant.knowit"
          ]
        }
      ]
    },
    {
      "mode": "managed",
      "type": "netbox_virtual_machine",
      "name": "openbuildservice",
      "provider": "provider[\"registry.terraform.io/e-breuninger/netbox\"]",
      "instances": [
        {
          "schema_version": 1,
          "attributes": {
            "cluster_id": 70,
            "comments": "",
            "custom_fields": null,
            "description": "",
            "device_id": 0,
            "disk_size_gb": 40,
            "id": "915",
            "local_context_data": "{\"os\":{\"activation_key\":\"Faceted-Oil-Scion6\",\"operating_system\":\"rhel-9.2\",\"rhel_org\":\"6207854A\"},\"wireguard\":{\"network\":\"wgdemo\",\"public_key\":\"\",\"role\":\"client\"}}",
            "memory_mb": 8192,
            "name": "openbuildservice01",
            "platform_id": 0,
            "primary_ipv4": 0,
            "primary_ipv6": 0,
            "role_id": 63,
            "site_id": 0,
            "status": "active",
            "tags": [
              "os_redhat",
              "role_backup"
            ],
            "tenant_id": 17,
            "vcpus": 8
          },
          "sensitive_attributes": [],
          "private": "eyJzY2hlbWFfdmVyc2lvbiI6IjEifQ==",
          "dependencies": [
            "netbox_cluster.openstack",
            "netbox_cluster_group.openstack",
            "netbox_cluster_type.kvm",
            "netbox_device_role.server",
            "netbox_tenant.knowit"
          ]
        }
      ]
    },
    {
      "mode": "managed",
      "type": "netbox_virtual_machine",
      "name": "perconatest",
      "provider": "provider[\"registry.terraform.io/e-breuninger/netbox\"]",
      "instances": [
        {
          "index_key": 0,
          "schema_version": 1,
          "attributes": {
            "cluster_id": 68,
            "comments": "",
            "custom_fields": null,
            "description": "",
            "device_id": 0,
            "disk_size_gb": 50,
            "id": "954",
            "local_context_data": "{\"os\":{\"activation_key\":\"Faceted-Oil-Scion6\",\"operating_system\":\"rhel-9.2\",\"rhel_org\":\"6207854A\"},\"wireguard\":{\"network\":\"wgdemo\",\"public_key\":\"\",\"role\":\"client\"}}",
            "memory_mb": 8192,
            "name": "perconatest01",
            "platform_id": 0,
            "primary_ipv4": 0,
            "primary_ipv6": 0,
            "role_id": 63,
            "site_id": 0,
            "status": "active",
            "tags": [
              "os_redhat",
              "role_backup"
            ],
            "tenant_id": 17,
            "vcpus": 8
          },
          "sensitive_attributes": [],
          "private": "eyJzY2hlbWFfdmVyc2lvbiI6IjEifQ==",
          "dependencies": [
            "netbox_cluster.openstack",
            "netbox_cluster_group.openstack",
            "netbox_cluster_type.kvm",
            "netbox_device_role.server",
            "netbox_tenant.knowit"
          ]
        },
        {
          "index_key": 1,
          "schema_version": 1,
          "attributes": {
            "cluster_id": 68,
            "comments": "",
            "custom_fields": null,
            "description": "",
            "device_id": 0,
            "disk_size_gb": 50,
            "id": "942",
            "local_context_data": "{\"os\":{\"activation_key\":\"Faceted-Oil-Scion6\",\"operating_system\":\"rhel-9.2\",\"rhel_org\":\"6207854A\"},\"wireguard\":{\"network\":\"wgdemo\",\"public_key\":\"\",\"role\":\"client\"}}",
            "memory_mb": 8192,
            "name": "perconatest02",
            "platform_id": 0,
            "primary_ipv4": 0,
            "primary_ipv6": 0,
            "role_id": 63,
            "site_id": 0,
            "status": "active",
            "tags": [
              "os_redhat",
              "role_backup"
            ],
            "tenant_id": 17,
            "vcpus": 8
          },
          "sensitive_attributes": [],
          "private": "eyJzY2hlbWFfdmVyc2lvbiI6IjEifQ==",
          "dependencies": [
            "netbox_cluster.openstack",
            "netbox_cluster_group.openstack",
            "netbox_cluster_type.kvm",
            "netbox_device_role.server",
            "netbox_tenant.knowit"
          ]
        },
        {
          "index_key": 2,
          "schema_version": 1,
          "attributes": {
            "cluster_id": 68,
            "comments": "",
            "custom_fields": null,
            "description": "",
            "device_id": 0,
            "disk_size_gb": 50,
            "id": "951",
            "local_context_data": "{\"os\":{\"activation_key\":\"Faceted-Oil-Scion6\",\"operating_system\":\"rhel-9.2\",\"rhel_org\":\"6207854A\"},\"wireguard\":{\"network\":\"wgdemo\",\"public_key\":\"\",\"role\":\"client\"}}",
            "memory_mb": 8192,
            "name": "perconatest03",
            "platform_id": 0,
            "primary_ipv4": 0,
            "primary_ipv6": 0,
            "role_id": 63,
            "site_id": 0,
            "status": "active",
            "tags": [
              "os_redhat",
              "role_backup"
            ],
            "tenant_id": 17,
            "vcpus": 8
          },
          "sensitive_attributes": [],
          "private": "eyJzY2hlbWFfdmVyc2lvbiI6IjEifQ==",
          "dependencies": [
            "netbox_cluster.openstack",
            "netbox_cluster_group.openstack",
            "netbox_cluster_type.kvm",
            "netbox_device_role.server",
            "netbox_tenant.knowit"
          ]
        }
      ]
    },
    {
      "mode": "managed",
      "type": "netbox_virtual_machine",
      "name": "prodwireguard001",
      "provider": "provider[\"registry.terraform.io/e-breuninger/netbox\"]",
      "instances": [
        {
          "schema_version": 1,
          "attributes": {
            "cluster_id": 71,
            "comments": "",
            "custom_fields": null,
            "description": "",
            "device_id": 0,
            "disk_size_gb": 40,
            "id": "950",
            "local_context_data": "{\"activation_key\":\"Faceted-Oil-Scion6\",\"operating_system\":\"rhel-9\",\"rhel_org\":6207854,\"wireguard\":{\"ip4\":\"\",\"public_key\":\"\",\"role\":\"server\"}}",
            "memory_mb": 8192,
            "name": "prodwireguard001",
            "platform_id": 0,
            "primary_ipv4": 0,
            "primary_ipv6": 0,
            "role_id": 63,
            "site_id": 0,
            "status": "active",
            "tags": [
              "os_redhat",
              "role_backup",
              "role_wireguard"
            ],
            "tenant_id": 17,
            "vcpus": 8
          },
          "sensitive_attributes": [],
          "private": "eyJzY2hlbWFfdmVyc2lvbiI6IjEifQ==",
          "dependencies": [
            "netbox_cluster.ssh",
            "netbox_cluster_group.jaho",
            "netbox_cluster_type.kvm",
            "netbox_device_role.server",
            "netbox_tenant.knowit"
          ]
        }
      ]
    },
    {
      "mode": "managed",
      "type": "netbox_virtual_machine",
      "name": "rancher",
      "provider": "provider[\"registry.terraform.io/e-breuninger/netbox\"]",
      "instances": [
        {
          "index_key": 0,
          "schema_version": 1,
          "attributes": {
            "cluster_id": 68,
            "comments": "",
            "custom_fields": null,
            "description": "",
            "device_id": 0,
            "disk_size_gb": 200,
            "id": "941",
            "local_context_data": "{\"os\":{\"activation_key\":\"Faceted-Oil-Scion6\",\"operating_system\":\"rhel-9.2\",\"rhel_org\":\"6207854A\"},\"wireguard\":{\"network\":\"wgdemo\",\"public_key\":\"\",\"role\":\"client\"}}",
            "memory_mb": 3500,
            "name": "rancher01",
            "platform_id": 0,
            "primary_ipv4": 0,
            "primary_ipv6": 0,
            "role_id": 63,
            "site_id": 0,
            "status": "active",
            "tags": [
              "os_redhat",
              "role_backup"
            ],
            "tenant_id": 17,
            "vcpus": 1
          },
          "sensitive_attributes": [],
          "private": "eyJzY2hlbWFfdmVyc2lvbiI6IjEifQ==",
          "dependencies": [
            "netbox_cluster.openstack",
            "netbox_cluster_group.openstack",
            "netbox_cluster_type.kvm",
            "netbox_device_role.server",
            "netbox_tenant.knowit"
          ]
        },
        {
          "index_key": 1,
          "schema_version": 1,
          "attributes": {
            "cluster_id": 68,
            "comments": "",
            "custom_fields": null,
            "description": "",
            "device_id": 0,
            "disk_size_gb": 200,
            "id": "948",
            "local_context_data": "{\"os\":{\"activation_key\":\"Faceted-Oil-Scion6\",\"operating_system\":\"rhel-9.2\",\"rhel_org\":\"6207854A\"},\"wireguard\":{\"network\":\"wgdemo\",\"public_key\":\"\",\"role\":\"client\"}}",
            "memory_mb": 3500,
            "name": "rancher02",
            "platform_id": 0,
            "primary_ipv4": 0,
            "primary_ipv6": 0,
            "role_id": 63,
            "site_id": 0,
            "status": "active",
            "tags": [
              "os_redhat",
              "role_backup"
            ],
            "tenant_id": 17,
            "vcpus": 1
          },
          "sensitive_attributes": [],
          "private": "eyJzY2hlbWFfdmVyc2lvbiI6IjEifQ==",
          "dependencies": [
            "netbox_cluster.openstack",
            "netbox_cluster_group.openstack",
            "netbox_cluster_type.kvm",
            "netbox_device_role.server",
            "netbox_tenant.knowit"
          ]
        },
        {
          "index_key": 2,
          "schema_version": 1,
          "attributes": {
            "cluster_id": 68,
            "comments": "",
            "custom_fields": null,
            "description": "",
            "device_id": 0,
            "disk_size_gb": 200,
            "id": "946",
            "local_context_data": "{\"os\":{\"activation_key\":\"Faceted-Oil-Scion6\",\"operating_system\":\"rhel-9.2\",\"rhel_org\":\"6207854A\"},\"wireguard\":{\"network\":\"wgdemo\",\"public_key\":\"\",\"role\":\"client\"}}",
            "memory_mb": 3500,
            "name": "rancher03",
            "platform_id": 0,
            "primary_ipv4": 0,
            "primary_ipv6": 0,
            "role_id": 63,
            "site_id": 0,
            "status": "active",
            "tags": [
              "os_redhat",
              "role_backup"
            ],
            "tenant_id": 17,
            "vcpus": 1
          },
          "sensitive_attributes": [],
          "private": "eyJzY2hlbWFfdmVyc2lvbiI6IjEifQ==",
          "dependencies": [
            "netbox_cluster.openstack",
            "netbox_cluster_group.openstack",
            "netbox_cluster_type.kvm",
            "netbox_device_role.server",
            "netbox_tenant.knowit"
          ]
        }
      ]
    },
    {
      "mode": "managed",
      "type": "netbox_virtual_machine",
      "name": "rancherctl",
      "provider": "provider[\"registry.terraform.io/e-breuninger/netbox\"]",
      "instances": [
        {
          "index_key": 0,
          "schema_version": 1,
          "attributes": {
            "cluster_id": 68,
            "comments": "",
            "custom_fields": null,
            "description": "",
            "device_id": 0,
            "disk_size_gb": 200,
            "id": "939",
            "local_context_data": "{\"os\":{\"activation_key\":\"Faceted-Oil-Scion6\",\"operating_system\":\"rhel-9.2\",\"rhel_org\":\"6207854A\"},\"wireguard\":{\"network\":\"wgdemo\",\"public_key\":\"\",\"role\":\"client\"}}",
            "memory_mb": 3500,
            "name": "rancherctl01",
            "platform_id": 0,
            "primary_ipv4": 0,
            "primary_ipv6": 0,
            "role_id": 63,
            "site_id": 0,
            "status": "active",
            "tags": [
              "os_redhat",
              "role_backup"
            ],
            "tenant_id": 17,
            "vcpus": 1
          },
          "sensitive_attributes": [],
          "private": "eyJzY2hlbWFfdmVyc2lvbiI6IjEifQ==",
          "dependencies": [
            "netbox_cluster.openstack",
            "netbox_cluster_group.openstack",
            "netbox_cluster_type.kvm",
            "netbox_device_role.server",
            "netbox_tenant.knowit"
          ]
        }
      ]
    },
    {
      "mode": "managed",
      "type": "netbox_virtual_machine",
      "name": "rpmrepo01",
      "provider": "provider[\"registry.terraform.io/e-breuninger/netbox\"]",
      "instances": [
        {
          "schema_version": 1,
          "attributes": {
            "cluster_id": 70,
            "comments": "",
            "custom_fields": null,
            "description": "",
            "device_id": 0,
            "disk_size_gb": 40,
            "id": "925",
            "local_context_data": "{\"os\":{\"activation_key\":\"Faceted-Oil-Scion6\",\"operating_system\":\"rhel-9.2\",\"rhel_org\":\"6207854A\"},\"wireguard\":{\"network\":\"wgdemo\",\"public_key\":\"\",\"role\":\"client\"}}",
            "memory_mb": 8192,
            "name": "rpmrepo01",
            "platform_id": 0,
            "primary_ipv4": 0,
            "primary_ipv6": 0,
            "role_id": 63,
            "site_id": 0,
            "status": "active",
            "tags": [
              "os_redhat",
              "role_backup"
            ],
            "tenant_id": 17,
            "vcpus": 8
          },
          "sensitive_attributes": [],
          "private": "eyJzY2hlbWFfdmVyc2lvbiI6IjEifQ==",
          "dependencies": [
            "netbox_cluster.openstack",
            "netbox_cluster_group.openstack",
            "netbox_cluster_type.kvm",
            "netbox_device_role.server",
            "netbox_tenant.knowit"
          ]
        }
      ]
    },
    {
      "mode": "managed",
      "type": "netbox_virtual_machine",
      "name": "selinux01",
      "provider": "provider[\"registry.terraform.io/e-breuninger/netbox\"]",
      "instances": [
        {
          "schema_version": 1,
          "attributes": {
            "cluster_id": 70,
            "comments": "",
            "custom_fields": null,
            "description": "",
            "device_id": 0,
            "disk_size_gb": 40,
            "id": "906",
            "local_context_data": "{\"os\":{\"activation_key\":\"Faceted-Oil-Scion6\",\"operating_system\":\"rhel-9.2\",\"rhel_org\":\"6207854A\"},\"wireguard\":{\"network\":\"wgdemo\",\"public_key\":\"\",\"role\":\"client\"}}",
            "memory_mb": 8192,
            "name": "selinux01",
            "platform_id": 0,
            "primary_ipv4": 0,
            "primary_ipv6": 0,
            "role_id": 63,
            "site_id": 0,
            "status": "active",
            "tags": [
              "os_redhat",
              "role_backup"
            ],
            "tenant_id": 17,
            "vcpus": 8
          },
          "sensitive_attributes": [],
          "private": "eyJzY2hlbWFfdmVyc2lvbiI6IjEifQ==",
          "dependencies": [
            "netbox_cluster.openstack",
            "netbox_cluster_group.openstack",
            "netbox_cluster_type.kvm",
            "netbox_device_role.server",
            "netbox_tenant.knowit"
          ]
        }
      ]
    },
    {
      "mode": "managed",
      "type": "netbox_virtual_machine",
      "name": "semaphore01",
      "provider": "provider[\"registry.terraform.io/e-breuninger/netbox\"]",
      "instances": [
        {
          "schema_version": 1,
          "attributes": {
            "cluster_id": 70,
            "comments": "",
            "custom_fields": null,
            "description": "",
            "device_id": 0,
            "disk_size_gb": 40,
            "id": "922",
            "local_context_data": "{\"os\":{\"activation_key\":\"Faceted-Oil-Scion6\",\"operating_system\":\"rhel-9.2\",\"rhel_org\":\"6207854A\"},\"wireguard\":{\"network\":\"wgdemo\",\"public_key\":\"\",\"role\":\"client\"}}",
            "memory_mb": 8192,
            "name": "semaphore01",
            "platform_id": 0,
            "primary_ipv4": 0,
            "primary_ipv6": 0,
            "role_id": 63,
            "site_id": 0,
            "status": "active",
            "tags": [
              "os_redhat",
              "role_backup"
            ],
            "tenant_id": 17,
            "vcpus": 8
          },
          "sensitive_attributes": [],
          "private": "eyJzY2hlbWFfdmVyc2lvbiI6IjEifQ==",
          "dependencies": [
            "netbox_cluster.openstack",
            "netbox_cluster_group.openstack",
            "netbox_cluster_type.kvm",
            "netbox_device_role.server",
            "netbox_tenant.knowit"
          ]
        }
      ]
    },
    {
      "mode": "managed",
      "type": "netbox_virtual_machine",
      "name": "static",
      "provider": "provider[\"registry.terraform.io/e-breuninger/netbox\"]",
      "instances": [
        {
          "schema_version": 1,
          "attributes": {
            "cluster_id": 70,
            "comments": "",
            "custom_fields": null,
            "description": "",
            "device_id": 0,
            "disk_size_gb": 40,
            "id": "959",
            "local_context_data": "{\"os\":{\"activation_key\":\"Faceted-Oil-Scion6\",\"operating_system\":\"rhel-9.2\",\"rhel_org\":\"6207854A\"},\"wireguard\":{\"network\":\"wgdemo\",\"public_key\":\"\",\"role\":\"client\"}}",
            "memory_mb": 8192,
            "name": "static01",
            "platform_id": 0,
            "primary_ipv4": 0,
            "primary_ipv6": 0,
            "role_id": 63,
            "site_id": 0,
            "status": "active",
            "tags": [
              "os_redhat",
              "role_backup"
            ],
            "tenant_id": 17,
            "vcpus": 8
          },
          "sensitive_attributes": [],
          "private": "eyJzY2hlbWFfdmVyc2lvbiI6IjEifQ==",
          "dependencies": [
            "netbox_cluster.openstack",
            "netbox_cluster_group.openstack",
            "netbox_cluster_type.kvm",
            "netbox_device_role.server",
            "netbox_tenant.knowit"
          ]
        }
      ]
    },
    {
      "mode": "managed",
      "type": "netbox_virtual_machine",
      "name": "tltest",
      "provider": "provider[\"registry.terraform.io/e-breuninger/netbox\"]",
      "instances": [
        {
          "index_key": 0,
          "schema_version": 1,
          "attributes": {
            "cluster_id": 68,
            "comments": "",
            "custom_fields": null,
            "description": "",
            "device_id": 0,
            "disk_size_gb": 50,
            "id": "956",
            "local_context_data": "{\"os\":{\"activation_key\":\"Faceted-Oil-Scion6\",\"operating_system\":\"rhel-9.2\",\"rhel_org\":\"6207854A\"},\"wireguard\":{\"network\":\"wgdemo\",\"public_key\":\"\",\"role\":\"client\"}}",
            "memory_mb": 3500,
            "name": "tltest01",
            "platform_id": 0,
            "primary_ipv4": 0,
            "primary_ipv6": 0,
            "role_id": 63,
            "site_id": 0,
            "status": "active",
            "tags": [
              "os_redhat",
              "role_backup"
            ],
            "tenant_id": 17,
            "vcpus": 1
          },
          "sensitive_attributes": [],
          "private": "eyJzY2hlbWFfdmVyc2lvbiI6IjEifQ==",
          "dependencies": [
            "netbox_cluster.openstack",
            "netbox_cluster_group.openstack",
            "netbox_cluster_type.kvm",
            "netbox_device_role.server",
            "netbox_tenant.knowit"
          ]
        },
        {
          "index_key": 1,
          "schema_version": 1,
          "attributes": {
            "cluster_id": 68,
            "comments": "",
            "custom_fields": null,
            "description": "",
            "device_id": 0,
            "disk_size_gb": 50,
            "id": "955",
            "local_context_data": "{\"os\":{\"activation_key\":\"Faceted-Oil-Scion6\",\"operating_system\":\"rhel-9.2\",\"rhel_org\":\"6207854A\"},\"wireguard\":{\"network\":\"wgdemo\",\"public_key\":\"\",\"role\":\"client\"}}",
            "memory_mb": 3500,
            "name": "tltest02",
            "platform_id": 0,
            "primary_ipv4": 0,
            "primary_ipv6": 0,
            "role_id": 63,
            "site_id": 0,
            "status": "active",
            "tags": [
              "os_redhat",
              "role_backup"
            ],
            "tenant_id": 17,
            "vcpus": 1
          },
          "sensitive_attributes": [],
          "private": "eyJzY2hlbWFfdmVyc2lvbiI6IjEifQ==",
          "dependencies": [
            "netbox_cluster.openstack",
            "netbox_cluster_group.openstack",
            "netbox_cluster_type.kvm",
            "netbox_device_role.server",
            "netbox_tenant.knowit"
          ]
        },
        {
          "index_key": 2,
          "schema_version": 1,
          "attributes": {
            "cluster_id": 68,
            "comments": "",
            "custom_fields": null,
            "description": "",
            "device_id": 0,
            "disk_size_gb": 50,
            "id": "934",
            "local_context_data": "{\"os\":{\"activation_key\":\"Faceted-Oil-Scion6\",\"operating_system\":\"rhel-9.2\",\"rhel_org\":\"6207854A\"},\"wireguard\":{\"network\":\"wgdemo\",\"public_key\":\"\",\"role\":\"client\"}}",
            "memory_mb": 3500,
            "name": "tltest03",
            "platform_id": 0,
            "primary_ipv4": 0,
            "primary_ipv6": 0,
            "role_id": 63,
            "site_id": 0,
            "status": "active",
            "tags": [
              "os_redhat",
              "role_backup"
            ],
            "tenant_id": 17,
            "vcpus": 1
          },
          "sensitive_attributes": [],
          "private": "eyJzY2hlbWFfdmVyc2lvbiI6IjEifQ==",
          "dependencies": [
            "netbox_cluster.openstack",
            "netbox_cluster_group.openstack",
            "netbox_cluster_type.kvm",
            "netbox_device_role.server",
            "netbox_tenant.knowit"
          ]
        }
      ]
    },
    {
      "mode": "managed",
      "type": "netbox_virtual_machine",
      "name": "tusassrancher",
      "provider": "provider[\"registry.terraform.io/e-breuninger/netbox\"]",
      "instances": [
        {
          "index_key": 0,
          "schema_version": 1,
          "attributes": {
            "cluster_id": 68,
            "comments": "",
            "custom_fields": null,
            "description": "",
            "device_id": 0,
            "disk_size_gb": 10,
            "id": "953",
            "local_context_data": "{\"os\":{\"activation_key\":\"Faceted-Oil-Scion6\",\"operating_system\":\"rhel-9.2\",\"rhel_org\":\"6207854A\"},\"wireguard\":{\"network\":\"wgdemo\",\"public_key\":\"\",\"role\":\"client\"}}",
            "memory_mb": 3500,
            "name": "tusassrancher01",
            "platform_id": 0,
            "primary_ipv4": 0,
            "primary_ipv6": 0,
            "role_id": 63,
            "site_id": 0,
            "status": "active",
            "tags": [
              "os_redhat",
              "role_backup"
            ],
            "tenant_id": 17,
            "vcpus": 1
          },
          "sensitive_attributes": [],
          "private": "eyJzY2hlbWFfdmVyc2lvbiI6IjEifQ==",
          "dependencies": [
            "netbox_cluster.openstack",
            "netbox_cluster_group.openstack",
            "netbox_cluster_type.kvm",
            "netbox_device_role.server",
            "netbox_tenant.knowit"
          ]
        },
        {
          "index_key": 1,
          "schema_version": 1,
          "attributes": {
            "cluster_id": 68,
            "comments": "",
            "custom_fields": null,
            "description": "",
            "device_id": 0,
            "disk_size_gb": 10,
            "id": "947",
            "local_context_data": "{\"os\":{\"activation_key\":\"Faceted-Oil-Scion6\",\"operating_system\":\"rhel-9.2\",\"rhel_org\":\"6207854A\"},\"wireguard\":{\"network\":\"wgdemo\",\"public_key\":\"\",\"role\":\"client\"}}",
            "memory_mb": 3500,
            "name": "tusassrancher02",
            "platform_id": 0,
            "primary_ipv4": 0,
            "primary_ipv6": 0,
            "role_id": 63,
            "site_id": 0,
            "status": "active",
            "tags": [
              "os_redhat",
              "role_backup"
            ],
            "tenant_id": 17,
            "vcpus": 1
          },
          "sensitive_attributes": [],
          "private": "eyJzY2hlbWFfdmVyc2lvbiI6IjEifQ==",
          "dependencies": [
            "netbox_cluster.openstack",
            "netbox_cluster_group.openstack",
            "netbox_cluster_type.kvm",
            "netbox_device_role.server",
            "netbox_tenant.knowit"
          ]
        },
        {
          "index_key": 2,
          "schema_version": 1,
          "attributes": {
            "cluster_id": 68,
            "comments": "",
            "custom_fields": null,
            "description": "",
            "device_id": 0,
            "disk_size_gb": 10,
            "id": "949",
            "local_context_data": "{\"os\":{\"activation_key\":\"Faceted-Oil-Scion6\",\"operating_system\":\"rhel-9.2\",\"rhel_org\":\"6207854A\"},\"wireguard\":{\"network\":\"wgdemo\",\"public_key\":\"\",\"role\":\"client\"}}",
            "memory_mb": 3500,
            "name": "tusassrancher03",
            "platform_id": 0,
            "primary_ipv4": 0,
            "primary_ipv6": 0,
            "role_id": 63,
            "site_id": 0,
            "status": "active",
            "tags": [
              "os_redhat",
              "role_backup"
            ],
            "tenant_id": 17,
            "vcpus": 1
          },
          "sensitive_attributes": [],
          "private": "eyJzY2hlbWFfdmVyc2lvbiI6IjEifQ==",
          "dependencies": [
            "netbox_cluster.openstack",
            "netbox_cluster_group.openstack",
            "netbox_cluster_type.kvm",
            "netbox_device_role.server",
            "netbox_tenant.knowit"
          ]
        }
      ]
    },
    {
      "mode": "managed",
      "type": "netbox_virtual_machine",
      "name": "tusassrancherctl",
      "provider": "provider[\"registry.terraform.io/e-breuninger/netbox\"]",
      "instances": [
        {
          "index_key": 0,
          "schema_version": 1,
          "attributes": {
            "cluster_id": 68,
            "comments": "",
            "custom_fields": null,
            "description": "",
            "device_id": 0,
            "disk_size_gb": 10,
            "id": "936",
            "local_context_data": "{\"os\":{\"activation_key\":\"Faceted-Oil-Scion6\",\"operating_system\":\"rhel-9.2\",\"rhel_org\":\"6207854A\"},\"wireguard\":{\"network\":\"wgdemo\",\"public_key\":\"\",\"role\":\"client\"}}",
            "memory_mb": 3500,
            "name": "tusassrancherctl01",
            "platform_id": 0,
            "primary_ipv4": 0,
            "primary_ipv6": 0,
            "role_id": 63,
            "site_id": 0,
            "status": "active",
            "tags": [
              "os_redhat",
              "role_backup"
            ],
            "tenant_id": 17,
            "vcpus": 1
          },
          "sensitive_attributes": [],
          "private": "eyJzY2hlbWFfdmVyc2lvbiI6IjEifQ==",
          "dependencies": [
            "netbox_cluster.openstack",
            "netbox_cluster_group.openstack",
            "netbox_cluster_type.kvm",
            "netbox_device_role.server",
            "netbox_tenant.knowit"
          ]
        }
      ]
    },
    {
      "mode": "managed",
      "type": "netbox_virtual_machine",
      "name": "zabbix",
      "provider": "provider[\"registry.terraform.io/e-breuninger/netbox\"]",
      "instances": [
        {
          "index_key": 0,
          "schema_version": 1,
          "attributes": {
            "cluster_id": 69,
            "comments": "",
            "custom_fields": null,
            "description": "",
            "device_id": 0,
            "disk_size_gb": 100,
            "id": "929",
            "local_context_data": "{\"os\":{\"activation_key\":\"Faceted-Oil-Scion6\",\"operating_system\":\"rhel-9.2\",\"rhel_org\":\"6207854A\"},\"wireguard\":{\"network\":\"wgdemo\",\"public_key\":\"\",\"role\":\"client\"}}",
            "memory_mb": 8192,
            "name": "zabbix01",
            "platform_id": 0,
            "primary_ipv4": 0,
            "primary_ipv6": 0,
            "role_id": 63,
            "site_id": 0,
            "status": "active",
            "tags": [
              "os_redhat",
              "role_backup"
            ],
            "tenant_id": 17,
            "vcpus": 2
          },
          "sensitive_attributes": [],
          "private": "eyJzY2hlbWFfdmVyc2lvbiI6IjEifQ==",
          "dependencies": [
            "netbox_cluster.openstack",
            "netbox_cluster_group.openstack",
            "netbox_cluster_type.kvm",
            "netbox_device_role.server",
            "netbox_tenant.knowit"
          ]
        }
      ]
    }
  ],
  "check_results": null
}
