{
  "version": 4,
  "terraform_version": "1.5.4",
  "serial": 6,
  "lineage": "42ea6c7a-df03-08c3-ca1c-eefcdfda1e44",
  "outputs": {},
  "resources": [
    {
      "mode": "managed",
      "type": "netbox_site",
      "name": "example1",
      "provider": "provider[\"registry.terraform.io/e-breuninger/netbox\"]",
      "instances": [
        {
          "schema_version": 0,
          "attributes": {
            "asn_ids": [],
            "custom_fields": null,
            "description": "",
            "facility": "Data center",
            "group_id": 0,
            "id": "61",
            "latitude": -45.4085,
            "longitude": 30.1496,
            "name": "Example site 1",
            "physical_address": "",
            "region_id": 0,
            "shipping_address": "",
            "slug": "example-site-1",
            "status": "staging",
            "tags": [],
            "tenant_id": 0,
            "timezone": "Africa/Johannesburg"
          },
          "sensitive_attributes": [],
          "private": "bnVsbA=="
        }
      ]
    },
    {
      "mode": "managed",
      "type": "netbox_site_group",
      "name": "child",
      "provider": "provider[\"registry.terraform.io/e-breuninger/netbox\"]",
      "instances": [
        {
          "schema_version": 0,
          "attributes": {
            "description": "sample description",
            "id": "70",
            "name": "child",
            "parent_id": 69,
            "slug": "child"
          },
          "sensitive_attributes": [],
          "private": "bnVsbA==",
          "dependencies": [
            "netbox_site_group.parent"
          ]
        }
      ]
    },
    {
      "mode": "managed",
      "type": "netbox_site_group",
      "name": "parent",
      "provider": "provider[\"registry.terraform.io/e-breuninger/netbox\"]",
      "instances": [
        {
          "schema_version": 0,
          "attributes": {
            "description": "sample description",
            "id": "69",
            "name": "parent",
            "parent_id": null,
            "slug": "parent"
          },
          "sensitive_attributes": [],
          "private": "bnVsbA=="
        }
      ]
    },
    {
      "mode": "managed",
      "type": "netbox_user",
      "name": "test",
      "provider": "provider[\"registry.terraform.io/e-breuninger/netbox\"]",
      "instances": [
        {
          "schema_version": 0,
          "attributes": {
            "active": true,
            "id": "6",
            "password": "abcdefghijkl",
            "staff": true,
            "username": "johndoe"
          },
          "sensitive_attributes": [],
          "private": "bnVsbA=="
        }
      ]
    }
  ],
  "check_results": null
}
