{
  "version": 4,
  "terraform_version": "1.9.0",
  "serial": 538,
  "lineage": "7180fe9b-7215-f5e3-2378-b84a7cb6d849",
  "outputs": {},
  "resources": [
    {
      "mode": "managed",
      "type": "netbox_cluster",
      "name": "dashapp",
      "provider": "provider[\"registry.terraform.io/e-breuninger/netbox\"]",
      "instances": [
        {
          "schema_version": 0,
          "attributes": {
            "cluster_group_id": 82,
            "cluster_type_id": 56,
            "comments": "",
            "description": "",
            "id": "143",
            "name": "dashapp",
            "site_id": 0,
            "tags": [],
            "tenant_id": 0
          },
          "sensitive_attributes": [],
          "private": "bnVsbA==",
          "dependencies": [
            "netbox_cluster_group.dash",
            "netbox_cluster_type.kvm"
          ]
        }
      ]
    },
    {
      "mode": "managed",
      "type": "netbox_cluster",
      "name": "dashrf",
      "provider": "provider[\"registry.terraform.io/e-breuninger/netbox\"]",
      "instances": [
        {
          "schema_version": 0,
          "attributes": {
            "cluster_group_id": 81,
            "cluster_type_id": 56,
            "comments": "",
            "description": "",
            "id": "142",
            "name": "dashrf.openknowit.com",
            "site_id": 0,
            "tags": [],
            "tenant_id": 0
          },
          "sensitive_attributes": [],
          "private": "bnVsbA==",
          "dependencies": [
            "netbox_cluster_group.openstack",
            "netbox_cluster_type.kvm"
          ]
        }
      ]
    },
    {
      "mode": "managed",
      "type": "netbox_cluster",
      "name": "egon",
      "provider": "provider[\"registry.terraform.io/e-breuninger/netbox\"]",
      "instances": [
        {
          "schema_version": 0,
          "attributes": {
            "cluster_group_id": 80,
            "cluster_type_id": 56,
            "comments": "",
            "description": "",
            "id": "141",
            "name": "egon.openknowit.com",
            "site_id": 0,
            "tags": [],
            "tenant_id": 0
          },
          "sensitive_attributes": [],
          "private": "bnVsbA==",
          "dependencies": [
            "netbox_cluster_group.jaho",
            "netbox_cluster_type.kvm"
          ]
        }
      ]
    },
    {
      "mode": "managed",
      "type": "netbox_cluster",
      "name": "openstack",
      "provider": "provider[\"registry.terraform.io/e-breuninger/netbox\"]",
      "instances": [
        {
          "index_key": 0,
          "schema_version": 0,
          "attributes": {
            "cluster_group_id": 81,
            "cluster_type_id": 56,
            "comments": "",
            "description": "",
            "id": "145",
            "name": "openstack01.openknowit.com",
            "site_id": 0,
            "tags": [],
            "tenant_id": 0
          },
          "sensitive_attributes": [],
          "private": "bnVsbA==",
          "dependencies": [
            "netbox_cluster_group.openstack",
            "netbox_cluster_type.kvm"
          ]
        },
        {
          "index_key": 1,
          "schema_version": 0,
          "attributes": {
            "cluster_group_id": 81,
            "cluster_type_id": 56,
            "comments": "",
            "description": "",
            "id": "144",
            "name": "openstack02.openknowit.com",
            "site_id": 0,
            "tags": [],
            "tenant_id": 0
          },
          "sensitive_attributes": [],
          "private": "bnVsbA==",
          "dependencies": [
            "netbox_cluster_group.openstack",
            "netbox_cluster_type.kvm"
          ]
        },
        {
          "index_key": 2,
          "schema_version": 0,
          "attributes": {
            "cluster_group_id": 81,
            "cluster_type_id": 56,
            "comments": "",
            "description": "",
            "id": "146",
            "name": "openstack03.openknowit.com",
            "site_id": 0,
            "tags": [],
            "tenant_id": 0
          },
          "sensitive_attributes": [],
          "private": "bnVsbA==",
          "dependencies": [
            "netbox_cluster_group.openstack",
            "netbox_cluster_type.kvm"
          ]
        }
      ]
    },
    {
      "mode": "managed",
      "type": "netbox_cluster",
      "name": "ssh",
      "provider": "provider[\"registry.terraform.io/e-breuninger/netbox\"]",
      "instances": [
        {
          "schema_version": 0,
          "attributes": {
            "cluster_group_id": 80,
            "cluster_type_id": 56,
            "comments": "",
            "description": "",
            "id": "140",
            "name": "ssh.openknowit.com",
            "site_id": 0,
            "tags": [],
            "tenant_id": 0
          },
          "sensitive_attributes": [],
          "private": "bnVsbA==",
          "dependencies": [
            "netbox_cluster_group.jaho",
            "netbox_cluster_type.kvm"
          ]
        }
      ]
    },
    {
      "mode": "managed",
      "type": "netbox_cluster_group",
      "name": "dash",
      "provider": "provider[\"registry.terraform.io/e-breuninger/netbox\"]",
      "instances": [
        {
          "schema_version": 0,
          "attributes": {
            "description": "kvm Servers dash",
            "id": "82",
            "name": "dash",
            "slug": "dash"
          },
          "sensitive_attributes": [],
          "private": "bnVsbA=="
        }
      ]
    },
    {
      "mode": "managed",
      "type": "netbox_cluster_group",
      "name": "jaho",
      "provider": "provider[\"registry.terraform.io/e-breuninger/netbox\"]",
      "instances": [
        {
          "schema_version": 0,
          "attributes": {
            "description": "Servers used for jaho",
            "id": "80",
            "name": "jaho",
            "slug": "jaho"
          },
          "sensitive_attributes": [],
          "private": "bnVsbA=="
        }
      ]
    },
    {
      "mode": "managed",
      "type": "netbox_cluster_group",
      "name": "openstack",
      "provider": "provider[\"registry.terraform.io/e-breuninger/netbox\"]",
      "instances": [
        {
          "schema_version": 0,
          "attributes": {
            "description": "Servers used for openstack demo",
            "id": "81",
            "name": "openstack",
            "slug": "openstack"
          },
          "sensitive_attributes": [],
          "private": "bnVsbA=="
        }
      ]
    },
    {
      "mode": "managed",
      "type": "netbox_cluster_group",
      "name": "tusass",
      "provider": "provider[\"registry.terraform.io/e-breuninger/netbox\"]",
      "instances": [
        {
          "schema_version": 0,
          "attributes": {
            "description": "kvm Servers used for tusass",
            "id": "83",
            "name": "tusass",
            "slug": "tusass"
          },
          "sensitive_attributes": [],
          "private": "bnVsbA=="
        }
      ]
    },
    {
      "mode": "managed",
      "type": "netbox_cluster_type",
      "name": "kvm",
      "provider": "provider[\"registry.terraform.io/e-breuninger/netbox\"]",
      "instances": [
        {
          "schema_version": 0,
          "attributes": {
            "id": "56",
            "name": "Native linux libvirt kvm",
            "slug": "native-linux-libvirt-kvm"
          },
          "sensitive_attributes": [],
          "private": "bnVsbA=="
        }
      ]
    },
    {
      "mode": "managed",
      "type": "netbox_device",
      "name": "flemming",
      "provider": "provider[\"registry.terraform.io/e-breuninger/netbox\"]",
      "instances": [
        {
          "schema_version": 0,
          "attributes": {
            "asset_tag": "",
            "cluster_id": 0,
            "comments": "",
            "custom_fields": null,
            "description": "",
            "device_type_id": 32,
            "id": "70",
            "local_context_data": "",
            "location_id": 0,
            "name": "flemming",
            "platform_id": 0,
            "primary_ipv4": 0,
            "primary_ipv6": 0,
            "rack_face": "",
            "rack_id": 0,
            "rack_position": 0,
            "role_id": 169,
            "serial": "",
            "site_id": 136,
            "status": "active",
            "tags": [],
            "tenant_id": 0,
            "virtual_chassis_id": 0,
            "virtual_chassis_master": false,
            "virtual_chassis_position": 0,
            "virtual_chassis_priority": 0
          },
          "sensitive_attributes": [],
          "private": "bnVsbA==",
          "dependencies": [
            "netbox_device_role.workstation",
            "netbox_device_type.nuc",
            "netbox_manufacturer.Intel",
            "netbox_site.bremen"
          ]
        }
      ]
    },
    {
      "mode": "managed",
      "type": "netbox_device_role",
      "name": "ansible",
      "provider": "provider[\"registry.terraform.io/e-breuninger/netbox\"]",
      "instances": [
        {
          "schema_version": 0,
          "attributes": {
            "color_hex": "aabbcc",
            "description": "",
            "id": "174",
            "name": "ansible",
            "slug": "ansible",
            "tags": [],
            "vm_role": true
          },
          "sensitive_attributes": [],
          "private": "bnVsbA=="
        }
      ]
    },
    {
      "mode": "managed",
      "type": "netbox_device_role",
      "name": "default",
      "provider": "provider[\"registry.terraform.io/e-breuninger/netbox\"]",
      "instances": [
        {
          "schema_version": 0,
          "attributes": {
            "color_hex": "fff0ff",
            "description": "",
            "id": "171",
            "name": "default",
            "slug": "default",
            "tags": [],
            "vm_role": true
          },
          "sensitive_attributes": [],
          "private": "bnVsbA=="
        }
      ]
    },
    {
      "mode": "managed",
      "type": "netbox_device_role",
      "name": "server",
      "provider": "provider[\"registry.terraform.io/e-breuninger/netbox\"]",
      "instances": [
        {
          "schema_version": 0,
          "attributes": {
            "color_hex": "ff40ff",
            "description": "",
            "id": "170",
            "name": "server",
            "slug": "server",
            "tags": [],
            "vm_role": true
          },
          "sensitive_attributes": [],
          "private": "bnVsbA=="
        }
      ]
    },
    {
      "mode": "managed",
      "type": "netbox_device_role",
      "name": "slurm",
      "provider": "provider[\"registry.terraform.io/e-breuninger/netbox\"]",
      "instances": [
        {
          "schema_version": 0,
          "attributes": {
            "color_hex": "fcc0cf",
            "description": "",
            "id": "173",
            "name": "slurm",
            "slug": "slurm",
            "tags": [],
            "vm_role": true
          },
          "sensitive_attributes": [],
          "private": "bnVsbA=="
        }
      ]
    },
    {
      "mode": "managed",
      "type": "netbox_device_role",
      "name": "swarm",
      "provider": "provider[\"registry.terraform.io/e-breuninger/netbox\"]",
      "instances": [
        {
          "schema_version": 0,
          "attributes": {
            "color_hex": "00c0cf",
            "description": "",
            "id": "175",
            "name": "swarm",
            "slug": "swarm",
            "tags": [],
            "vm_role": true
          },
          "sensitive_attributes": [],
          "private": "bnVsbA=="
        }
      ]
    },
    {
      "mode": "managed",
      "type": "netbox_device_role",
      "name": "virtualserver",
      "provider": "provider[\"registry.terraform.io/e-breuninger/netbox\"]",
      "instances": [
        {
          "schema_version": 0,
          "attributes": {
            "color_hex": "ff00ff",
            "description": "",
            "id": "172",
            "name": "virtual",
            "slug": "virtual",
            "tags": [],
            "vm_role": true
          },
          "sensitive_attributes": [],
          "private": "bnVsbA=="
        }
      ]
    },
    {
      "mode": "managed",
      "type": "netbox_device_role",
      "name": "workstation",
      "provider": "provider[\"registry.terraform.io/e-breuninger/netbox\"]",
      "instances": [
        {
          "schema_version": 0,
          "attributes": {
            "color_hex": "ff0000",
            "description": "",
            "id": "169",
            "name": "workstation",
            "slug": "workstation",
            "tags": [],
            "vm_role": true
          },
          "sensitive_attributes": [],
          "private": "bnVsbA=="
        }
      ]
    },
    {
      "mode": "managed",
      "type": "netbox_device_type",
      "name": "P1",
      "provider": "provider[\"registry.terraform.io/e-breuninger/netbox\"]",
      "instances": [
        {
          "schema_version": 0,
          "attributes": {
            "id": "31",
            "is_full_depth": false,
            "manufacturer_id": 40,
            "model": "P1",
            "part_number": "123",
            "slug": "p1",
            "tags": [],
            "u_height": 1
          },
          "sensitive_attributes": [],
          "private": "bnVsbA==",
          "dependencies": [
            "netbox_manufacturer.Lenovo"
          ]
        }
      ]
    },
    {
      "mode": "managed",
      "type": "netbox_device_type",
      "name": "nuc",
      "provider": "provider[\"registry.terraform.io/e-breuninger/netbox\"]",
      "instances": [
        {
          "schema_version": 0,
          "attributes": {
            "id": "32",
            "is_full_depth": false,
            "manufacturer_id": 41,
            "model": "nuc",
            "part_number": "123",
            "slug": "nuc",
            "tags": [],
            "u_height": 1
          },
          "sensitive_attributes": [],
          "private": "bnVsbA==",
          "dependencies": [
            "netbox_manufacturer.Intel"
          ]
        }
      ]
    },
    {
      "mode": "managed",
      "type": "netbox_location",
      "name": "falkenstein",
      "provider": "provider[\"registry.terraform.io/e-breuninger/netbox\"]",
      "instances": [
        {
          "index_key": 0,
          "schema_version": 0,
          "attributes": {
            "custom_fields": null,
            "description": "my description",
            "id": "73",
            "name": "falkenstein",
            "parent_id": 0,
            "site_id": 135,
            "slug": "falkenstein",
            "tags": [],
            "tenant_id": 75
          },
          "sensitive_attributes": [],
          "private": "bnVsbA==",
          "dependencies": [
            "netbox_site.fsn1",
            "netbox_tenant.knowit"
          ]
        }
      ]
    },
    {
      "mode": "managed",
      "type": "netbox_manufacturer",
      "name": "Intel",
      "provider": "provider[\"registry.terraform.io/e-breuninger/netbox\"]",
      "instances": [
        {
          "schema_version": 0,
          "attributes": {
            "id": "41",
            "name": "Intel",
            "slug": "intel"
          },
          "sensitive_attributes": [],
          "private": "bnVsbA=="
        }
      ]
    },
    {
      "mode": "managed",
      "type": "netbox_manufacturer",
      "name": "Lenovo",
      "provider": "provider[\"registry.terraform.io/e-breuninger/netbox\"]",
      "instances": [
        {
          "schema_version": 0,
          "attributes": {
            "id": "40",
            "name": "lenovo",
            "slug": "lenovo"
          },
          "sensitive_attributes": [],
          "private": "bnVsbA=="
        }
      ]
    },
    {
      "mode": "managed",
      "type": "netbox_platform",
      "name": "PANOS",
      "provider": "provider[\"registry.terraform.io/e-breuninger/netbox\"]",
      "instances": [
        {
          "schema_version": 0,
          "attributes": {
            "id": "10",
            "name": "PANOS",
            "slug": "panos"
          },
          "sensitive_attributes": [],
          "private": "bnVsbA=="
        }
      ]
    },
    {
      "mode": "managed",
      "type": "netbox_rack",
      "name": "fcn1_rack1",
      "provider": "provider[\"registry.terraform.io/e-breuninger/netbox\"]",
      "instances": [
        {
          "index_key": 0,
          "schema_version": 0,
          "attributes": {
            "asset_tag": "",
            "comments": "",
            "custom_fields": null,
            "desc_units": false,
            "description": "",
            "facility_id": "",
            "id": "58",
            "location_id": 0,
            "max_weight": 0,
            "mounting_depth": 0,
            "name": "fcn1_dc01_rack1",
            "outer_depth": 0,
            "outer_unit": "",
            "outer_width": 0,
            "role_id": 0,
            "serial": "",
            "site_id": 135,
            "status": "reserved",
            "tags": [],
            "tenant_id": 0,
            "type": "",
            "u_height": 48,
            "weight": 0,
            "weight_unit": "",
            "width": 19
          },
          "sensitive_attributes": [],
          "private": "bnVsbA==",
          "dependencies": [
            "netbox_site.fsn1"
          ]
        },
        {
          "index_key": 1,
          "schema_version": 0,
          "attributes": {
            "asset_tag": "",
            "comments": "",
            "custom_fields": null,
            "desc_units": false,
            "description": "",
            "facility_id": "",
            "id": "61",
            "location_id": 0,
            "max_weight": 0,
            "mounting_depth": 0,
            "name": "fcn1_dc02_rack1",
            "outer_depth": 0,
            "outer_unit": "",
            "outer_width": 0,
            "role_id": 0,
            "serial": "",
            "site_id": 134,
            "status": "reserved",
            "tags": [],
            "tenant_id": 0,
            "type": "",
            "u_height": 48,
            "weight": 0,
            "weight_unit": "",
            "width": 19
          },
          "sensitive_attributes": [],
          "private": "bnVsbA==",
          "dependencies": [
            "netbox_site.fsn1"
          ]
        },
        {
          "index_key": 2,
          "schema_version": 0,
          "attributes": {
            "asset_tag": "",
            "comments": "",
            "custom_fields": null,
            "desc_units": false,
            "description": "",
            "facility_id": "",
            "id": "62",
            "location_id": 0,
            "max_weight": 0,
            "mounting_depth": 0,
            "name": "fcn1_dc03_rack1",
            "outer_depth": 0,
            "outer_unit": "",
            "outer_width": 0,
            "role_id": 0,
            "serial": "",
            "site_id": 133,
            "status": "reserved",
            "tags": [],
            "tenant_id": 0,
            "type": "",
            "u_height": 48,
            "weight": 0,
            "weight_unit": "",
            "width": 19
          },
          "sensitive_attributes": [],
          "private": "bnVsbA==",
          "dependencies": [
            "netbox_site.fsn1"
          ]
        },
        {
          "index_key": 3,
          "schema_version": 0,
          "attributes": {
            "asset_tag": "",
            "comments": "",
            "custom_fields": null,
            "desc_units": false,
            "description": "",
            "facility_id": "",
            "id": "59",
            "location_id": 0,
            "max_weight": 0,
            "mounting_depth": 0,
            "name": "fcn1_dc04_rack1",
            "outer_depth": 0,
            "outer_unit": "",
            "outer_width": 0,
            "role_id": 0,
            "serial": "",
            "site_id": 130,
            "status": "reserved",
            "tags": [],
            "tenant_id": 0,
            "type": "",
            "u_height": 48,
            "weight": 0,
            "weight_unit": "",
            "width": 19
          },
          "sensitive_attributes": [],
          "private": "bnVsbA==",
          "dependencies": [
            "netbox_site.fsn1"
          ]
        },
        {
          "index_key": 4,
          "schema_version": 0,
          "attributes": {
            "asset_tag": "",
            "comments": "",
            "custom_fields": null,
            "desc_units": false,
            "description": "",
            "facility_id": "",
            "id": "57",
            "location_id": 0,
            "max_weight": 0,
            "mounting_depth": 0,
            "name": "fcn1_dc05_rack1",
            "outer_depth": 0,
            "outer_unit": "",
            "outer_width": 0,
            "role_id": 0,
            "serial": "",
            "site_id": 131,
            "status": "reserved",
            "tags": [],
            "tenant_id": 0,
            "type": "",
            "u_height": 48,
            "weight": 0,
            "weight_unit": "",
            "width": 19
          },
          "sensitive_attributes": [],
          "private": "bnVsbA==",
          "dependencies": [
            "netbox_site.fsn1"
          ]
        },
        {
          "index_key": 5,
          "schema_version": 0,
          "attributes": {
            "asset_tag": "",
            "comments": "",
            "custom_fields": null,
            "desc_units": false,
            "description": "",
            "facility_id": "",
            "id": "60",
            "location_id": 0,
            "max_weight": 0,
            "mounting_depth": 0,
            "name": "fcn1_dc06_rack1",
            "outer_depth": 0,
            "outer_unit": "",
            "outer_width": 0,
            "role_id": 0,
            "serial": "",
            "site_id": 132,
            "status": "reserved",
            "tags": [],
            "tenant_id": 0,
            "type": "",
            "u_height": 48,
            "weight": 0,
            "weight_unit": "",
            "width": 19
          },
          "sensitive_attributes": [],
          "private": "bnVsbA==",
          "dependencies": [
            "netbox_site.fsn1"
          ]
        }
      ]
    },
    {
      "mode": "managed",
      "type": "netbox_rack_role",
      "name": "test",
      "provider": "provider[\"registry.terraform.io/e-breuninger/netbox\"]",
      "instances": [
        {
          "schema_version": 0,
          "attributes": {
            "color_hex": "111111",
            "description": "",
            "id": "12",
            "name": "test",
            "slug": "test",
            "tags": []
          },
          "sensitive_attributes": [],
          "private": "bnVsbA=="
        }
      ]
    },
    {
      "mode": "managed",
      "type": "netbox_region",
      "name": "germany",
      "provider": "provider[\"registry.terraform.io/e-breuninger/netbox\"]",
      "instances": [
        {
          "schema_version": 0,
          "attributes": {
            "description": "germany",
            "id": "30",
            "name": "germany",
            "parent_region_id": 0,
            "slug": "germany"
          },
          "sensitive_attributes": [],
          "private": "bnVsbA=="
        }
      ]
    },
    {
      "mode": "managed",
      "type": "netbox_site",
      "name": "bremen",
      "provider": "provider[\"registry.terraform.io/e-breuninger/netbox\"]",
      "instances": [
        {
          "schema_version": 0,
          "attributes": {
            "asn_ids": [],
            "custom_fields": null,
            "description": "",
            "facility": "Office",
            "group_id": 0,
            "id": "136",
            "latitude": 55.676,
            "longitude": 12.5649,
            "name": "bremen",
            "physical_address": "",
            "region_id": 0,
            "shipping_address": "",
            "slug": "bremen",
            "status": "active",
            "tags": [],
            "tenant_id": 0,
            "timezone": "Europe/Copenhagen"
          },
          "sensitive_attributes": [],
          "private": "bnVsbA=="
        }
      ]
    },
    {
      "mode": "managed",
      "type": "netbox_site",
      "name": "fsn1",
      "provider": "provider[\"registry.terraform.io/e-breuninger/netbox\"]",
      "instances": [
        {
          "index_key": 0,
          "schema_version": 0,
          "attributes": {
            "asn_ids": [],
            "custom_fields": null,
            "description": "",
            "facility": "Data center",
            "group_id": 0,
            "id": "135",
            "latitude": 50.4779,
            "longitude": 12.3714,
            "name": "fsn1-dc1",
            "physical_address": "",
            "region_id": 0,
            "shipping_address": "",
            "slug": "fsn1-dc1",
            "status": "staging",
            "tags": [],
            "tenant_id": 0,
            "timezone": "Europe/Berlin"
          },
          "sensitive_attributes": [],
          "private": "bnVsbA=="
        },
        {
          "index_key": 1,
          "schema_version": 0,
          "attributes": {
            "asn_ids": [],
            "custom_fields": null,
            "description": "",
            "facility": "Data center",
            "group_id": 0,
            "id": "134",
            "latitude": 50.4779,
            "longitude": 12.3714,
            "name": "fsn1-dc2",
            "physical_address": "",
            "region_id": 0,
            "shipping_address": "",
            "slug": "fsn1-dc2",
            "status": "staging",
            "tags": [],
            "tenant_id": 0,
            "timezone": "Europe/Berlin"
          },
          "sensitive_attributes": [],
          "private": "bnVsbA=="
        },
        {
          "index_key": 2,
          "schema_version": 0,
          "attributes": {
            "asn_ids": [],
            "custom_fields": null,
            "description": "",
            "facility": "Data center",
            "group_id": 0,
            "id": "133",
            "latitude": 50.4779,
            "longitude": 12.3714,
            "name": "fsn1-dc3",
            "physical_address": "",
            "region_id": 0,
            "shipping_address": "",
            "slug": "fsn1-dc3",
            "status": "staging",
            "tags": [],
            "tenant_id": 0,
            "timezone": "Europe/Berlin"
          },
          "sensitive_attributes": [],
          "private": "bnVsbA=="
        },
        {
          "index_key": 3,
          "schema_version": 0,
          "attributes": {
            "asn_ids": [],
            "custom_fields": null,
            "description": "",
            "facility": "Data center",
            "group_id": 0,
            "id": "130",
            "latitude": 50.4779,
            "longitude": 12.3714,
            "name": "fsn1-dc4",
            "physical_address": "",
            "region_id": 0,
            "shipping_address": "",
            "slug": "fsn1-dc4",
            "status": "staging",
            "tags": [],
            "tenant_id": 0,
            "timezone": "Europe/Berlin"
          },
          "sensitive_attributes": [],
          "private": "bnVsbA=="
        },
        {
          "index_key": 4,
          "schema_version": 0,
          "attributes": {
            "asn_ids": [],
            "custom_fields": null,
            "description": "",
            "facility": "Data center",
            "group_id": 0,
            "id": "131",
            "latitude": 50.4779,
            "longitude": 12.3714,
            "name": "fsn1-dc5",
            "physical_address": "",
            "region_id": 0,
            "shipping_address": "",
            "slug": "fsn1-dc5",
            "status": "staging",
            "tags": [],
            "tenant_id": 0,
            "timezone": "Europe/Berlin"
          },
          "sensitive_attributes": [],
          "private": "bnVsbA=="
        },
        {
          "index_key": 5,
          "schema_version": 0,
          "attributes": {
            "asn_ids": [],
            "custom_fields": null,
            "description": "",
            "facility": "Data center",
            "group_id": 0,
            "id": "132",
            "latitude": 50.4779,
            "longitude": 12.3714,
            "name": "fsn1-dc6",
            "physical_address": "",
            "region_id": 0,
            "shipping_address": "",
            "slug": "fsn1-dc6",
            "status": "staging",
            "tags": [],
            "tenant_id": 0,
            "timezone": "Europe/Berlin"
          },
          "sensitive_attributes": [],
          "private": "bnVsbA=="
        }
      ]
    },
    {
      "mode": "managed",
      "type": "netbox_site_group",
      "name": "child",
      "provider": "provider[\"registry.terraform.io/e-breuninger/netbox\"]",
      "instances": [
        {
          "schema_version": 0,
          "attributes": {
            "description": "sample description",
            "id": "93",
            "name": "child",
            "parent_id": 92,
            "slug": "child"
          },
          "sensitive_attributes": [],
          "private": "bnVsbA==",
          "dependencies": [
            "netbox_site_group.parent"
          ]
        }
      ]
    },
    {
      "mode": "managed",
      "type": "netbox_site_group",
      "name": "parent",
      "provider": "provider[\"registry.terraform.io/e-breuninger/netbox\"]",
      "instances": [
        {
          "schema_version": 0,
          "attributes": {
            "description": "sample description",
            "id": "92",
            "name": "parent",
            "parent_id": null,
            "slug": "parent"
          },
          "sensitive_attributes": [],
          "private": "bnVsbA=="
        }
      ]
    },
    {
      "mode": "managed",
      "type": "netbox_tag",
      "name": "openshiftmaster",
      "provider": "provider[\"registry.terraform.io/e-breuninger/netbox\"]",
      "instances": [
        {
          "schema_version": 0,
          "attributes": {
            "color_hex": "90ee90",
            "description": "",
            "id": "253",
            "name": "openshiftmaster",
            "slug": "openshiftmaster",
            "tags": null
          },
          "sensitive_attributes": [],
          "private": "bnVsbA=="
        }
      ]
    },
    {
      "mode": "managed",
      "type": "netbox_tag",
      "name": "os_debian",
      "provider": "provider[\"registry.terraform.io/e-breuninger/netbox\"]",
      "instances": [
        {
          "schema_version": 0,
          "attributes": {
            "color_hex": "b0e0e6",
            "description": "",
            "id": "248",
            "name": "os_debian",
            "slug": "os_debian",
            "tags": null
          },
          "sensitive_attributes": [],
          "private": "bnVsbA=="
        }
      ]
    },
    {
      "mode": "managed",
      "type": "netbox_tag",
      "name": "os_linux",
      "provider": "provider[\"registry.terraform.io/e-breuninger/netbox\"]",
      "instances": [
        {
          "schema_version": 0,
          "attributes": {
            "color_hex": "87cefa",
            "description": "",
            "id": "256",
            "name": "os_linux",
            "slug": "os_linux",
            "tags": null
          },
          "sensitive_attributes": [],
          "private": "bnVsbA=="
        }
      ]
    },
    {
      "mode": "managed",
      "type": "netbox_tag",
      "name": "os_redhat",
      "provider": "provider[\"registry.terraform.io/e-breuninger/netbox\"]",
      "instances": [
        {
          "schema_version": 0,
          "attributes": {
            "color_hex": "ff4500",
            "description": "",
            "id": "258",
            "name": "os_redhat",
            "slug": "os_redhat",
            "tags": null
          },
          "sensitive_attributes": [],
          "private": "bnVsbA=="
        }
      ]
    },
    {
      "mode": "managed",
      "type": "netbox_tag",
      "name": "os_ubuntu",
      "provider": "provider[\"registry.terraform.io/e-breuninger/netbox\"]",
      "instances": [
        {
          "schema_version": 0,
          "attributes": {
            "color_hex": "ffa500",
            "description": "",
            "id": "243",
            "name": "os_ubuntu",
            "slug": "os_ubuntu",
            "tags": null
          },
          "sensitive_attributes": [],
          "private": "bnVsbA=="
        }
      ]
    },
    {
      "mode": "managed",
      "type": "netbox_tag",
      "name": "os_win2022",
      "provider": "provider[\"registry.terraform.io/e-breuninger/netbox\"]",
      "instances": [
        {
          "schema_version": 0,
          "attributes": {
            "color_hex": "0000ff",
            "description": "",
            "id": "249",
            "name": "os_win2022",
            "slug": "os_win2022",
            "tags": null
          },
          "sensitive_attributes": [],
          "private": "bnVsbA=="
        }
      ]
    },
    {
      "mode": "managed",
      "type": "netbox_tag",
      "name": "os_windows",
      "provider": "provider[\"registry.terraform.io/e-breuninger/netbox\"]",
      "instances": [
        {
          "schema_version": 0,
          "attributes": {
            "color_hex": "90ee90",
            "description": "",
            "id": "239",
            "name": "os_windows",
            "slug": "os_windows",
            "tags": null
          },
          "sensitive_attributes": [],
          "private": "bnVsbA=="
        }
      ]
    },
    {
      "mode": "managed",
      "type": "netbox_tag",
      "name": "role_backup",
      "provider": "provider[\"registry.terraform.io/e-breuninger/netbox\"]",
      "instances": [
        {
          "schema_version": 0,
          "attributes": {
            "color_hex": "00ffff",
            "description": "",
            "id": "260",
            "name": "role_backup",
            "slug": "role_backup",
            "tags": null
          },
          "sensitive_attributes": [],
          "private": "bnVsbA=="
        }
      ]
    },
    {
      "mode": "managed",
      "type": "netbox_tag",
      "name": "role_kalm",
      "provider": "provider[\"registry.terraform.io/e-breuninger/netbox\"]",
      "instances": [
        {
          "schema_version": 0,
          "attributes": {
            "color_hex": "00ffff",
            "description": "",
            "id": "252",
            "name": "role_kalm",
            "slug": "role_kalm",
            "tags": null
          },
          "sensitive_attributes": [],
          "private": "bnVsbA=="
        }
      ]
    },
    {
      "mode": "managed",
      "type": "netbox_tag",
      "name": "role_wireguard",
      "provider": "provider[\"registry.terraform.io/e-breuninger/netbox\"]",
      "instances": [
        {
          "schema_version": 0,
          "attributes": {
            "color_hex": "0000ff",
            "description": "",
            "id": "257",
            "name": "role_wireguard",
            "slug": "role_wireguard",
            "tags": null
          },
          "sensitive_attributes": [],
          "private": "bnVsbA=="
        }
      ]
    },
    {
      "mode": "managed",
      "type": "netbox_tag",
      "name": "role_zabbix",
      "provider": "provider[\"registry.terraform.io/e-breuninger/netbox\"]",
      "instances": [
        {
          "schema_version": 0,
          "attributes": {
            "color_hex": "00ffff",
            "description": "",
            "id": "244",
            "name": "role_zabbix",
            "slug": "role_zabbix",
            "tags": null
          },
          "sensitive_attributes": [],
          "private": "bnVsbA=="
        }
      ]
    },
    {
      "mode": "managed",
      "type": "netbox_tag",
      "name": "service_nfsserver",
      "provider": "provider[\"registry.terraform.io/e-breuninger/netbox\"]",
      "instances": [
        {
          "schema_version": 0,
          "attributes": {
            "color_hex": "0000ff",
            "description": "",
            "id": "246",
            "name": "service_nfsserver",
            "slug": "service_nfsserver",
            "tags": null
          },
          "sensitive_attributes": [],
          "private": "bnVsbA=="
        }
      ]
    },
    {
      "mode": "managed",
      "type": "netbox_tag",
      "name": "service_openshiftmaster",
      "provider": "provider[\"registry.terraform.io/e-breuninger/netbox\"]",
      "instances": [
        {
          "schema_version": 0,
          "attributes": {
            "color_hex": "0000ff",
            "description": "",
            "id": "254",
            "name": "service_openshiftmaster",
            "slug": "service_openshiftmaster",
            "tags": null
          },
          "sensitive_attributes": [],
          "private": "bnVsbA=="
        }
      ]
    },
    {
      "mode": "managed",
      "type": "netbox_tag",
      "name": "service_openshiftworker",
      "provider": "provider[\"registry.terraform.io/e-breuninger/netbox\"]",
      "instances": [
        {
          "schema_version": 0,
          "attributes": {
            "color_hex": "0000ff",
            "description": "",
            "id": "259",
            "name": "service_openshiftworker",
            "slug": "service_openshiftworker",
            "tags": null
          },
          "sensitive_attributes": [],
          "private": "bnVsbA=="
        }
      ]
    },
    {
      "mode": "managed",
      "type": "netbox_tag",
      "name": "service_openstackovercloud",
      "provider": "provider[\"registry.terraform.io/e-breuninger/netbox\"]",
      "instances": [
        {
          "schema_version": 0,
          "attributes": {
            "color_hex": "0000ff",
            "description": "",
            "id": "242",
            "name": "service_openstackovercloud",
            "slug": "service_openstackovercloud",
            "tags": null
          },
          "sensitive_attributes": [],
          "private": "bnVsbA=="
        }
      ]
    },
    {
      "mode": "managed",
      "type": "netbox_tag",
      "name": "service_openstackundercloud",
      "provider": "provider[\"registry.terraform.io/e-breuninger/netbox\"]",
      "instances": [
        {
          "schema_version": 0,
          "attributes": {
            "color_hex": "0000ff",
            "description": "",
            "id": "247",
            "name": "service_openstackundercloud",
            "slug": "service_openstackundercloud",
            "tags": null
          },
          "sensitive_attributes": [],
          "private": "bnVsbA=="
        }
      ]
    },
    {
      "mode": "managed",
      "type": "netbox_tag",
      "name": "service_satellite",
      "provider": "provider[\"registry.terraform.io/e-breuninger/netbox\"]",
      "instances": [
        {
          "schema_version": 0,
          "attributes": {
            "color_hex": "0000ff",
            "description": "",
            "id": "240",
            "name": "service_satellite",
            "slug": "service_satellite",
            "tags": null
          },
          "sensitive_attributes": [],
          "private": "bnVsbA=="
        }
      ]
    },
    {
      "mode": "managed",
      "type": "netbox_tag",
      "name": "sla_prerproduction",
      "provider": "provider[\"registry.terraform.io/e-breuninger/netbox\"]",
      "instances": [
        {
          "schema_version": 0,
          "attributes": {
            "color_hex": "ffff00",
            "description": "",
            "id": "255",
            "name": "sla_prerproduction",
            "slug": "sla_prerproduction",
            "tags": null
          },
          "sensitive_attributes": [],
          "private": "bnVsbA=="
        }
      ]
    },
    {
      "mode": "managed",
      "type": "netbox_tag",
      "name": "sla_production",
      "provider": "provider[\"registry.terraform.io/e-breuninger/netbox\"]",
      "instances": [
        {
          "schema_version": 0,
          "attributes": {
            "color_hex": "ff0000",
            "description": "",
            "id": "250",
            "name": "sla_production",
            "slug": "sla_production",
            "tags": null
          },
          "sensitive_attributes": [],
          "private": "bnVsbA=="
        }
      ]
    },
    {
      "mode": "managed",
      "type": "netbox_tag",
      "name": "sla_qa",
      "provider": "provider[\"registry.terraform.io/e-breuninger/netbox\"]",
      "instances": [
        {
          "schema_version": 0,
          "attributes": {
            "color_hex": "0000ff",
            "description": "",
            "id": "241",
            "name": "sla_qa",
            "slug": "sla_qa",
            "tags": null
          },
          "sensitive_attributes": [],
          "private": "bnVsbA=="
        }
      ]
    },
    {
      "mode": "managed",
      "type": "netbox_tag",
      "name": "sla_test",
      "provider": "provider[\"registry.terraform.io/e-breuninger/netbox\"]",
      "instances": [
        {
          "schema_version": 0,
          "attributes": {
            "color_hex": "800080",
            "description": "",
            "id": "245",
            "name": "sla_test",
            "slug": "sla_test",
            "tags": null
          },
          "sensitive_attributes": [],
          "private": "bnVsbA=="
        }
      ]
    },
    {
      "mode": "managed",
      "type": "netbox_tag",
      "name": "workstation",
      "provider": "provider[\"registry.terraform.io/e-breuninger/netbox\"]",
      "instances": [
        {
          "schema_version": 0,
          "attributes": {
            "color_hex": "00ff00",
            "description": "",
            "id": "251",
            "name": "workstation",
            "slug": "workstation",
            "tags": null
          },
          "sensitive_attributes": [],
          "private": "bnVsbA=="
        }
      ]
    },
    {
      "mode": "managed",
      "type": "netbox_tenant",
      "name": "ignite",
      "provider": "provider[\"registry.terraform.io/e-breuninger/netbox\"]",
      "instances": [
        {
          "schema_version": 0,
          "attributes": {
            "description": "",
            "group_id": null,
            "id": "77",
            "name": "ignite",
            "slug": "ignite",
            "tags": null
          },
          "sensitive_attributes": [],
          "private": "bnVsbA=="
        }
      ]
    },
    {
      "mode": "managed",
      "type": "netbox_tenant",
      "name": "knowit",
      "provider": "provider[\"registry.terraform.io/e-breuninger/netbox\"]",
      "instances": [
        {
          "schema_version": 0,
          "attributes": {
            "description": "",
            "group_id": null,
            "id": "75",
            "name": "knowit A/S",
            "slug": "knowit-as",
            "tags": null
          },
          "sensitive_attributes": [],
          "private": "bnVsbA=="
        }
      ]
    },
    {
      "mode": "managed",
      "type": "netbox_tenant",
      "name": "kudemo",
      "provider": "provider[\"registry.terraform.io/e-breuninger/netbox\"]",
      "instances": [
        {
          "schema_version": 0,
          "attributes": {
            "description": "",
            "group_id": null,
            "id": "76",
            "name": "kudemo",
            "slug": "kudemo",
            "tags": null
          },
          "sensitive_attributes": [],
          "private": "bnVsbA=="
        }
      ]
    },
    {
      "mode": "managed",
      "type": "netbox_virtual_machine",
      "name": "automationcontroller",
      "provider": "provider[\"registry.terraform.io/e-breuninger/netbox\"]",
      "instances": [
        {
          "index_key": 0,
          "schema_version": 1,
          "attributes": {
            "cluster_id": 145,
            "comments": "",
            "custom_fields": null,
            "description": "",
            "device_id": 0,
            "disk_size_gb": 50,
            "id": "1245",
            "local_context_data": "{\"os\":{\"activation_key\":\"Faceted-Oil-Scion6\",\"operating_system\":\"rhel-9.2\",\"rhel_org\":\"6207854A\"},\"wireguard\":{\"network\":\"wgdemo\",\"public_key\":\"\",\"role\":\"client\"}}",
            "memory_mb": 8192,
            "name": "automationcontroller01",
            "platform_id": 0,
            "primary_ipv4": 0,
            "primary_ipv6": 0,
            "role_id": 170,
            "site_id": 0,
            "status": "active",
            "tags": [
              "os_redhat",
              "role_backup"
            ],
            "tenant_id": 75,
            "vcpus": 2
          },
          "sensitive_attributes": [],
          "private": "eyJzY2hlbWFfdmVyc2lvbiI6IjEifQ==",
          "dependencies": [
            "netbox_cluster.openstack",
            "netbox_cluster_group.openstack",
            "netbox_cluster_type.kvm",
            "netbox_device_role.server",
            "netbox_tenant.knowit"
          ]
        }
      ]
    },
    {
      "mode": "managed",
      "type": "netbox_virtual_machine",
      "name": "automationedacontroller",
      "provider": "provider[\"registry.terraform.io/e-breuninger/netbox\"]",
      "instances": [
        {
          "index_key": 0,
          "schema_version": 1,
          "attributes": {
            "cluster_id": 145,
            "comments": "",
            "custom_fields": null,
            "description": "",
            "device_id": 0,
            "disk_size_gb": 50,
            "id": "1247",
            "local_context_data": "{\"os\":{\"activation_key\":\"Faceted-Oil-Scion6\",\"operating_system\":\"rhel-9.2\",\"rhel_org\":\"6207854A\"},\"wireguard\":{\"network\":\"wgdemo\",\"public_key\":\"\",\"role\":\"client\"}}",
            "memory_mb": 8192,
            "name": "automationedacontroller01",
            "platform_id": 0,
            "primary_ipv4": 0,
            "primary_ipv6": 0,
            "role_id": 170,
            "site_id": 0,
            "status": "active",
            "tags": [
              "os_redhat",
              "role_backup"
            ],
            "tenant_id": 75,
            "vcpus": 2
          },
          "sensitive_attributes": [],
          "private": "eyJzY2hlbWFfdmVyc2lvbiI6IjEifQ==",
          "dependencies": [
            "netbox_cluster.openstack",
            "netbox_cluster_group.openstack",
            "netbox_cluster_type.kvm",
            "netbox_device_role.server",
            "netbox_tenant.knowit"
          ]
        }
      ]
    },
    {
      "mode": "managed",
      "type": "netbox_virtual_machine",
      "name": "automationhub",
      "provider": "provider[\"registry.terraform.io/e-breuninger/netbox\"]",
      "instances": [
        {
          "index_key": 0,
          "schema_version": 1,
          "attributes": {
            "cluster_id": 145,
            "comments": "",
            "custom_fields": null,
            "description": "",
            "device_id": 0,
            "disk_size_gb": 200,
            "id": "1243",
            "local_context_data": "{\"os\":{\"activation_key\":\"Faceted-Oil-Scion6\",\"operating_system\":\"rhel-9.2\",\"rhel_org\":\"6207854A\"},\"wireguard\":{\"network\":\"wgdemo\",\"public_key\":\"\",\"role\":\"client\"}}",
            "memory_mb": 8192,
            "name": "automationhub01",
            "platform_id": 0,
            "primary_ipv4": 0,
            "primary_ipv6": 0,
            "role_id": 170,
            "site_id": 0,
            "status": "active",
            "tags": [
              "os_redhat",
              "role_backup"
            ],
            "tenant_id": 75,
            "vcpus": 2
          },
          "sensitive_attributes": [],
          "private": "eyJzY2hlbWFfdmVyc2lvbiI6IjEifQ==",
          "dependencies": [
            "netbox_cluster.openstack",
            "netbox_cluster_group.openstack",
            "netbox_cluster_type.kvm",
            "netbox_device_role.server",
            "netbox_tenant.knowit"
          ]
        }
      ]
    },
    {
      "mode": "managed",
      "type": "netbox_virtual_machine",
      "name": "awxrpm",
      "provider": "provider[\"registry.terraform.io/e-breuninger/netbox\"]",
      "instances": [
        {
          "index_key": 0,
          "schema_version": 1,
          "attributes": {
            "cluster_id": 145,
            "comments": "",
            "custom_fields": null,
            "description": "",
            "device_id": 0,
            "disk_size_gb": 100,
            "id": "1203",
            "local_context_data": "{\"os\":{\"activation_key\":\"Faceted-Oil-Scion6\",\"operating_system\":\"rhel-9.2\",\"rhel_org\":\"6207854A\"},\"wireguard\":{\"network\":\"wgdemo\",\"public_key\":\"\",\"role\":\"client\"}}",
            "memory_mb": 8192,
            "name": "awxrpm01",
            "platform_id": 0,
            "primary_ipv4": 0,
            "primary_ipv6": 0,
            "role_id": 170,
            "site_id": 0,
            "status": "active",
            "tags": [
              "os_redhat",
              "role_backup"
            ],
            "tenant_id": 75,
            "vcpus": 8
          },
          "sensitive_attributes": [],
          "private": "eyJzY2hlbWFfdmVyc2lvbiI6IjEifQ==",
          "dependencies": [
            "netbox_cluster.openstack",
            "netbox_cluster_group.openstack",
            "netbox_cluster_type.kvm",
            "netbox_device_role.server",
            "netbox_tenant.knowit"
          ]
        }
      ]
    },
    {
      "mode": "managed",
      "type": "netbox_virtual_machine",
      "name": "cv01",
      "provider": "provider[\"registry.terraform.io/e-breuninger/netbox\"]",
      "instances": [
        {
          "schema_version": 1,
          "attributes": {
            "cluster_id": 145,
            "comments": "",
            "custom_fields": null,
            "description": "",
            "device_id": 0,
            "disk_size_gb": 40,
            "id": "1181",
            "local_context_data": "{\"os\":{\"activation_key\":\"Faceted-Oil-Scion6\",\"operating_system\":\"rhel-9.2\",\"rhel_org\":\"6207854A\"},\"wireguard\":{\"network\":\"wgdemo\",\"public_key\":\"\",\"role\":\"client\"}}",
            "memory_mb": 8192,
            "name": "cv01",
            "platform_id": 0,
            "primary_ipv4": 0,
            "primary_ipv6": 0,
            "role_id": 170,
            "site_id": 0,
            "status": "active",
            "tags": [
              "os_redhat",
              "role_backup"
            ],
            "tenant_id": 75,
            "vcpus": 8
          },
          "sensitive_attributes": [],
          "private": "eyJzY2hlbWFfdmVyc2lvbiI6IjEifQ==",
          "dependencies": [
            "netbox_cluster.openstack",
            "netbox_cluster_group.openstack",
            "netbox_cluster_type.kvm",
            "netbox_device_role.server",
            "netbox_tenant.knowit"
          ]
        }
      ]
    },
    {
      "mode": "managed",
      "type": "netbox_virtual_machine",
      "name": "dashdemo01",
      "provider": "provider[\"registry.terraform.io/e-breuninger/netbox\"]",
      "instances": [
        {
          "schema_version": 1,
          "attributes": {
            "cluster_id": 143,
            "comments": "",
            "custom_fields": null,
            "description": "",
            "device_id": 0,
            "disk_size_gb": 20,
            "id": "1232",
            "local_context_data": "{\"os\":{\"activation_key\":\"Faceted-Oil-Scion6\",\"operating_system\":\"rhel-9.2\",\"rhel_org\":\"6207854A\"},\"wireguard\":{\"network\":\"wgdemo\",\"public_key\":\"\",\"role\":\"client\"}}",
            "memory_mb": 1024,
            "name": "dashdemo01",
            "platform_id": 0,
            "primary_ipv4": 0,
            "primary_ipv6": 0,
            "role_id": 170,
            "site_id": 0,
            "status": "active",
            "tags": [
              "os_redhat",
              "role_backup"
            ],
            "tenant_id": 75,
            "vcpus": 1
          },
          "sensitive_attributes": [],
          "private": "eyJzY2hlbWFfdmVyc2lvbiI6IjEifQ==",
          "dependencies": [
            "netbox_cluster.dashapp",
            "netbox_cluster_group.dash",
            "netbox_cluster_type.kvm",
            "netbox_device_role.server",
            "netbox_tenant.knowit"
          ]
        }
      ]
    },
    {
      "mode": "managed",
      "type": "netbox_virtual_machine",
      "name": "database",
      "provider": "provider[\"registry.terraform.io/e-breuninger/netbox\"]",
      "instances": [
        {
          "index_key": 0,
          "schema_version": 1,
          "attributes": {
            "cluster_id": 145,
            "comments": "",
            "custom_fields": null,
            "description": "",
            "device_id": 0,
            "disk_size_gb": 50,
            "id": "1244",
            "local_context_data": "{\"os\":{\"activation_key\":\"Faceted-Oil-Scion6\",\"operating_system\":\"rhel-9.2\",\"rhel_org\":\"6207854A\"},\"wireguard\":{\"network\":\"wgdemo\",\"public_key\":\"\",\"role\":\"client\"}}",
            "memory_mb": 3192,
            "name": "database01",
            "platform_id": 0,
            "primary_ipv4": 0,
            "primary_ipv6": 0,
            "role_id": 170,
            "site_id": 0,
            "status": "active",
            "tags": [
              "os_redhat",
              "role_backup"
            ],
            "tenant_id": 75,
            "vcpus": 2
          },
          "sensitive_attributes": [],
          "private": "eyJzY2hlbWFfdmVyc2lvbiI6IjEifQ==",
          "dependencies": [
            "netbox_cluster.openstack",
            "netbox_cluster_group.openstack",
            "netbox_cluster_type.kvm",
            "netbox_device_role.server",
            "netbox_tenant.knowit"
          ]
        }
      ]
    },
    {
      "mode": "managed",
      "type": "netbox_virtual_machine",
      "name": "executionnode",
      "provider": "provider[\"registry.terraform.io/e-breuninger/netbox\"]",
      "instances": [
        {
          "index_key": 0,
          "schema_version": 1,
          "attributes": {
            "cluster_id": 145,
            "comments": "",
            "custom_fields": null,
            "description": "",
            "device_id": 0,
            "disk_size_gb": 50,
            "id": "1250",
            "local_context_data": "{\"os\":{\"activation_key\":\"Faceted-Oil-Scion6\",\"operating_system\":\"rhel-9.2\",\"rhel_org\":\"6207854A\"},\"wireguard\":{\"network\":\"wgdemo\",\"public_key\":\"\",\"role\":\"client\"}}",
            "memory_mb": 3192,
            "name": "executionnode01",
            "platform_id": 0,
            "primary_ipv4": 0,
            "primary_ipv6": 0,
            "role_id": 170,
            "site_id": 0,
            "status": "active",
            "tags": [
              "os_redhat",
              "role_backup"
            ],
            "tenant_id": 75,
            "vcpus": 2
          },
          "sensitive_attributes": [],
          "private": "eyJzY2hlbWFfdmVyc2lvbiI6IjEifQ==",
          "dependencies": [
            "netbox_cluster.openstack",
            "netbox_cluster_group.openstack",
            "netbox_cluster_type.kvm",
            "netbox_device_role.server",
            "netbox_tenant.knowit"
          ]
        },
        {
          "index_key": 1,
          "schema_version": 1,
          "attributes": {
            "cluster_id": 145,
            "comments": "",
            "custom_fields": null,
            "description": "",
            "device_id": 0,
            "disk_size_gb": 50,
            "id": "1248",
            "local_context_data": "{\"os\":{\"activation_key\":\"Faceted-Oil-Scion6\",\"operating_system\":\"rhel-9.2\",\"rhel_org\":\"6207854A\"},\"wireguard\":{\"network\":\"wgdemo\",\"public_key\":\"\",\"role\":\"client\"}}",
            "memory_mb": 3192,
            "name": "executionnode02",
            "platform_id": 0,
            "primary_ipv4": 0,
            "primary_ipv6": 0,
            "role_id": 170,
            "site_id": 0,
            "status": "active",
            "tags": [
              "os_redhat",
              "role_backup"
            ],
            "tenant_id": 75,
            "vcpus": 2
          },
          "sensitive_attributes": [],
          "private": "eyJzY2hlbWFfdmVyc2lvbiI6IjEifQ==",
          "dependencies": [
            "netbox_cluster.openstack",
            "netbox_cluster_group.openstack",
            "netbox_cluster_type.kvm",
            "netbox_device_role.server",
            "netbox_tenant.knowit"
          ]
        },
        {
          "index_key": 2,
          "schema_version": 1,
          "attributes": {
            "cluster_id": 145,
            "comments": "",
            "custom_fields": null,
            "description": "",
            "device_id": 0,
            "disk_size_gb": 50,
            "id": "1246",
            "local_context_data": "{\"os\":{\"activation_key\":\"Faceted-Oil-Scion6\",\"operating_system\":\"rhel-9.2\",\"rhel_org\":\"6207854A\"},\"wireguard\":{\"network\":\"wgdemo\",\"public_key\":\"\",\"role\":\"client\"}}",
            "memory_mb": 3192,
            "name": "executionnode03",
            "platform_id": 0,
            "primary_ipv4": 0,
            "primary_ipv6": 0,
            "role_id": 170,
            "site_id": 0,
            "status": "active",
            "tags": [
              "os_redhat",
              "role_backup"
            ],
            "tenant_id": 75,
            "vcpus": 2
          },
          "sensitive_attributes": [],
          "private": "eyJzY2hlbWFfdmVyc2lvbiI6IjEifQ==",
          "dependencies": [
            "netbox_cluster.openstack",
            "netbox_cluster_group.openstack",
            "netbox_cluster_type.kvm",
            "netbox_device_role.server",
            "netbox_tenant.knowit"
          ]
        }
      ]
    },
    {
      "mode": "managed",
      "type": "netbox_virtual_machine",
      "name": "grafana",
      "provider": "provider[\"registry.terraform.io/e-breuninger/netbox\"]",
      "instances": [
        {
          "index_key": 0,
          "schema_version": 1,
          "attributes": {
            "cluster_id": 145,
            "comments": "",
            "custom_fields": null,
            "description": "",
            "device_id": 0,
            "disk_size_gb": 100,
            "id": "1217",
            "local_context_data": "{\"os\":{\"activation_key\":\"Faceted-Oil-Scion6\",\"operating_system\":\"rhel-9.2\",\"rhel_org\":\"6207854A\"},\"wireguard\":{\"network\":\"wgdemo\",\"public_key\":\"\",\"role\":\"client\"}}",
            "memory_mb": 3492,
            "name": "grafana01",
            "platform_id": 0,
            "primary_ipv4": 0,
            "primary_ipv6": 0,
            "role_id": 170,
            "site_id": 0,
            "status": "active",
            "tags": [
              "os_redhat",
              "role_backup"
            ],
            "tenant_id": 75,
            "vcpus": 8
          },
          "sensitive_attributes": [],
          "private": "eyJzY2hlbWFfdmVyc2lvbiI6IjEifQ==",
          "dependencies": [
            "netbox_cluster.openstack",
            "netbox_cluster_group.openstack",
            "netbox_cluster_type.kvm",
            "netbox_device_role.server",
            "netbox_tenant.knowit"
          ]
        }
      ]
    },
    {
      "mode": "managed",
      "type": "netbox_virtual_machine",
      "name": "gusti",
      "provider": "provider[\"registry.terraform.io/e-breuninger/netbox\"]",
      "instances": [
        {
          "schema_version": 1,
          "attributes": {
            "cluster_id": 145,
            "comments": "",
            "custom_fields": null,
            "description": "",
            "device_id": 0,
            "disk_size_gb": 500,
            "id": "1227",
            "local_context_data": "{\"os\":{\"operating_system\":\"win2022\"},\"wireguard\":{\"network\":\"wgdemo\",\"public_key\":\"\",\"role\":\"client\"}}",
            "memory_mb": 16192,
            "name": "gusti01",
            "platform_id": 0,
            "primary_ipv4": 0,
            "primary_ipv6": 0,
            "role_id": 170,
            "site_id": 0,
            "status": "active",
            "tags": [
              "os_win2022",
              "role_backup"
            ],
            "tenant_id": 75,
            "vcpus": 8
          },
          "sensitive_attributes": [],
          "private": "eyJzY2hlbWFfdmVyc2lvbiI6IjEifQ==",
          "dependencies": [
            "netbox_cluster.openstack",
            "netbox_cluster_group.openstack",
            "netbox_cluster_type.kvm",
            "netbox_device_role.server",
            "netbox_tenant.knowit"
          ]
        }
      ]
    },
    {
      "mode": "managed",
      "type": "netbox_virtual_machine",
      "name": "ignite",
      "provider": "provider[\"registry.terraform.io/e-breuninger/netbox\"]",
      "instances": [
        {
          "index_key": 0,
          "schema_version": 1,
          "attributes": {
            "cluster_id": 145,
            "comments": "",
            "custom_fields": null,
            "description": "",
            "device_id": 0,
            "disk_size_gb": 50,
            "id": "1241",
            "local_context_data": "{\"os\":{\"activation_key\":\"Faceted-Oil-Scion6\",\"operating_system\":\"rhel-9.2\",\"rhel_org\":\"6207854A\"},\"wireguard\":{\"network\":\"wgdemo\",\"public_key\":\"\",\"role\":\"client\"}}",
            "memory_mb": 3192,
            "name": "ignite01",
            "platform_id": 0,
            "primary_ipv4": 0,
            "primary_ipv6": 0,
            "role_id": 170,
            "site_id": 0,
            "status": "active",
            "tags": [
              "os_redhat",
              "role_backup"
            ],
            "tenant_id": 75,
            "vcpus": 2
          },
          "sensitive_attributes": [],
          "private": "eyJzY2hlbWFfdmVyc2lvbiI6IjEifQ==",
          "dependencies": [
            "netbox_cluster.openstack",
            "netbox_cluster_group.openstack",
            "netbox_cluster_type.kvm",
            "netbox_device_role.server",
            "netbox_tenant.knowit"
          ]
        },
        {
          "index_key": 1,
          "schema_version": 1,
          "attributes": {
            "cluster_id": 145,
            "comments": "",
            "custom_fields": null,
            "description": "",
            "device_id": 0,
            "disk_size_gb": 50,
            "id": "1237",
            "local_context_data": "{\"os\":{\"activation_key\":\"Faceted-Oil-Scion6\",\"operating_system\":\"rhel-9.2\",\"rhel_org\":\"6207854A\"},\"wireguard\":{\"network\":\"wgdemo\",\"public_key\":\"\",\"role\":\"client\"}}",
            "memory_mb": 3192,
            "name": "ignite02",
            "platform_id": 0,
            "primary_ipv4": 0,
            "primary_ipv6": 0,
            "role_id": 170,
            "site_id": 0,
            "status": "active",
            "tags": [
              "os_redhat",
              "role_backup"
            ],
            "tenant_id": 75,
            "vcpus": 2
          },
          "sensitive_attributes": [],
          "private": "eyJzY2hlbWFfdmVyc2lvbiI6IjEifQ==",
          "dependencies": [
            "netbox_cluster.openstack",
            "netbox_cluster_group.openstack",
            "netbox_cluster_type.kvm",
            "netbox_device_role.server",
            "netbox_tenant.knowit"
          ]
        },
        {
          "index_key": 2,
          "schema_version": 1,
          "attributes": {
            "cluster_id": 145,
            "comments": "",
            "custom_fields": null,
            "description": "",
            "device_id": 0,
            "disk_size_gb": 50,
            "id": "1242",
            "local_context_data": "{\"os\":{\"activation_key\":\"Faceted-Oil-Scion6\",\"operating_system\":\"rhel-9.2\",\"rhel_org\":\"6207854A\"},\"wireguard\":{\"network\":\"wgdemo\",\"public_key\":\"\",\"role\":\"client\"}}",
            "memory_mb": 3192,
            "name": "ignite03",
            "platform_id": 0,
            "primary_ipv4": 0,
            "primary_ipv6": 0,
            "role_id": 170,
            "site_id": 0,
            "status": "active",
            "tags": [
              "os_redhat",
              "role_backup"
            ],
            "tenant_id": 75,
            "vcpus": 2
          },
          "sensitive_attributes": [],
          "private": "eyJzY2hlbWFfdmVyc2lvbiI6IjEifQ==",
          "dependencies": [
            "netbox_cluster.openstack",
            "netbox_cluster_group.openstack",
            "netbox_cluster_type.kvm",
            "netbox_device_role.server",
            "netbox_tenant.knowit"
          ]
        }
      ]
    },
    {
      "mode": "managed",
      "type": "netbox_virtual_machine",
      "name": "jobscheduler",
      "provider": "provider[\"registry.terraform.io/e-breuninger/netbox\"]",
      "instances": [
        {
          "index_key": 0,
          "schema_version": 1,
          "attributes": {
            "cluster_id": 145,
            "comments": "",
            "custom_fields": null,
            "description": "",
            "device_id": 0,
            "disk_size_gb": 100,
            "id": "1215",
            "local_context_data": "{\"os\":{\"activation_key\":\"Faceted-Oil-Scion6\",\"operating_system\":\"rhel-9.2\",\"rhel_org\":\"6207854A\"},\"wireguard\":{\"network\":\"wgdemo\",\"public_key\":\"\",\"role\":\"client\"}}",
            "memory_mb": 8192,
            "name": "jobscheduler01",
            "platform_id": 0,
            "primary_ipv4": 0,
            "primary_ipv6": 0,
            "role_id": 170,
            "site_id": 0,
            "status": "active",
            "tags": [
              "os_redhat",
              "role_backup"
            ],
            "tenant_id": 75,
            "vcpus": 8
          },
          "sensitive_attributes": [],
          "private": "eyJzY2hlbWFfdmVyc2lvbiI6IjEifQ==",
          "dependencies": [
            "netbox_cluster.openstack",
            "netbox_cluster_group.openstack",
            "netbox_cluster_type.kvm",
            "netbox_device_role.server",
            "netbox_tenant.knowit"
          ]
        }
      ]
    },
    {
      "mode": "managed",
      "type": "netbox_virtual_machine",
      "name": "masterelasticsearch",
      "provider": "provider[\"registry.terraform.io/e-breuninger/netbox\"]",
      "instances": [
        {
          "index_key": 0,
          "schema_version": 1,
          "attributes": {
            "cluster_id": 145,
            "comments": "",
            "custom_fields": null,
            "description": "",
            "device_id": 0,
            "disk_size_gb": 100,
            "id": "1220",
            "local_context_data": "{\"os\":{\"activation_key\":\"Faceted-Oil-Scion6\",\"operating_system\":\"rhel-9.2\",\"rhel_org\":\"6207854A\"},\"wireguard\":{\"network\":\"wgdemo\",\"public_key\":\"\",\"role\":\"client\"}}",
            "memory_mb": 8192,
            "name": "masterelasticsearch01",
            "platform_id": 0,
            "primary_ipv4": 0,
            "primary_ipv6": 0,
            "role_id": 170,
            "site_id": 0,
            "status": "active",
            "tags": [
              "os_redhat",
              "role_backup"
            ],
            "tenant_id": 75,
            "vcpus": 8
          },
          "sensitive_attributes": [],
          "private": "eyJzY2hlbWFfdmVyc2lvbiI6IjEifQ==",
          "dependencies": [
            "netbox_cluster.openstack",
            "netbox_cluster_group.openstack",
            "netbox_cluster_type.kvm",
            "netbox_device_role.server",
            "netbox_tenant.knowit"
          ]
        }
      ]
    },
    {
      "mode": "managed",
      "type": "netbox_virtual_machine",
      "name": "plantuml",
      "provider": "provider[\"registry.terraform.io/e-breuninger/netbox\"]",
      "instances": [
        {
          "index_key": 0,
          "schema_version": 1,
          "attributes": {
            "cluster_id": 145,
            "comments": "",
            "custom_fields": null,
            "description": "",
            "device_id": 0,
            "disk_size_gb": 50,
            "id": "1252",
            "local_context_data": "{\"os\":{\"activation_key\":\"Faceted-Oil-Scion6\",\"operating_system\":\"rhel-9.2\",\"rhel_org\":\"6207854A\"},\"wireguard\":{\"network\":\"wgdemo\",\"public_key\":\"\",\"role\":\"client\"}}",
            "memory_mb": 3192,
            "name": "plantuml01",
            "platform_id": 0,
            "primary_ipv4": 0,
            "primary_ipv6": 0,
            "role_id": 170,
            "site_id": 0,
            "status": "active",
            "tags": [
              "os_redhat",
              "role_backup"
            ],
            "tenant_id": 75,
            "vcpus": 2
          },
          "sensitive_attributes": [],
          "private": "eyJzY2hlbWFfdmVyc2lvbiI6IjEifQ==",
          "dependencies": [
            "netbox_cluster.openstack",
            "netbox_cluster_group.openstack",
            "netbox_cluster_type.kvm",
            "netbox_device_role.server",
            "netbox_tenant.knowit"
          ]
        }
      ]
    },
    {
      "mode": "managed",
      "type": "netbox_virtual_machine",
      "name": "prodwireguard001",
      "provider": "provider[\"registry.terraform.io/e-breuninger/netbox\"]",
      "instances": [
        {
          "schema_version": 1,
          "attributes": {
            "cluster_id": 140,
            "comments": "",
            "custom_fields": null,
            "description": "",
            "device_id": 0,
            "disk_size_gb": 40,
            "id": "1226",
            "local_context_data": "{\"activation_key\":\"Faceted-Oil-Scion6\",\"operating_system\":\"rhel-9\",\"rhel_org\":6207854,\"wireguard\":{\"ip4\":\"\",\"public_key\":\"\",\"role\":\"server\"}}",
            "memory_mb": 8192,
            "name": "prodwireguard001",
            "platform_id": 0,
            "primary_ipv4": 0,
            "primary_ipv6": 0,
            "role_id": 170,
            "site_id": 0,
            "status": "active",
            "tags": [
              "os_redhat",
              "role_backup",
              "role_wireguard"
            ],
            "tenant_id": 75,
            "vcpus": 8
          },
          "sensitive_attributes": [],
          "private": "eyJzY2hlbWFfdmVyc2lvbiI6IjEifQ==",
          "dependencies": [
            "netbox_cluster.ssh",
            "netbox_cluster_group.jaho",
            "netbox_cluster_type.kvm",
            "netbox_device_role.server",
            "netbox_tenant.knowit"
          ]
        }
      ]
    },
    {
      "mode": "managed",
      "type": "netbox_virtual_machine",
      "name": "rancher",
      "provider": "provider[\"registry.terraform.io/e-breuninger/netbox\"]",
      "instances": [
        {
          "index_key": 0,
          "schema_version": 1,
          "attributes": {
            "cluster_id": 145,
            "comments": "",
            "custom_fields": null,
            "description": "",
            "device_id": 0,
            "disk_size_gb": 50,
            "id": "1238",
            "local_context_data": "{\"os\":{\"activation_key\":\"Faceted-Oil-Scion6\",\"operating_system\":\"rhel-9.2\",\"rhel_org\":\"6207854A\"},\"wireguard\":{\"network\":\"wgdemo\",\"public_key\":\"\",\"role\":\"client\"}}",
            "memory_mb": 3192,
            "name": "rancher01",
            "platform_id": 0,
            "primary_ipv4": 0,
            "primary_ipv6": 0,
            "role_id": 170,
            "site_id": 0,
            "status": "active",
            "tags": [
              "os_redhat",
              "role_backup"
            ],
            "tenant_id": 75,
            "vcpus": 2
          },
          "sensitive_attributes": [],
          "private": "eyJzY2hlbWFfdmVyc2lvbiI6IjEifQ==",
          "dependencies": [
            "netbox_cluster.openstack",
            "netbox_cluster_group.openstack",
            "netbox_cluster_type.kvm",
            "netbox_device_role.server",
            "netbox_tenant.knowit"
          ]
        },
        {
          "index_key": 1,
          "schema_version": 1,
          "attributes": {
            "cluster_id": 145,
            "comments": "",
            "custom_fields": null,
            "description": "",
            "device_id": 0,
            "disk_size_gb": 50,
            "id": "1235",
            "local_context_data": "{\"os\":{\"activation_key\":\"Faceted-Oil-Scion6\",\"operating_system\":\"rhel-9.2\",\"rhel_org\":\"6207854A\"},\"wireguard\":{\"network\":\"wgdemo\",\"public_key\":\"\",\"role\":\"client\"}}",
            "memory_mb": 3192,
            "name": "rancher02",
            "platform_id": 0,
            "primary_ipv4": 0,
            "primary_ipv6": 0,
            "role_id": 170,
            "site_id": 0,
            "status": "active",
            "tags": [
              "os_redhat",
              "role_backup"
            ],
            "tenant_id": 75,
            "vcpus": 2
          },
          "sensitive_attributes": [],
          "private": "eyJzY2hlbWFfdmVyc2lvbiI6IjEifQ==",
          "dependencies": [
            "netbox_cluster.openstack",
            "netbox_cluster_group.openstack",
            "netbox_cluster_type.kvm",
            "netbox_device_role.server",
            "netbox_tenant.knowit"
          ]
        },
        {
          "index_key": 2,
          "schema_version": 1,
          "attributes": {
            "cluster_id": 145,
            "comments": "",
            "custom_fields": null,
            "description": "",
            "device_id": 0,
            "disk_size_gb": 50,
            "id": "1239",
            "local_context_data": "{\"os\":{\"activation_key\":\"Faceted-Oil-Scion6\",\"operating_system\":\"rhel-9.2\",\"rhel_org\":\"6207854A\"},\"wireguard\":{\"network\":\"wgdemo\",\"public_key\":\"\",\"role\":\"client\"}}",
            "memory_mb": 3192,
            "name": "rancher03",
            "platform_id": 0,
            "primary_ipv4": 0,
            "primary_ipv6": 0,
            "role_id": 170,
            "site_id": 0,
            "status": "active",
            "tags": [
              "os_redhat",
              "role_backup"
            ],
            "tenant_id": 75,
            "vcpus": 2
          },
          "sensitive_attributes": [],
          "private": "eyJzY2hlbWFfdmVyc2lvbiI6IjEifQ==",
          "dependencies": [
            "netbox_cluster.openstack",
            "netbox_cluster_group.openstack",
            "netbox_cluster_type.kvm",
            "netbox_device_role.server",
            "netbox_tenant.knowit"
          ]
        }
      ]
    },
    {
      "mode": "managed",
      "type": "netbox_virtual_machine",
      "name": "selinux01",
      "provider": "provider[\"registry.terraform.io/e-breuninger/netbox\"]",
      "instances": [
        {
          "schema_version": 1,
          "attributes": {
            "cluster_id": 145,
            "comments": "",
            "custom_fields": null,
            "description": "",
            "device_id": 0,
            "disk_size_gb": 40,
            "id": "1231",
            "local_context_data": "{\"os\":{\"activation_key\":\"Faceted-Oil-Scion6\",\"operating_system\":\"rhel-9.2\",\"rhel_org\":\"6207854A\"},\"wireguard\":{\"network\":\"wgdemo\",\"public_key\":\"\",\"role\":\"client\"}}",
            "memory_mb": 8192,
            "name": "selinux01",
            "platform_id": 0,
            "primary_ipv4": 0,
            "primary_ipv6": 0,
            "role_id": 170,
            "site_id": 0,
            "status": "active",
            "tags": [
              "os_redhat",
              "role_backup"
            ],
            "tenant_id": 75,
            "vcpus": 8
          },
          "sensitive_attributes": [],
          "private": "eyJzY2hlbWFfdmVyc2lvbiI6IjEifQ==",
          "dependencies": [
            "netbox_cluster.openstack",
            "netbox_cluster_group.openstack",
            "netbox_cluster_type.kvm",
            "netbox_device_role.server",
            "netbox_tenant.knowit"
          ]
        }
      ]
    },
    {
      "mode": "managed",
      "type": "netbox_virtual_machine",
      "name": "sso",
      "provider": "provider[\"registry.terraform.io/e-breuninger/netbox\"]",
      "instances": [
        {
          "index_key": 0,
          "schema_version": 1,
          "attributes": {
            "cluster_id": 145,
            "comments": "",
            "custom_fields": null,
            "description": "",
            "device_id": 0,
            "disk_size_gb": 50,
            "id": "1240",
            "local_context_data": "{\"os\":{\"activation_key\":\"Faceted-Oil-Scion6\",\"operating_system\":\"rhel-8.7\",\"rhel_org\":\"6207854A\"},\"wireguard\":{\"network\":\"wgdemo\",\"public_key\":\"\",\"role\":\"client\"}}",
            "memory_mb": 3192,
            "name": "sso01",
            "platform_id": 0,
            "primary_ipv4": 0,
            "primary_ipv6": 0,
            "role_id": 170,
            "site_id": 0,
            "status": "active",
            "tags": [
              "os_redhat",
              "role_backup"
            ],
            "tenant_id": 75,
            "vcpus": 2
          },
          "sensitive_attributes": [],
          "private": "eyJzY2hlbWFfdmVyc2lvbiI6IjEifQ==",
          "dependencies": [
            "netbox_cluster.openstack",
            "netbox_cluster_group.openstack",
            "netbox_cluster_type.kvm",
            "netbox_device_role.server",
            "netbox_tenant.knowit"
          ]
        }
      ]
    },
    {
      "mode": "managed",
      "type": "netbox_virtual_machine",
      "name": "static",
      "provider": "provider[\"registry.terraform.io/e-breuninger/netbox\"]",
      "instances": [
        {
          "schema_version": 1,
          "attributes": {
            "cluster_id": 145,
            "comments": "",
            "custom_fields": null,
            "description": "",
            "device_id": 0,
            "disk_size_gb": 40,
            "id": "1184",
            "local_context_data": "{\"os\":{\"activation_key\":\"Faceted-Oil-Scion6\",\"operating_system\":\"rhel-9.2\",\"rhel_org\":\"6207854A\"},\"wireguard\":{\"network\":\"wgdemo\",\"public_key\":\"\",\"role\":\"client\"}}",
            "memory_mb": 8192,
            "name": "static01",
            "platform_id": 0,
            "primary_ipv4": 0,
            "primary_ipv6": 0,
            "role_id": 170,
            "site_id": 0,
            "status": "active",
            "tags": [
              "os_redhat",
              "role_backup"
            ],
            "tenant_id": 75,
            "vcpus": 8
          },
          "sensitive_attributes": [],
          "private": "eyJzY2hlbWFfdmVyc2lvbiI6IjEifQ==",
          "dependencies": [
            "netbox_cluster.openstack",
            "netbox_cluster_group.openstack",
            "netbox_cluster_type.kvm",
            "netbox_device_role.server",
            "netbox_tenant.knowit"
          ]
        }
      ]
    },
    {
      "mode": "managed",
      "type": "netbox_virtual_machine",
      "name": "tusassrancher",
      "provider": "provider[\"registry.terraform.io/e-breuninger/netbox\"]",
      "instances": [
        {
          "index_key": 0,
          "schema_version": 1,
          "attributes": {
            "cluster_id": 144,
            "comments": "",
            "custom_fields": null,
            "description": "",
            "device_id": 0,
            "disk_size_gb": 10,
            "id": "1229",
            "local_context_data": "{\"os\":{\"activation_key\":\"Faceted-Oil-Scion6\",\"operating_system\":\"rhel-9.2\",\"rhel_org\":\"6207854A\"},\"wireguard\":{\"network\":\"wgdemo\",\"public_key\":\"\",\"role\":\"client\"}}",
            "memory_mb": 3500,
            "name": "tusassrancher01",
            "platform_id": 0,
            "primary_ipv4": 0,
            "primary_ipv6": 0,
            "role_id": 170,
            "site_id": 0,
            "status": "active",
            "tags": [
              "os_redhat",
              "role_backup"
            ],
            "tenant_id": 75,
            "vcpus": 1
          },
          "sensitive_attributes": [],
          "private": "eyJzY2hlbWFfdmVyc2lvbiI6IjEifQ==",
          "dependencies": [
            "netbox_cluster.openstack",
            "netbox_cluster_group.openstack",
            "netbox_cluster_type.kvm",
            "netbox_device_role.server",
            "netbox_tenant.knowit"
          ]
        },
        {
          "index_key": 1,
          "schema_version": 1,
          "attributes": {
            "cluster_id": 144,
            "comments": "",
            "custom_fields": null,
            "description": "",
            "device_id": 0,
            "disk_size_gb": 10,
            "id": "1234",
            "local_context_data": "{\"os\":{\"activation_key\":\"Faceted-Oil-Scion6\",\"operating_system\":\"rhel-9.2\",\"rhel_org\":\"6207854A\"},\"wireguard\":{\"network\":\"wgdemo\",\"public_key\":\"\",\"role\":\"client\"}}",
            "memory_mb": 3500,
            "name": "tusassrancher02",
            "platform_id": 0,
            "primary_ipv4": 0,
            "primary_ipv6": 0,
            "role_id": 170,
            "site_id": 0,
            "status": "active",
            "tags": [
              "os_redhat",
              "role_backup"
            ],
            "tenant_id": 75,
            "vcpus": 1
          },
          "sensitive_attributes": [],
          "private": "eyJzY2hlbWFfdmVyc2lvbiI6IjEifQ==",
          "dependencies": [
            "netbox_cluster.openstack",
            "netbox_cluster_group.openstack",
            "netbox_cluster_type.kvm",
            "netbox_device_role.server",
            "netbox_tenant.knowit"
          ]
        },
        {
          "index_key": 2,
          "schema_version": 1,
          "attributes": {
            "cluster_id": 144,
            "comments": "",
            "custom_fields": null,
            "description": "",
            "device_id": 0,
            "disk_size_gb": 10,
            "id": "1233",
            "local_context_data": "{\"os\":{\"activation_key\":\"Faceted-Oil-Scion6\",\"operating_system\":\"rhel-9.2\",\"rhel_org\":\"6207854A\"},\"wireguard\":{\"network\":\"wgdemo\",\"public_key\":\"\",\"role\":\"client\"}}",
            "memory_mb": 3500,
            "name": "tusassrancher03",
            "platform_id": 0,
            "primary_ipv4": 0,
            "primary_ipv6": 0,
            "role_id": 170,
            "site_id": 0,
            "status": "active",
            "tags": [
              "os_redhat",
              "role_backup"
            ],
            "tenant_id": 75,
            "vcpus": 1
          },
          "sensitive_attributes": [],
          "private": "eyJzY2hlbWFfdmVyc2lvbiI6IjEifQ==",
          "dependencies": [
            "netbox_cluster.openstack",
            "netbox_cluster_group.openstack",
            "netbox_cluster_type.kvm",
            "netbox_device_role.server",
            "netbox_tenant.knowit"
          ]
        }
      ]
    },
    {
      "mode": "managed",
      "type": "netbox_virtual_machine",
      "name": "tusassrancherctl",
      "provider": "provider[\"registry.terraform.io/e-breuninger/netbox\"]",
      "instances": [
        {
          "index_key": 0,
          "schema_version": 1,
          "attributes": {
            "cluster_id": 144,
            "comments": "",
            "custom_fields": null,
            "description": "",
            "device_id": 0,
            "disk_size_gb": 10,
            "id": "1230",
            "local_context_data": "{\"os\":{\"activation_key\":\"Faceted-Oil-Scion6\",\"operating_system\":\"rhel-9.2\",\"rhel_org\":\"6207854A\"},\"wireguard\":{\"network\":\"wgdemo\",\"public_key\":\"\",\"role\":\"client\"}}",
            "memory_mb": 3500,
            "name": "tusassrancherctl01",
            "platform_id": 0,
            "primary_ipv4": 0,
            "primary_ipv6": 0,
            "role_id": 170,
            "site_id": 0,
            "status": "active",
            "tags": [
              "os_redhat",
              "role_backup"
            ],
            "tenant_id": 75,
            "vcpus": 1
          },
          "sensitive_attributes": [],
          "private": "eyJzY2hlbWFfdmVyc2lvbiI6IjEifQ==",
          "dependencies": [
            "netbox_cluster.openstack",
            "netbox_cluster_group.openstack",
            "netbox_cluster_type.kvm",
            "netbox_device_role.server",
            "netbox_tenant.knowit"
          ]
        }
      ]
    },
    {
      "mode": "managed",
      "type": "netbox_virtual_machine",
      "name": "zabbix",
      "provider": "provider[\"registry.terraform.io/e-breuninger/netbox\"]",
      "instances": [
        {
          "index_key": 0,
          "schema_version": 1,
          "attributes": {
            "cluster_id": 145,
            "comments": "",
            "custom_fields": null,
            "description": "",
            "device_id": 0,
            "disk_size_gb": 100,
            "id": "1202",
            "local_context_data": "{\"os\":{\"activation_key\":\"Faceted-Oil-Scion6\",\"operating_system\":\"rhel-9.2\",\"rhel_org\":\"6207854A\"},\"wireguard\":{\"network\":\"wgdemo\",\"public_key\":\"\",\"role\":\"client\"}}",
            "memory_mb": 8192,
            "name": "zabbix01",
            "platform_id": 0,
            "primary_ipv4": 0,
            "primary_ipv6": 0,
            "role_id": 170,
            "site_id": 0,
            "status": "active",
            "tags": [
              "os_redhat",
              "role_backup"
            ],
            "tenant_id": 75,
            "vcpus": 8
          },
          "sensitive_attributes": [],
          "private": "eyJzY2hlbWFfdmVyc2lvbiI6IjEifQ==",
          "dependencies": [
            "netbox_cluster.openstack",
            "netbox_cluster_group.openstack",
            "netbox_cluster_type.kvm",
            "netbox_device_role.server",
            "netbox_tenant.knowit"
          ]
        }
      ]
    }
  ],
  "check_results": null
}
