{
  "version": 4,
  "terraform_version": "1.5.4",
  "serial": 970,
  "lineage": "56ce771f-e458-0551-6bd0-804cf321bf38",
  "outputs": {},
  "resources": [
    {
      "mode": "managed",
      "type": "netbox_cluster",
      "name": "openstack",
      "provider": "provider[\"registry.terraform.io/e-breuninger/netbox\"]",
      "instances": [
        {
          "index_key": 0,
          "schema_version": 0,
          "attributes": {
            "cluster_group_id": 34,
            "cluster_type_id": 24,
            "comments": "",
            "description": "",
            "id": "28",
            "name": "openstack01.openknowit.com",
            "site_id": 0,
            "tags": [],
            "tenant_id": 0
          },
          "sensitive_attributes": [],
          "private": "bnVsbA==",
          "dependencies": [
            "netbox_cluster_group.openstack",
            "netbox_cluster_type.kvm"
          ]
        },
        {
          "index_key": 1,
          "schema_version": 0,
          "attributes": {
            "cluster_group_id": 34,
            "cluster_type_id": 24,
            "comments": "",
            "description": "",
            "id": "29",
            "name": "openstack02.openknowit.com",
            "site_id": 0,
            "tags": [],
            "tenant_id": 0
          },
          "sensitive_attributes": [],
          "private": "bnVsbA==",
          "dependencies": [
            "netbox_cluster_group.openstack",
            "netbox_cluster_type.kvm"
          ]
        },
        {
          "index_key": 2,
          "schema_version": 0,
          "attributes": {
            "cluster_group_id": 34,
            "cluster_type_id": 24,
            "comments": "",
            "description": "",
            "id": "30",
            "name": "openstack03.openknowit.com",
            "site_id": 0,
            "tags": [],
            "tenant_id": 0
          },
          "sensitive_attributes": [],
          "private": "bnVsbA==",
          "dependencies": [
            "netbox_cluster_group.openstack",
            "netbox_cluster_type.kvm"
          ]
        }
      ]
    },
    {
      "mode": "managed",
      "type": "netbox_cluster_group",
      "name": "openstack",
      "provider": "provider[\"registry.terraform.io/e-breuninger/netbox\"]",
      "instances": [
        {
          "schema_version": 0,
          "attributes": {
            "description": "Servers used for openstack demo",
            "id": "34",
            "name": "openstack",
            "slug": "openstack"
          },
          "sensitive_attributes": [],
          "private": "bnVsbA=="
        }
      ]
    },
    {
      "mode": "managed",
      "type": "netbox_cluster_type",
      "name": "kvm",
      "provider": "provider[\"registry.terraform.io/e-breuninger/netbox\"]",
      "instances": [
        {
          "schema_version": 0,
          "attributes": {
            "id": "24",
            "name": "Native linux libvirt kvm",
            "slug": "native-linux-libvirt-kvm"
          },
          "sensitive_attributes": [],
          "private": "bnVsbA=="
        }
      ]
    },
    {
      "mode": "managed",
      "type": "netbox_device_role",
      "name": "server",
      "provider": "provider[\"registry.terraform.io/e-breuninger/netbox\"]",
      "instances": [
        {
          "schema_version": 0,
          "attributes": {
            "color_hex": "ff00ff",
            "id": "35",
            "name": "virtual server",
            "slug": "virtual-server",
            "tags": [],
            "vm_role": true
          },
          "sensitive_attributes": [],
          "private": "bnVsbA=="
        }
      ]
    },
    {
      "mode": "managed",
      "type": "netbox_device_type",
      "name": "test",
      "provider": "provider[\"registry.terraform.io/e-breuninger/netbox\"]",
      "instances": [
        {
          "schema_version": 0,
          "attributes": {
            "id": "4",
            "manufacturer_id": 11,
            "model": "test",
            "part_number": "123",
            "slug": "test",
            "tags": [],
            "u_height": 1
          },
          "sensitive_attributes": [],
          "private": "bnVsbA==",
          "dependencies": [
            "netbox_manufacturer.test"
          ]
        }
      ]
    },
    {
      "mode": "managed",
      "type": "netbox_location",
      "name": "falkenstein",
      "provider": "provider[\"registry.terraform.io/e-breuninger/netbox\"]",
      "instances": [
        {
          "index_key": 0,
          "schema_version": 0,
          "attributes": {
            "custom_fields": null,
            "description": "my description",
            "id": "26",
            "name": "falkenstein",
            "site_id": 82,
            "slug": "falkenstein",
            "tags": [],
            "tenant_id": 7
          },
          "sensitive_attributes": [],
          "private": "bnVsbA==",
          "dependencies": [
            "netbox_site.fsn1",
            "netbox_tenant.knowit"
          ]
        },
        {
          "index_key": 1,
          "schema_version": 0,
          "attributes": {
            "custom_fields": null,
            "description": "my description",
            "id": "40",
            "name": "falkenstein",
            "site_id": 77,
            "slug": "falkenstein",
            "tags": [],
            "tenant_id": 7
          },
          "sensitive_attributes": [],
          "private": "bnVsbA==",
          "dependencies": [
            "netbox_site.fsn1",
            "netbox_tenant.knowit"
          ]
        },
        {
          "index_key": 2,
          "schema_version": 0,
          "attributes": {
            "custom_fields": null,
            "description": "my description",
            "id": "39",
            "name": "falkenstein",
            "site_id": 68,
            "slug": "falkenstein",
            "tags": [],
            "tenant_id": 7
          },
          "sensitive_attributes": [],
          "private": "bnVsbA==",
          "dependencies": [
            "netbox_site.fsn1",
            "netbox_tenant.knowit"
          ]
        },
        {
          "index_key": 3,
          "schema_version": 0,
          "attributes": {
            "custom_fields": null,
            "description": "my description",
            "id": "42",
            "name": "falkenstein",
            "site_id": 72,
            "slug": "falkenstein",
            "tags": [],
            "tenant_id": 7
          },
          "sensitive_attributes": [],
          "private": "bnVsbA==",
          "dependencies": [
            "netbox_site.fsn1",
            "netbox_tenant.knowit"
          ]
        },
        {
          "index_key": 4,
          "schema_version": 0,
          "attributes": {
            "custom_fields": null,
            "description": "my description",
            "id": "36",
            "name": "falkenstein",
            "site_id": 85,
            "slug": "falkenstein",
            "tags": [],
            "tenant_id": 7
          },
          "sensitive_attributes": [],
          "private": "bnVsbA==",
          "dependencies": [
            "netbox_site.fsn1",
            "netbox_tenant.knowit"
          ]
        },
        {
          "index_key": 5,
          "schema_version": 0,
          "attributes": {
            "custom_fields": null,
            "description": "my description",
            "id": "33",
            "name": "falkenstein",
            "site_id": 69,
            "slug": "falkenstein",
            "tags": [],
            "tenant_id": 7
          },
          "sensitive_attributes": [],
          "private": "bnVsbA==",
          "dependencies": [
            "netbox_site.fsn1",
            "netbox_tenant.knowit"
          ]
        },
        {
          "index_key": 6,
          "schema_version": 0,
          "attributes": {
            "custom_fields": null,
            "description": "my description",
            "id": "41",
            "name": "falkenstein",
            "site_id": 75,
            "slug": "falkenstein",
            "tags": [],
            "tenant_id": 7
          },
          "sensitive_attributes": [],
          "private": "bnVsbA==",
          "dependencies": [
            "netbox_site.fsn1",
            "netbox_tenant.knowit"
          ]
        },
        {
          "index_key": 7,
          "schema_version": 0,
          "attributes": {
            "custom_fields": null,
            "description": "my description",
            "id": "32",
            "name": "falkenstein",
            "site_id": 73,
            "slug": "falkenstein",
            "tags": [],
            "tenant_id": 7
          },
          "sensitive_attributes": [],
          "private": "bnVsbA==",
          "dependencies": [
            "netbox_site.fsn1",
            "netbox_tenant.knowit"
          ]
        },
        {
          "index_key": 8,
          "schema_version": 0,
          "attributes": {
            "custom_fields": null,
            "description": "my description",
            "id": "24",
            "name": "falkenstein",
            "site_id": 79,
            "slug": "falkenstein",
            "tags": [],
            "tenant_id": 7
          },
          "sensitive_attributes": [],
          "private": "bnVsbA==",
          "dependencies": [
            "netbox_site.fsn1",
            "netbox_tenant.knowit"
          ]
        },
        {
          "index_key": 9,
          "schema_version": 0,
          "attributes": {
            "custom_fields": null,
            "description": "my description",
            "id": "37",
            "name": "falkenstein",
            "site_id": 76,
            "slug": "falkenstein",
            "tags": [],
            "tenant_id": 7
          },
          "sensitive_attributes": [],
          "private": "bnVsbA==",
          "dependencies": [
            "netbox_site.fsn1",
            "netbox_tenant.knowit"
          ]
        },
        {
          "index_key": 10,
          "schema_version": 0,
          "attributes": {
            "custom_fields": null,
            "description": "my description",
            "id": "25",
            "name": "falkenstein",
            "site_id": 83,
            "slug": "falkenstein",
            "tags": [],
            "tenant_id": 7
          },
          "sensitive_attributes": [],
          "private": "bnVsbA==",
          "dependencies": [
            "netbox_site.fsn1",
            "netbox_tenant.knowit"
          ]
        },
        {
          "index_key": 11,
          "schema_version": 0,
          "attributes": {
            "custom_fields": null,
            "description": "my description",
            "id": "28",
            "name": "falkenstein",
            "site_id": 71,
            "slug": "falkenstein",
            "tags": [],
            "tenant_id": 7
          },
          "sensitive_attributes": [],
          "private": "bnVsbA==",
          "dependencies": [
            "netbox_site.fsn1",
            "netbox_tenant.knowit"
          ]
        },
        {
          "index_key": 12,
          "schema_version": 0,
          "attributes": {
            "custom_fields": null,
            "description": "my description",
            "id": "35",
            "name": "falkenstein",
            "site_id": 84,
            "slug": "falkenstein",
            "tags": [],
            "tenant_id": 7
          },
          "sensitive_attributes": [],
          "private": "bnVsbA==",
          "dependencies": [
            "netbox_site.fsn1",
            "netbox_tenant.knowit"
          ]
        },
        {
          "index_key": 13,
          "schema_version": 0,
          "attributes": {
            "custom_fields": null,
            "description": "my description",
            "id": "31",
            "name": "falkenstein",
            "site_id": 78,
            "slug": "falkenstein",
            "tags": [],
            "tenant_id": 7
          },
          "sensitive_attributes": [],
          "private": "bnVsbA==",
          "dependencies": [
            "netbox_site.fsn1",
            "netbox_tenant.knowit"
          ]
        },
        {
          "index_key": 14,
          "schema_version": 0,
          "attributes": {
            "custom_fields": null,
            "description": "my description",
            "id": "29",
            "name": "falkenstein",
            "site_id": 81,
            "slug": "falkenstein",
            "tags": [],
            "tenant_id": 7
          },
          "sensitive_attributes": [],
          "private": "bnVsbA==",
          "dependencies": [
            "netbox_site.fsn1",
            "netbox_tenant.knowit"
          ]
        },
        {
          "index_key": 15,
          "schema_version": 0,
          "attributes": {
            "custom_fields": null,
            "description": "my description",
            "id": "30",
            "name": "falkenstein",
            "site_id": 70,
            "slug": "falkenstein",
            "tags": [],
            "tenant_id": 7
          },
          "sensitive_attributes": [],
          "private": "bnVsbA==",
          "dependencies": [
            "netbox_site.fsn1",
            "netbox_tenant.knowit"
          ]
        },
        {
          "index_key": 16,
          "schema_version": 0,
          "attributes": {
            "custom_fields": null,
            "description": "my description",
            "id": "27",
            "name": "falkenstein",
            "site_id": 66,
            "slug": "falkenstein",
            "tags": [],
            "tenant_id": 7
          },
          "sensitive_attributes": [],
          "private": "bnVsbA==",
          "dependencies": [
            "netbox_site.fsn1",
            "netbox_tenant.knowit"
          ]
        },
        {
          "index_key": 17,
          "schema_version": 0,
          "attributes": {
            "custom_fields": null,
            "description": "my description",
            "id": "34",
            "name": "falkenstein",
            "site_id": 74,
            "slug": "falkenstein",
            "tags": [],
            "tenant_id": 7
          },
          "sensitive_attributes": [],
          "private": "bnVsbA==",
          "dependencies": [
            "netbox_site.fsn1",
            "netbox_tenant.knowit"
          ]
        },
        {
          "index_key": 18,
          "schema_version": 0,
          "attributes": {
            "custom_fields": null,
            "description": "my description",
            "id": "38",
            "name": "falkenstein",
            "site_id": 80,
            "slug": "falkenstein",
            "tags": [],
            "tenant_id": 7
          },
          "sensitive_attributes": [],
          "private": "bnVsbA==",
          "dependencies": [
            "netbox_site.fsn1",
            "netbox_tenant.knowit"
          ]
        },
        {
          "index_key": 19,
          "schema_version": 0,
          "attributes": {
            "custom_fields": null,
            "description": "my description",
            "id": "23",
            "name": "falkenstein",
            "site_id": 67,
            "slug": "falkenstein",
            "tags": [],
            "tenant_id": 7
          },
          "sensitive_attributes": [],
          "private": "bnVsbA==",
          "dependencies": [
            "netbox_site.fsn1",
            "netbox_tenant.knowit"
          ]
        }
      ]
    },
    {
      "mode": "managed",
      "type": "netbox_manufacturer",
      "name": "Lenovo",
      "provider": "provider[\"registry.terraform.io/e-breuninger/netbox\"]",
      "instances": [
        {
          "schema_version": 0,
          "attributes": {
            "id": "10",
            "name": "testmanufacturer",
            "slug": "testmanufacturer"
          },
          "sensitive_attributes": [],
          "private": "bnVsbA=="
        }
      ]
    },
    {
      "mode": "managed",
      "type": "netbox_manufacturer",
      "name": "test",
      "provider": "provider[\"registry.terraform.io/e-breuninger/netbox\"]",
      "instances": [
        {
          "schema_version": 0,
          "attributes": {
            "id": "11",
            "name": "test",
            "slug": "test"
          },
          "sensitive_attributes": [],
          "private": "bnVsbA=="
        }
      ]
    },
    {
      "mode": "managed",
      "type": "netbox_platform",
      "name": "PANOS",
      "provider": "provider[\"registry.terraform.io/e-breuninger/netbox\"]",
      "instances": [
        {
          "schema_version": 0,
          "attributes": {
            "id": "2",
            "name": "PANOS",
            "slug": "panos"
          },
          "sensitive_attributes": [],
          "private": "bnVsbA=="
        }
      ]
    },
    {
      "mode": "managed",
      "type": "netbox_rack",
      "name": "fcn1_rack1",
      "provider": "provider[\"registry.terraform.io/e-breuninger/netbox\"]",
      "instances": [
        {
          "index_key": 0,
          "schema_version": 0,
          "attributes": {
            "asset_tag": "",
            "comments": "",
            "custom_fields": null,
            "desc_units": false,
            "description": "",
            "facility_id": "",
            "id": "12",
            "location_id": 0,
            "max_weight": 0,
            "mounting_depth": 0,
            "name": "fcn1_dc01_rack1",
            "outer_depth": 0,
            "outer_unit": "",
            "outer_width": 0,
            "role_id": 0,
            "serial": "",
            "site_id": 82,
            "status": "reserved",
            "tags": [],
            "tenant_id": 0,
            "type": "",
            "u_height": 48,
            "weight": 0,
            "weight_unit": "",
            "width": 19
          },
          "sensitive_attributes": [],
          "private": "bnVsbA==",
          "dependencies": [
            "netbox_site.fsn1"
          ]
        },
        {
          "index_key": 1,
          "schema_version": 0,
          "attributes": {
            "asset_tag": "",
            "comments": "",
            "custom_fields": null,
            "desc_units": false,
            "description": "",
            "facility_id": "",
            "id": "18",
            "location_id": 0,
            "max_weight": 0,
            "mounting_depth": 0,
            "name": "fcn1_dc02_rack1",
            "outer_depth": 0,
            "outer_unit": "",
            "outer_width": 0,
            "role_id": 0,
            "serial": "",
            "site_id": 77,
            "status": "reserved",
            "tags": [],
            "tenant_id": 0,
            "type": "",
            "u_height": 48,
            "weight": 0,
            "weight_unit": "",
            "width": 19
          },
          "sensitive_attributes": [],
          "private": "bnVsbA==",
          "dependencies": [
            "netbox_site.fsn1"
          ]
        },
        {
          "index_key": 2,
          "schema_version": 0,
          "attributes": {
            "asset_tag": "",
            "comments": "",
            "custom_fields": null,
            "desc_units": false,
            "description": "",
            "facility_id": "",
            "id": "21",
            "location_id": 0,
            "max_weight": 0,
            "mounting_depth": 0,
            "name": "fcn1_dc03_rack1",
            "outer_depth": 0,
            "outer_unit": "",
            "outer_width": 0,
            "role_id": 0,
            "serial": "",
            "site_id": 68,
            "status": "reserved",
            "tags": [],
            "tenant_id": 0,
            "type": "",
            "u_height": 48,
            "weight": 0,
            "weight_unit": "",
            "width": 19
          },
          "sensitive_attributes": [],
          "private": "bnVsbA==",
          "dependencies": [
            "netbox_site.fsn1"
          ]
        },
        {
          "index_key": 3,
          "schema_version": 0,
          "attributes": {
            "asset_tag": "",
            "comments": "",
            "custom_fields": null,
            "desc_units": false,
            "description": "",
            "facility_id": "",
            "id": "26",
            "location_id": 0,
            "max_weight": 0,
            "mounting_depth": 0,
            "name": "fcn1_dc04_rack1",
            "outer_depth": 0,
            "outer_unit": "",
            "outer_width": 0,
            "role_id": 0,
            "serial": "",
            "site_id": 72,
            "status": "reserved",
            "tags": [],
            "tenant_id": 0,
            "type": "",
            "u_height": 48,
            "weight": 0,
            "weight_unit": "",
            "width": 19
          },
          "sensitive_attributes": [],
          "private": "bnVsbA==",
          "dependencies": [
            "netbox_site.fsn1"
          ]
        },
        {
          "index_key": 4,
          "schema_version": 0,
          "attributes": {
            "asset_tag": "",
            "comments": "",
            "custom_fields": null,
            "desc_units": false,
            "description": "",
            "facility_id": "",
            "id": "8",
            "location_id": 0,
            "max_weight": 0,
            "mounting_depth": 0,
            "name": "fcn1_dc05_rack1",
            "outer_depth": 0,
            "outer_unit": "",
            "outer_width": 0,
            "role_id": 0,
            "serial": "",
            "site_id": 85,
            "status": "reserved",
            "tags": [],
            "tenant_id": 0,
            "type": "",
            "u_height": 48,
            "weight": 0,
            "weight_unit": "",
            "width": 19
          },
          "sensitive_attributes": [],
          "private": "bnVsbA==",
          "dependencies": [
            "netbox_site.fsn1"
          ]
        },
        {
          "index_key": 5,
          "schema_version": 0,
          "attributes": {
            "asset_tag": "",
            "comments": "",
            "custom_fields": null,
            "desc_units": false,
            "description": "",
            "facility_id": "",
            "id": "14",
            "location_id": 0,
            "max_weight": 0,
            "mounting_depth": 0,
            "name": "fcn1_dc06_rack1",
            "outer_depth": 0,
            "outer_unit": "",
            "outer_width": 0,
            "role_id": 0,
            "serial": "",
            "site_id": 69,
            "status": "reserved",
            "tags": [],
            "tenant_id": 0,
            "type": "",
            "u_height": 48,
            "weight": 0,
            "weight_unit": "",
            "width": 19
          },
          "sensitive_attributes": [],
          "private": "bnVsbA==",
          "dependencies": [
            "netbox_site.fsn1"
          ]
        },
        {
          "index_key": 6,
          "schema_version": 0,
          "attributes": {
            "asset_tag": "",
            "comments": "",
            "custom_fields": null,
            "desc_units": false,
            "description": "",
            "facility_id": "",
            "id": "13",
            "location_id": 0,
            "max_weight": 0,
            "mounting_depth": 0,
            "name": "fcn1_dc07_rack1",
            "outer_depth": 0,
            "outer_unit": "",
            "outer_width": 0,
            "role_id": 0,
            "serial": "",
            "site_id": 75,
            "status": "reserved",
            "tags": [],
            "tenant_id": 0,
            "type": "",
            "u_height": 48,
            "weight": 0,
            "weight_unit": "",
            "width": 19
          },
          "sensitive_attributes": [],
          "private": "bnVsbA==",
          "dependencies": [
            "netbox_site.fsn1"
          ]
        },
        {
          "index_key": 7,
          "schema_version": 0,
          "attributes": {
            "asset_tag": "",
            "comments": "",
            "custom_fields": null,
            "desc_units": false,
            "description": "",
            "facility_id": "",
            "id": "17",
            "location_id": 0,
            "max_weight": 0,
            "mounting_depth": 0,
            "name": "fcn1_dc08_rack1",
            "outer_depth": 0,
            "outer_unit": "",
            "outer_width": 0,
            "role_id": 0,
            "serial": "",
            "site_id": 73,
            "status": "reserved",
            "tags": [],
            "tenant_id": 0,
            "type": "",
            "u_height": 48,
            "weight": 0,
            "weight_unit": "",
            "width": 19
          },
          "sensitive_attributes": [],
          "private": "bnVsbA==",
          "dependencies": [
            "netbox_site.fsn1"
          ]
        },
        {
          "index_key": 8,
          "schema_version": 0,
          "attributes": {
            "asset_tag": "",
            "comments": "",
            "custom_fields": null,
            "desc_units": false,
            "description": "",
            "facility_id": "",
            "id": "23",
            "location_id": 0,
            "max_weight": 0,
            "mounting_depth": 0,
            "name": "fcn1_dc09_rack1",
            "outer_depth": 0,
            "outer_unit": "",
            "outer_width": 0,
            "role_id": 0,
            "serial": "",
            "site_id": 79,
            "status": "reserved",
            "tags": [],
            "tenant_id": 0,
            "type": "",
            "u_height": 48,
            "weight": 0,
            "weight_unit": "",
            "width": 19
          },
          "sensitive_attributes": [],
          "private": "bnVsbA==",
          "dependencies": [
            "netbox_site.fsn1"
          ]
        },
        {
          "index_key": 9,
          "schema_version": 0,
          "attributes": {
            "asset_tag": "",
            "comments": "",
            "custom_fields": null,
            "desc_units": false,
            "description": "",
            "facility_id": "",
            "id": "19",
            "location_id": 0,
            "max_weight": 0,
            "mounting_depth": 0,
            "name": "fcn1_dc10_rack1",
            "outer_depth": 0,
            "outer_unit": "",
            "outer_width": 0,
            "role_id": 0,
            "serial": "",
            "site_id": 76,
            "status": "reserved",
            "tags": [],
            "tenant_id": 0,
            "type": "",
            "u_height": 48,
            "weight": 0,
            "weight_unit": "",
            "width": 19
          },
          "sensitive_attributes": [],
          "private": "bnVsbA==",
          "dependencies": [
            "netbox_site.fsn1"
          ]
        },
        {
          "index_key": 10,
          "schema_version": 0,
          "attributes": {
            "asset_tag": "",
            "comments": "",
            "custom_fields": null,
            "desc_units": false,
            "description": "",
            "facility_id": "",
            "id": "22",
            "location_id": 0,
            "max_weight": 0,
            "mounting_depth": 0,
            "name": "fcn1_dc11_rack1",
            "outer_depth": 0,
            "outer_unit": "",
            "outer_width": 0,
            "role_id": 0,
            "serial": "",
            "site_id": 83,
            "status": "reserved",
            "tags": [],
            "tenant_id": 0,
            "type": "",
            "u_height": 48,
            "weight": 0,
            "weight_unit": "",
            "width": 19
          },
          "sensitive_attributes": [],
          "private": "bnVsbA==",
          "dependencies": [
            "netbox_site.fsn1"
          ]
        },
        {
          "index_key": 11,
          "schema_version": 0,
          "attributes": {
            "asset_tag": "",
            "comments": "",
            "custom_fields": null,
            "desc_units": false,
            "description": "",
            "facility_id": "",
            "id": "10",
            "location_id": 0,
            "max_weight": 0,
            "mounting_depth": 0,
            "name": "fcn1_dc12_rack1",
            "outer_depth": 0,
            "outer_unit": "",
            "outer_width": 0,
            "role_id": 0,
            "serial": "",
            "site_id": 71,
            "status": "reserved",
            "tags": [],
            "tenant_id": 0,
            "type": "",
            "u_height": 48,
            "weight": 0,
            "weight_unit": "",
            "width": 19
          },
          "sensitive_attributes": [],
          "private": "bnVsbA==",
          "dependencies": [
            "netbox_site.fsn1"
          ]
        },
        {
          "index_key": 12,
          "schema_version": 0,
          "attributes": {
            "asset_tag": "",
            "comments": "",
            "custom_fields": null,
            "desc_units": false,
            "description": "",
            "facility_id": "",
            "id": "11",
            "location_id": 0,
            "max_weight": 0,
            "mounting_depth": 0,
            "name": "fcn1_dc13_rack1",
            "outer_depth": 0,
            "outer_unit": "",
            "outer_width": 0,
            "role_id": 0,
            "serial": "",
            "site_id": 84,
            "status": "reserved",
            "tags": [],
            "tenant_id": 0,
            "type": "",
            "u_height": 48,
            "weight": 0,
            "weight_unit": "",
            "width": 19
          },
          "sensitive_attributes": [],
          "private": "bnVsbA==",
          "dependencies": [
            "netbox_site.fsn1"
          ]
        },
        {
          "index_key": 13,
          "schema_version": 0,
          "attributes": {
            "asset_tag": "",
            "comments": "",
            "custom_fields": null,
            "desc_units": false,
            "description": "",
            "facility_id": "",
            "id": "9",
            "location_id": 0,
            "max_weight": 0,
            "mounting_depth": 0,
            "name": "fcn1_dc14_rack1",
            "outer_depth": 0,
            "outer_unit": "",
            "outer_width": 0,
            "role_id": 0,
            "serial": "",
            "site_id": 78,
            "status": "reserved",
            "tags": [],
            "tenant_id": 0,
            "type": "",
            "u_height": 48,
            "weight": 0,
            "weight_unit": "",
            "width": 19
          },
          "sensitive_attributes": [],
          "private": "bnVsbA==",
          "dependencies": [
            "netbox_site.fsn1"
          ]
        },
        {
          "index_key": 14,
          "schema_version": 0,
          "attributes": {
            "asset_tag": "",
            "comments": "",
            "custom_fields": null,
            "desc_units": false,
            "description": "",
            "facility_id": "",
            "id": "15",
            "location_id": 0,
            "max_weight": 0,
            "mounting_depth": 0,
            "name": "fcn1_dc15_rack1",
            "outer_depth": 0,
            "outer_unit": "",
            "outer_width": 0,
            "role_id": 0,
            "serial": "",
            "site_id": 81,
            "status": "reserved",
            "tags": [],
            "tenant_id": 0,
            "type": "",
            "u_height": 48,
            "weight": 0,
            "weight_unit": "",
            "width": 19
          },
          "sensitive_attributes": [],
          "private": "bnVsbA==",
          "dependencies": [
            "netbox_site.fsn1"
          ]
        },
        {
          "index_key": 15,
          "schema_version": 0,
          "attributes": {
            "asset_tag": "",
            "comments": "",
            "custom_fields": null,
            "desc_units": false,
            "description": "",
            "facility_id": "",
            "id": "24",
            "location_id": 0,
            "max_weight": 0,
            "mounting_depth": 0,
            "name": "fcn1_dc16_rack1",
            "outer_depth": 0,
            "outer_unit": "",
            "outer_width": 0,
            "role_id": 0,
            "serial": "",
            "site_id": 70,
            "status": "reserved",
            "tags": [],
            "tenant_id": 0,
            "type": "",
            "u_height": 48,
            "weight": 0,
            "weight_unit": "",
            "width": 19
          },
          "sensitive_attributes": [],
          "private": "bnVsbA==",
          "dependencies": [
            "netbox_site.fsn1"
          ]
        },
        {
          "index_key": 16,
          "schema_version": 0,
          "attributes": {
            "asset_tag": "",
            "comments": "",
            "custom_fields": null,
            "desc_units": false,
            "description": "",
            "facility_id": "",
            "id": "7",
            "location_id": 0,
            "max_weight": 0,
            "mounting_depth": 0,
            "name": "fcn1_dc17_rack1",
            "outer_depth": 0,
            "outer_unit": "",
            "outer_width": 0,
            "role_id": 0,
            "serial": "",
            "site_id": 66,
            "status": "reserved",
            "tags": [],
            "tenant_id": 0,
            "type": "",
            "u_height": 48,
            "weight": 0,
            "weight_unit": "",
            "width": 19
          },
          "sensitive_attributes": [],
          "private": "bnVsbA==",
          "dependencies": [
            "netbox_site.fsn1"
          ]
        },
        {
          "index_key": 17,
          "schema_version": 0,
          "attributes": {
            "asset_tag": "",
            "comments": "",
            "custom_fields": null,
            "desc_units": false,
            "description": "",
            "facility_id": "",
            "id": "20",
            "location_id": 0,
            "max_weight": 0,
            "mounting_depth": 0,
            "name": "fcn1_dc18_rack1",
            "outer_depth": 0,
            "outer_unit": "",
            "outer_width": 0,
            "role_id": 0,
            "serial": "",
            "site_id": 74,
            "status": "reserved",
            "tags": [],
            "tenant_id": 0,
            "type": "",
            "u_height": 48,
            "weight": 0,
            "weight_unit": "",
            "width": 19
          },
          "sensitive_attributes": [],
          "private": "bnVsbA==",
          "dependencies": [
            "netbox_site.fsn1"
          ]
        },
        {
          "index_key": 18,
          "schema_version": 0,
          "attributes": {
            "asset_tag": "",
            "comments": "",
            "custom_fields": null,
            "desc_units": false,
            "description": "",
            "facility_id": "",
            "id": "16",
            "location_id": 0,
            "max_weight": 0,
            "mounting_depth": 0,
            "name": "fcn1_dc19_rack1",
            "outer_depth": 0,
            "outer_unit": "",
            "outer_width": 0,
            "role_id": 0,
            "serial": "",
            "site_id": 80,
            "status": "reserved",
            "tags": [],
            "tenant_id": 0,
            "type": "",
            "u_height": 48,
            "weight": 0,
            "weight_unit": "",
            "width": 19
          },
          "sensitive_attributes": [],
          "private": "bnVsbA==",
          "dependencies": [
            "netbox_site.fsn1"
          ]
        },
        {
          "index_key": 19,
          "schema_version": 0,
          "attributes": {
            "asset_tag": "",
            "comments": "",
            "custom_fields": null,
            "desc_units": false,
            "description": "",
            "facility_id": "",
            "id": "25",
            "location_id": 0,
            "max_weight": 0,
            "mounting_depth": 0,
            "name": "fcn1_dc20_rack1",
            "outer_depth": 0,
            "outer_unit": "",
            "outer_width": 0,
            "role_id": 0,
            "serial": "",
            "site_id": 67,
            "status": "reserved",
            "tags": [],
            "tenant_id": 0,
            "type": "",
            "u_height": 48,
            "weight": 0,
            "weight_unit": "",
            "width": 19
          },
          "sensitive_attributes": [],
          "private": "bnVsbA==",
          "dependencies": [
            "netbox_site.fsn1"
          ]
        }
      ]
    },
    {
      "mode": "managed",
      "type": "netbox_rack_role",
      "name": "test",
      "provider": "provider[\"registry.terraform.io/e-breuninger/netbox\"]",
      "instances": [
        {
          "schema_version": 0,
          "attributes": {
            "color_hex": "111111",
            "description": "",
            "id": "6",
            "name": "test",
            "slug": "test",
            "tags": []
          },
          "sensitive_attributes": [],
          "private": "bnVsbA=="
        }
      ]
    },
    {
      "mode": "managed",
      "type": "netbox_region",
      "name": "germany",
      "provider": "provider[\"registry.terraform.io/e-breuninger/netbox\"]",
      "instances": [
        {
          "schema_version": 0,
          "attributes": {
            "description": "germany",
            "id": "20",
            "name": "germany",
            "parent_region_id": 0,
            "slug": "germany"
          },
          "sensitive_attributes": [],
          "private": "bnVsbA=="
        }
      ]
    },
    {
      "mode": "managed",
      "type": "netbox_site",
      "name": "fsn1",
      "provider": "provider[\"registry.terraform.io/e-breuninger/netbox\"]",
      "instances": [
        {
          "index_key": 0,
          "schema_version": 0,
          "attributes": {
            "asn_ids": [],
            "custom_fields": null,
            "description": "",
            "facility": "Data center",
            "group_id": 0,
            "id": "82",
            "latitude": 50.4779,
            "longitude": 12.3714,
            "name": "fsn1-dc1",
            "physical_address": "",
            "region_id": 0,
            "shipping_address": "",
            "slug": "fsn1-dc1",
            "status": "staging",
            "tags": [],
            "tenant_id": 0,
            "timezone": "Europe/Berlin"
          },
          "sensitive_attributes": [],
          "private": "bnVsbA=="
        },
        {
          "index_key": 1,
          "schema_version": 0,
          "attributes": {
            "asn_ids": [],
            "custom_fields": null,
            "description": "",
            "facility": "Data center",
            "group_id": 0,
            "id": "77",
            "latitude": 50.4779,
            "longitude": 12.3714,
            "name": "fsn1-dc2",
            "physical_address": "",
            "region_id": 0,
            "shipping_address": "",
            "slug": "fsn1-dc2",
            "status": "staging",
            "tags": [],
            "tenant_id": 0,
            "timezone": "Europe/Berlin"
          },
          "sensitive_attributes": [],
          "private": "bnVsbA=="
        },
        {
          "index_key": 2,
          "schema_version": 0,
          "attributes": {
            "asn_ids": [],
            "custom_fields": null,
            "description": "",
            "facility": "Data center",
            "group_id": 0,
            "id": "68",
            "latitude": 50.4779,
            "longitude": 12.3714,
            "name": "fsn1-dc3",
            "physical_address": "",
            "region_id": 0,
            "shipping_address": "",
            "slug": "fsn1-dc3",
            "status": "staging",
            "tags": [],
            "tenant_id": 0,
            "timezone": "Europe/Berlin"
          },
          "sensitive_attributes": [],
          "private": "bnVsbA=="
        },
        {
          "index_key": 3,
          "schema_version": 0,
          "attributes": {
            "asn_ids": [],
            "custom_fields": null,
            "description": "",
            "facility": "Data center",
            "group_id": 0,
            "id": "72",
            "latitude": 50.4779,
            "longitude": 12.3714,
            "name": "fsn1-dc4",
            "physical_address": "",
            "region_id": 0,
            "shipping_address": "",
            "slug": "fsn1-dc4",
            "status": "staging",
            "tags": [],
            "tenant_id": 0,
            "timezone": "Europe/Berlin"
          },
          "sensitive_attributes": [],
          "private": "bnVsbA=="
        },
        {
          "index_key": 4,
          "schema_version": 0,
          "attributes": {
            "asn_ids": [],
            "custom_fields": null,
            "description": "",
            "facility": "Data center",
            "group_id": 0,
            "id": "85",
            "latitude": 50.4779,
            "longitude": 12.3714,
            "name": "fsn1-dc5",
            "physical_address": "",
            "region_id": 0,
            "shipping_address": "",
            "slug": "fsn1-dc5",
            "status": "staging",
            "tags": [],
            "tenant_id": 0,
            "timezone": "Europe/Berlin"
          },
          "sensitive_attributes": [],
          "private": "bnVsbA=="
        },
        {
          "index_key": 5,
          "schema_version": 0,
          "attributes": {
            "asn_ids": [],
            "custom_fields": null,
            "description": "",
            "facility": "Data center",
            "group_id": 0,
            "id": "69",
            "latitude": 50.4779,
            "longitude": 12.3714,
            "name": "fsn1-dc6",
            "physical_address": "",
            "region_id": 0,
            "shipping_address": "",
            "slug": "fsn1-dc6",
            "status": "staging",
            "tags": [],
            "tenant_id": 0,
            "timezone": "Europe/Berlin"
          },
          "sensitive_attributes": [],
          "private": "bnVsbA=="
        },
        {
          "index_key": 6,
          "schema_version": 0,
          "attributes": {
            "asn_ids": [],
            "custom_fields": null,
            "description": "",
            "facility": "Data center",
            "group_id": 0,
            "id": "75",
            "latitude": 50.4779,
            "longitude": 12.3714,
            "name": "fsn1-dc7",
            "physical_address": "",
            "region_id": 0,
            "shipping_address": "",
            "slug": "fsn1-dc7",
            "status": "staging",
            "tags": [],
            "tenant_id": 0,
            "timezone": "Europe/Berlin"
          },
          "sensitive_attributes": [],
          "private": "bnVsbA=="
        },
        {
          "index_key": 7,
          "schema_version": 0,
          "attributes": {
            "asn_ids": [],
            "custom_fields": null,
            "description": "",
            "facility": "Data center",
            "group_id": 0,
            "id": "73",
            "latitude": 50.4779,
            "longitude": 12.3714,
            "name": "fsn1-dc8",
            "physical_address": "",
            "region_id": 0,
            "shipping_address": "",
            "slug": "fsn1-dc8",
            "status": "staging",
            "tags": [],
            "tenant_id": 0,
            "timezone": "Europe/Berlin"
          },
          "sensitive_attributes": [],
          "private": "bnVsbA=="
        },
        {
          "index_key": 8,
          "schema_version": 0,
          "attributes": {
            "asn_ids": [],
            "custom_fields": null,
            "description": "",
            "facility": "Data center",
            "group_id": 0,
            "id": "79",
            "latitude": 50.4779,
            "longitude": 12.3714,
            "name": "fsn1-dc9",
            "physical_address": "",
            "region_id": 0,
            "shipping_address": "",
            "slug": "fsn1-dc9",
            "status": "staging",
            "tags": [],
            "tenant_id": 0,
            "timezone": "Europe/Berlin"
          },
          "sensitive_attributes": [],
          "private": "bnVsbA=="
        },
        {
          "index_key": 9,
          "schema_version": 0,
          "attributes": {
            "asn_ids": [],
            "custom_fields": null,
            "description": "",
            "facility": "Data center",
            "group_id": 0,
            "id": "76",
            "latitude": 50.4779,
            "longitude": 12.3714,
            "name": "fsn1-dc10",
            "physical_address": "",
            "region_id": 0,
            "shipping_address": "",
            "slug": "fsn1-dc10",
            "status": "staging",
            "tags": [],
            "tenant_id": 0,
            "timezone": "Europe/Berlin"
          },
          "sensitive_attributes": [],
          "private": "bnVsbA=="
        },
        {
          "index_key": 10,
          "schema_version": 0,
          "attributes": {
            "asn_ids": [],
            "custom_fields": null,
            "description": "",
            "facility": "Data center",
            "group_id": 0,
            "id": "83",
            "latitude": 50.4779,
            "longitude": 12.3714,
            "name": "fsn1-dc11",
            "physical_address": "",
            "region_id": 0,
            "shipping_address": "",
            "slug": "fsn1-dc11",
            "status": "staging",
            "tags": [],
            "tenant_id": 0,
            "timezone": "Europe/Berlin"
          },
          "sensitive_attributes": [],
          "private": "bnVsbA=="
        },
        {
          "index_key": 11,
          "schema_version": 0,
          "attributes": {
            "asn_ids": [],
            "custom_fields": null,
            "description": "",
            "facility": "Data center",
            "group_id": 0,
            "id": "71",
            "latitude": 50.4779,
            "longitude": 12.3714,
            "name": "fsn1-dc12",
            "physical_address": "",
            "region_id": 0,
            "shipping_address": "",
            "slug": "fsn1-dc12",
            "status": "staging",
            "tags": [],
            "tenant_id": 0,
            "timezone": "Europe/Berlin"
          },
          "sensitive_attributes": [],
          "private": "bnVsbA=="
        },
        {
          "index_key": 12,
          "schema_version": 0,
          "attributes": {
            "asn_ids": [],
            "custom_fields": null,
            "description": "",
            "facility": "Data center",
            "group_id": 0,
            "id": "84",
            "latitude": 50.4779,
            "longitude": 12.3714,
            "name": "fsn1-dc13",
            "physical_address": "",
            "region_id": 0,
            "shipping_address": "",
            "slug": "fsn1-dc13",
            "status": "staging",
            "tags": [],
            "tenant_id": 0,
            "timezone": "Europe/Berlin"
          },
          "sensitive_attributes": [],
          "private": "bnVsbA=="
        },
        {
          "index_key": 13,
          "schema_version": 0,
          "attributes": {
            "asn_ids": [],
            "custom_fields": null,
            "description": "",
            "facility": "Data center",
            "group_id": 0,
            "id": "78",
            "latitude": 50.4779,
            "longitude": 12.3714,
            "name": "fsn1-dc14",
            "physical_address": "",
            "region_id": 0,
            "shipping_address": "",
            "slug": "fsn1-dc14",
            "status": "staging",
            "tags": [],
            "tenant_id": 0,
            "timezone": "Europe/Berlin"
          },
          "sensitive_attributes": [],
          "private": "bnVsbA=="
        },
        {
          "index_key": 14,
          "schema_version": 0,
          "attributes": {
            "asn_ids": [],
            "custom_fields": null,
            "description": "",
            "facility": "Data center",
            "group_id": 0,
            "id": "81",
            "latitude": 50.4779,
            "longitude": 12.3714,
            "name": "fsn1-dc15",
            "physical_address": "",
            "region_id": 0,
            "shipping_address": "",
            "slug": "fsn1-dc15",
            "status": "staging",
            "tags": [],
            "tenant_id": 0,
            "timezone": "Europe/Berlin"
          },
          "sensitive_attributes": [],
          "private": "bnVsbA=="
        },
        {
          "index_key": 15,
          "schema_version": 0,
          "attributes": {
            "asn_ids": [],
            "custom_fields": null,
            "description": "",
            "facility": "Data center",
            "group_id": 0,
            "id": "70",
            "latitude": 50.4779,
            "longitude": 12.3714,
            "name": "fsn1-dc16",
            "physical_address": "",
            "region_id": 0,
            "shipping_address": "",
            "slug": "fsn1-dc16",
            "status": "staging",
            "tags": [],
            "tenant_id": 0,
            "timezone": "Europe/Berlin"
          },
          "sensitive_attributes": [],
          "private": "bnVsbA=="
        },
        {
          "index_key": 16,
          "schema_version": 0,
          "attributes": {
            "asn_ids": [],
            "custom_fields": null,
            "description": "",
            "facility": "Data center",
            "group_id": 0,
            "id": "66",
            "latitude": 50.4779,
            "longitude": 12.3714,
            "name": "fsn1-dc17",
            "physical_address": "",
            "region_id": 0,
            "shipping_address": "",
            "slug": "fsn1-dc17",
            "status": "staging",
            "tags": [],
            "tenant_id": 0,
            "timezone": "Europe/Berlin"
          },
          "sensitive_attributes": [],
          "private": "bnVsbA=="
        },
        {
          "index_key": 17,
          "schema_version": 0,
          "attributes": {
            "asn_ids": [],
            "custom_fields": null,
            "description": "",
            "facility": "Data center",
            "group_id": 0,
            "id": "74",
            "latitude": 50.4779,
            "longitude": 12.3714,
            "name": "fsn1-dc18",
            "physical_address": "",
            "region_id": 0,
            "shipping_address": "",
            "slug": "fsn1-dc18",
            "status": "staging",
            "tags": [],
            "tenant_id": 0,
            "timezone": "Europe/Berlin"
          },
          "sensitive_attributes": [],
          "private": "bnVsbA=="
        },
        {
          "index_key": 18,
          "schema_version": 0,
          "attributes": {
            "asn_ids": [],
            "custom_fields": null,
            "description": "",
            "facility": "Data center",
            "group_id": 0,
            "id": "80",
            "latitude": 50.4779,
            "longitude": 12.3714,
            "name": "fsn1-dc19",
            "physical_address": "",
            "region_id": 0,
            "shipping_address": "",
            "slug": "fsn1-dc19",
            "status": "staging",
            "tags": [],
            "tenant_id": 0,
            "timezone": "Europe/Berlin"
          },
          "sensitive_attributes": [],
          "private": "bnVsbA=="
        },
        {
          "index_key": 19,
          "schema_version": 0,
          "attributes": {
            "asn_ids": [],
            "custom_fields": null,
            "description": "",
            "facility": "Data center",
            "group_id": 0,
            "id": "67",
            "latitude": 50.4779,
            "longitude": 12.3714,
            "name": "fsn1-dc20",
            "physical_address": "",
            "region_id": 0,
            "shipping_address": "",
            "slug": "fsn1-dc20",
            "status": "staging",
            "tags": [],
            "tenant_id": 0,
            "timezone": "Europe/Berlin"
          },
          "sensitive_attributes": [],
          "private": "bnVsbA=="
        }
      ]
    },
    {
      "mode": "managed",
      "type": "netbox_site_group",
      "name": "child",
      "provider": "provider[\"registry.terraform.io/e-breuninger/netbox\"]",
      "instances": [
        {
          "schema_version": 0,
          "attributes": {
            "description": "sample description",
            "id": "76",
            "name": "child",
            "parent_id": 75,
            "slug": "child"
          },
          "sensitive_attributes": [],
          "private": "bnVsbA==",
          "dependencies": [
            "netbox_site_group.parent"
          ]
        }
      ]
    },
    {
      "mode": "managed",
      "type": "netbox_site_group",
      "name": "parent",
      "provider": "provider[\"registry.terraform.io/e-breuninger/netbox\"]",
      "instances": [
        {
          "schema_version": 0,
          "attributes": {
            "description": "sample description",
            "id": "75",
            "name": "parent",
            "parent_id": null,
            "slug": "parent"
          },
          "sensitive_attributes": [],
          "private": "bnVsbA=="
        }
      ]
    },
    {
      "mode": "managed",
      "type": "netbox_tag",
      "name": "openshiftmaster",
      "provider": "provider[\"registry.terraform.io/e-breuninger/netbox\"]",
      "instances": [
        {
          "schema_version": 0,
          "attributes": {
            "color_hex": "90ee90",
            "description": "",
            "id": "90",
            "name": "openshiftmaster",
            "slug": "openshiftmaster",
            "tags": null
          },
          "sensitive_attributes": [],
          "private": "bnVsbA=="
        }
      ]
    },
    {
      "mode": "managed",
      "type": "netbox_tag",
      "name": "os_debian",
      "provider": "provider[\"registry.terraform.io/e-breuninger/netbox\"]",
      "instances": [
        {
          "schema_version": 0,
          "attributes": {
            "color_hex": "b0e0e6",
            "description": "",
            "id": "97",
            "name": "os_debian",
            "slug": "os_debian",
            "tags": null
          },
          "sensitive_attributes": [],
          "private": "bnVsbA=="
        }
      ]
    },
    {
      "mode": "managed",
      "type": "netbox_tag",
      "name": "os_linux",
      "provider": "provider[\"registry.terraform.io/e-breuninger/netbox\"]",
      "instances": [
        {
          "schema_version": 0,
          "attributes": {
            "color_hex": "87cefa",
            "description": "",
            "id": "95",
            "name": "os_linux",
            "slug": "os_linux",
            "tags": null
          },
          "sensitive_attributes": [],
          "private": "bnVsbA=="
        }
      ]
    },
    {
      "mode": "managed",
      "type": "netbox_tag",
      "name": "os_redhat",
      "provider": "provider[\"registry.terraform.io/e-breuninger/netbox\"]",
      "instances": [
        {
          "schema_version": 0,
          "attributes": {
            "color_hex": "ff4500",
            "description": "",
            "id": "102",
            "name": "os_redhat",
            "slug": "os_redhat",
            "tags": null
          },
          "sensitive_attributes": [],
          "private": "bnVsbA=="
        }
      ]
    },
    {
      "mode": "managed",
      "type": "netbox_tag",
      "name": "os_ubuntu",
      "provider": "provider[\"registry.terraform.io/e-breuninger/netbox\"]",
      "instances": [
        {
          "schema_version": 0,
          "attributes": {
            "color_hex": "ffa500",
            "description": "",
            "id": "104",
            "name": "os_ubuntu",
            "slug": "os_ubuntu",
            "tags": null
          },
          "sensitive_attributes": [],
          "private": "bnVsbA=="
        }
      ]
    },
    {
      "mode": "managed",
      "type": "netbox_tag",
      "name": "os_windows",
      "provider": "provider[\"registry.terraform.io/e-breuninger/netbox\"]",
      "instances": [
        {
          "schema_version": 0,
          "attributes": {
            "color_hex": "90ee90",
            "description": "",
            "id": "100",
            "name": "os_windows",
            "slug": "os_windows",
            "tags": null
          },
          "sensitive_attributes": [],
          "private": "bnVsbA=="
        }
      ]
    },
    {
      "mode": "managed",
      "type": "netbox_tag",
      "name": "role_backup",
      "provider": "provider[\"registry.terraform.io/e-breuninger/netbox\"]",
      "instances": [
        {
          "schema_version": 0,
          "attributes": {
            "color_hex": "00ffff",
            "description": "",
            "id": "101",
            "name": "role_backup",
            "slug": "role_backup",
            "tags": null
          },
          "sensitive_attributes": [],
          "private": "bnVsbA=="
        }
      ]
    },
    {
      "mode": "managed",
      "type": "netbox_tag",
      "name": "role_kalm",
      "provider": "provider[\"registry.terraform.io/e-breuninger/netbox\"]",
      "instances": [
        {
          "schema_version": 0,
          "attributes": {
            "color_hex": "00ffff",
            "description": "",
            "id": "106",
            "name": "role_kalm",
            "slug": "role_kalm",
            "tags": null
          },
          "sensitive_attributes": [],
          "private": "bnVsbA=="
        }
      ]
    },
    {
      "mode": "managed",
      "type": "netbox_tag",
      "name": "role_zabbix",
      "provider": "provider[\"registry.terraform.io/e-breuninger/netbox\"]",
      "instances": [
        {
          "schema_version": 0,
          "attributes": {
            "color_hex": "00ffff",
            "description": "",
            "id": "107",
            "name": "role_zabbix",
            "slug": "role_zabbix",
            "tags": null
          },
          "sensitive_attributes": [],
          "private": "bnVsbA=="
        }
      ]
    },
    {
      "mode": "managed",
      "type": "netbox_tag",
      "name": "service_nfsserver",
      "provider": "provider[\"registry.terraform.io/e-breuninger/netbox\"]",
      "instances": [
        {
          "schema_version": 0,
          "attributes": {
            "color_hex": "0000ff",
            "description": "",
            "id": "92",
            "name": "service_nfsserver",
            "slug": "service_nfsserver",
            "tags": null
          },
          "sensitive_attributes": [],
          "private": "bnVsbA=="
        }
      ]
    },
    {
      "mode": "managed",
      "type": "netbox_tag",
      "name": "service_openshiftmaster",
      "provider": "provider[\"registry.terraform.io/e-breuninger/netbox\"]",
      "instances": [
        {
          "schema_version": 0,
          "attributes": {
            "color_hex": "0000ff",
            "description": "",
            "id": "89",
            "name": "service_openshiftmaster",
            "slug": "service_openshiftmaster",
            "tags": null
          },
          "sensitive_attributes": [],
          "private": "bnVsbA=="
        }
      ]
    },
    {
      "mode": "managed",
      "type": "netbox_tag",
      "name": "service_openshiftworker",
      "provider": "provider[\"registry.terraform.io/e-breuninger/netbox\"]",
      "instances": [
        {
          "schema_version": 0,
          "attributes": {
            "color_hex": "0000ff",
            "description": "",
            "id": "98",
            "name": "service_openshiftworker",
            "slug": "service_openshiftworker",
            "tags": null
          },
          "sensitive_attributes": [],
          "private": "bnVsbA=="
        }
      ]
    },
    {
      "mode": "managed",
      "type": "netbox_tag",
      "name": "service_openstackovercloud",
      "provider": "provider[\"registry.terraform.io/e-breuninger/netbox\"]",
      "instances": [
        {
          "schema_version": 0,
          "attributes": {
            "color_hex": "0000ff",
            "description": "",
            "id": "105",
            "name": "service_openstackovercloud",
            "slug": "service_openstackovercloud",
            "tags": null
          },
          "sensitive_attributes": [],
          "private": "bnVsbA=="
        }
      ]
    },
    {
      "mode": "managed",
      "type": "netbox_tag",
      "name": "service_openstackundercloud",
      "provider": "provider[\"registry.terraform.io/e-breuninger/netbox\"]",
      "instances": [
        {
          "schema_version": 0,
          "attributes": {
            "color_hex": "0000ff",
            "description": "",
            "id": "93",
            "name": "service_openstackundercloud",
            "slug": "service_openstackundercloud",
            "tags": null
          },
          "sensitive_attributes": [],
          "private": "bnVsbA=="
        }
      ]
    },
    {
      "mode": "managed",
      "type": "netbox_tag",
      "name": "service_satellite",
      "provider": "provider[\"registry.terraform.io/e-breuninger/netbox\"]",
      "instances": [
        {
          "schema_version": 0,
          "attributes": {
            "color_hex": "0000ff",
            "description": "",
            "id": "99",
            "name": "service_satellite",
            "slug": "service_satellite",
            "tags": null
          },
          "sensitive_attributes": [],
          "private": "bnVsbA=="
        }
      ]
    },
    {
      "mode": "managed",
      "type": "netbox_tag",
      "name": "sla_prerproduction",
      "provider": "provider[\"registry.terraform.io/e-breuninger/netbox\"]",
      "instances": [
        {
          "schema_version": 0,
          "attributes": {
            "color_hex": "ffff00",
            "description": "",
            "id": "94",
            "name": "sla_prerproduction",
            "slug": "sla_prerproduction",
            "tags": null
          },
          "sensitive_attributes": [],
          "private": "bnVsbA=="
        }
      ]
    },
    {
      "mode": "managed",
      "type": "netbox_tag",
      "name": "sla_production",
      "provider": "provider[\"registry.terraform.io/e-breuninger/netbox\"]",
      "instances": [
        {
          "schema_version": 0,
          "attributes": {
            "color_hex": "ff0000",
            "description": "",
            "id": "91",
            "name": "sla_production",
            "slug": "sla_production",
            "tags": null
          },
          "sensitive_attributes": [],
          "private": "bnVsbA=="
        }
      ]
    },
    {
      "mode": "managed",
      "type": "netbox_tag",
      "name": "sla_qa",
      "provider": "provider[\"registry.terraform.io/e-breuninger/netbox\"]",
      "instances": [
        {
          "schema_version": 0,
          "attributes": {
            "color_hex": "0000ff",
            "description": "",
            "id": "96",
            "name": "sla_qa",
            "slug": "sla_qa",
            "tags": null
          },
          "sensitive_attributes": [],
          "private": "bnVsbA=="
        }
      ]
    },
    {
      "mode": "managed",
      "type": "netbox_tag",
      "name": "sla_test",
      "provider": "provider[\"registry.terraform.io/e-breuninger/netbox\"]",
      "instances": [
        {
          "schema_version": 0,
          "attributes": {
            "color_hex": "800080",
            "description": "",
            "id": "103",
            "name": "sla_test",
            "slug": "sla_test",
            "tags": null
          },
          "sensitive_attributes": [],
          "private": "bnVsbA=="
        }
      ]
    },
    {
      "mode": "managed",
      "type": "netbox_tenant",
      "name": "knowit",
      "provider": "provider[\"registry.terraform.io/e-breuninger/netbox\"]",
      "instances": [
        {
          "schema_version": 0,
          "attributes": {
            "description": "",
            "group_id": null,
            "id": "7",
            "name": "knowit A/S",
            "slug": "knowit-as",
            "tags": null
          },
          "sensitive_attributes": [],
          "private": "bnVsbA=="
        }
      ]
    },
    {
      "mode": "managed",
      "type": "netbox_virtual_machine",
      "name": "aap",
      "provider": "provider[\"registry.terraform.io/e-breuninger/netbox\"]",
      "instances": [
        {
          "index_key": 0,
          "schema_version": 1,
          "attributes": {
            "cluster_id": 30,
            "comments": "",
            "custom_fields": null,
            "description": "",
            "device_id": 0,
            "disk_size_gb": 100,
            "id": "283",
            "local_context_data": "{\"activation_key\":\"Faceted-Oil-Scion6\",\"operating_system\":\"rhel-9.2\",\"rhel_org\":6207854}",
            "memory_mb": 8192,
            "name": "aap01",
            "platform_id": 0,
            "primary_ipv4": 0,
            "primary_ipv6": 0,
            "role_id": 35,
            "site_id": 0,
            "status": "active",
            "tags": [
              "os_redhat",
              "role_backup"
            ],
            "tenant_id": 7,
            "vcpus": 2
          },
          "sensitive_attributes": [],
          "private": "eyJzY2hlbWFfdmVyc2lvbiI6IjEifQ==",
          "dependencies": [
            "netbox_cluster.openstack",
            "netbox_cluster_group.openstack",
            "netbox_cluster_type.kvm",
            "netbox_device_role.server",
            "netbox_tenant.knowit"
          ]
        }
      ]
    },
    {
      "mode": "managed",
      "type": "netbox_virtual_machine",
      "name": "airflow",
      "provider": "provider[\"registry.terraform.io/e-breuninger/netbox\"]",
      "instances": [
        {
          "index_key": 0,
          "schema_version": 1,
          "attributes": {
            "cluster_id": 30,
            "comments": "",
            "custom_fields": null,
            "description": "",
            "device_id": 0,
            "disk_size_gb": 100,
            "id": "302",
            "local_context_data": "{\"activation_key\":\"Faceted-Oil-Scion6\",\"operating_system\":\"rhel-9.2\",\"rhel_org\":6207854}",
            "memory_mb": 8192,
            "name": "airflow01",
            "platform_id": 0,
            "primary_ipv4": 0,
            "primary_ipv6": 0,
            "role_id": 35,
            "site_id": 0,
            "status": "active",
            "tags": [
              "os_redhat",
              "role_backup"
            ],
            "tenant_id": 7,
            "vcpus": 2
          },
          "sensitive_attributes": [],
          "private": "eyJzY2hlbWFfdmVyc2lvbiI6IjEifQ==",
          "dependencies": [
            "netbox_cluster.openstack",
            "netbox_cluster_group.openstack",
            "netbox_cluster_type.kvm",
            "netbox_device_role.server",
            "netbox_tenant.knowit"
          ]
        }
      ]
    },
    {
      "mode": "managed",
      "type": "netbox_virtual_machine",
      "name": "awx",
      "provider": "provider[\"registry.terraform.io/e-breuninger/netbox\"]",
      "instances": [
        {
          "index_key": 0,
          "schema_version": 1,
          "attributes": {
            "cluster_id": 28,
            "comments": "",
            "custom_fields": null,
            "description": "",
            "device_id": 0,
            "disk_size_gb": 40,
            "id": "293",
            "local_context_data": "{\"activation_key\":\"Faceted-Oil-Scion6\",\"operating_system\":\"rhel-9\",\"rhel_org\":6207854}",
            "memory_mb": 8192,
            "name": "awx01",
            "platform_id": 0,
            "primary_ipv4": 0,
            "primary_ipv6": 0,
            "role_id": 35,
            "site_id": 0,
            "status": "active",
            "tags": [
              "os_redhat",
              "role_backup"
            ],
            "tenant_id": 7,
            "vcpus": 2
          },
          "sensitive_attributes": [],
          "private": "eyJzY2hlbWFfdmVyc2lvbiI6IjEifQ==",
          "dependencies": [
            "netbox_cluster.openstack",
            "netbox_cluster_group.openstack",
            "netbox_cluster_type.kvm",
            "netbox_device_role.server",
            "netbox_tenant.knowit"
          ]
        }
      ]
    },
    {
      "mode": "managed",
      "type": "netbox_virtual_machine",
      "name": "ckan",
      "provider": "provider[\"registry.terraform.io/e-breuninger/netbox\"]",
      "instances": [
        {
          "index_key": 0,
          "schema_version": 1,
          "attributes": {
            "cluster_id": 30,
            "comments": "",
            "custom_fields": null,
            "description": "",
            "device_id": 0,
            "disk_size_gb": 100,
            "id": "277",
            "local_context_data": "{\"activation_key\":\"Faceted-Oil-Scion6\",\"operating_system\":\"rhel-9.2\",\"rhel_org\":6207854}",
            "memory_mb": 8192,
            "name": "ckan01",
            "platform_id": 0,
            "primary_ipv4": 0,
            "primary_ipv6": 0,
            "role_id": 35,
            "site_id": 0,
            "status": "active",
            "tags": [
              "os_redhat",
              "role_backup"
            ],
            "tenant_id": 7,
            "vcpus": 2
          },
          "sensitive_attributes": [],
          "private": "eyJzY2hlbWFfdmVyc2lvbiI6IjEifQ==",
          "dependencies": [
            "netbox_cluster.openstack",
            "netbox_cluster_group.openstack",
            "netbox_cluster_type.kvm",
            "netbox_device_role.server",
            "netbox_tenant.knowit"
          ]
        }
      ]
    },
    {
      "mode": "managed",
      "type": "netbox_virtual_machine",
      "name": "databroker",
      "provider": "provider[\"registry.terraform.io/e-breuninger/netbox\"]",
      "instances": [
        {
          "index_key": 0,
          "schema_version": 1,
          "attributes": {
            "cluster_id": 30,
            "comments": "",
            "custom_fields": null,
            "description": "",
            "device_id": 0,
            "disk_size_gb": 100,
            "id": "291",
            "local_context_data": "{\"activation_key\":\"Faceted-Oil-Scion6\",\"operating_system\":\"rhel-9.2\",\"rhel_org\":6207854}",
            "memory_mb": 8192,
            "name": "databroker01",
            "platform_id": 0,
            "primary_ipv4": 0,
            "primary_ipv6": 0,
            "role_id": 35,
            "site_id": 0,
            "status": "active",
            "tags": [
              "os_redhat",
              "role_backup"
            ],
            "tenant_id": 7,
            "vcpus": 2
          },
          "sensitive_attributes": [],
          "private": "eyJzY2hlbWFfdmVyc2lvbiI6IjEifQ==",
          "dependencies": [
            "netbox_cluster.openstack",
            "netbox_cluster_group.openstack",
            "netbox_cluster_type.kvm",
            "netbox_device_role.server",
            "netbox_tenant.knowit"
          ]
        }
      ]
    },
    {
      "mode": "managed",
      "type": "netbox_virtual_machine",
      "name": "datawarehouse",
      "provider": "provider[\"registry.terraform.io/e-breuninger/netbox\"]",
      "instances": [
        {
          "index_key": 0,
          "schema_version": 1,
          "attributes": {
            "cluster_id": 30,
            "comments": "",
            "custom_fields": null,
            "description": "",
            "device_id": 0,
            "disk_size_gb": 100,
            "id": "299",
            "local_context_data": "{\"activation_key\":\"Faceted-Oil-Scion6\",\"operating_system\":\"rhel-9.2\",\"rhel_org\":6207854}",
            "memory_mb": 8192,
            "name": "datawarehouse01",
            "platform_id": 0,
            "primary_ipv4": 0,
            "primary_ipv6": 0,
            "role_id": 35,
            "site_id": 0,
            "status": "active",
            "tags": [
              "os_redhat",
              "role_backup"
            ],
            "tenant_id": 7,
            "vcpus": 8
          },
          "sensitive_attributes": [],
          "private": "eyJzY2hlbWFfdmVyc2lvbiI6IjEifQ==",
          "dependencies": [
            "netbox_cluster.openstack",
            "netbox_cluster_group.openstack",
            "netbox_cluster_type.kvm",
            "netbox_device_role.server",
            "netbox_tenant.knowit"
          ]
        }
      ]
    },
    {
      "mode": "managed",
      "type": "netbox_virtual_machine",
      "name": "grafana",
      "provider": "provider[\"registry.terraform.io/e-breuninger/netbox\"]",
      "instances": [
        {
          "index_key": 0,
          "schema_version": 1,
          "attributes": {
            "cluster_id": 30,
            "comments": "",
            "custom_fields": null,
            "description": "",
            "device_id": 0,
            "disk_size_gb": 100,
            "id": "294",
            "local_context_data": "{\"activation_key\":\"Faceted-Oil-Scion6\",\"operating_system\":\"rhel-9.2\",\"rhel_org\":6207854}",
            "memory_mb": 8192,
            "name": "grafana01",
            "platform_id": 0,
            "primary_ipv4": 0,
            "primary_ipv6": 0,
            "role_id": 35,
            "site_id": 0,
            "status": "active",
            "tags": [
              "os_redhat",
              "role_backup"
            ],
            "tenant_id": 7,
            "vcpus": 2
          },
          "sensitive_attributes": [],
          "private": "eyJzY2hlbWFfdmVyc2lvbiI6IjEifQ==",
          "dependencies": [
            "netbox_cluster.openstack",
            "netbox_cluster_group.openstack",
            "netbox_cluster_type.kvm",
            "netbox_device_role.server",
            "netbox_tenant.knowit"
          ]
        }
      ]
    },
    {
      "mode": "managed",
      "type": "netbox_virtual_machine",
      "name": "kalm",
      "provider": "provider[\"registry.terraform.io/e-breuninger/netbox\"]",
      "instances": [
        {
          "index_key": 0,
          "schema_version": 1,
          "attributes": {
            "cluster_id": 28,
            "comments": "",
            "custom_fields": null,
            "description": "",
            "device_id": 0,
            "disk_size_gb": 40,
            "id": "279",
            "local_context_data": "{\"activation_key\":\"Faceted-Oil-Scion6\",\"operating_system\":\"rhel-8\",\"rhel_org\":6207854}",
            "memory_mb": 8192,
            "name": "kalm01",
            "platform_id": 0,
            "primary_ipv4": 0,
            "primary_ipv6": 0,
            "role_id": 35,
            "site_id": 0,
            "status": "active",
            "tags": [
              "os_redhat",
              "role_backup"
            ],
            "tenant_id": 7,
            "vcpus": 2
          },
          "sensitive_attributes": [],
          "private": "eyJzY2hlbWFfdmVyc2lvbiI6IjEifQ==",
          "dependencies": [
            "netbox_cluster.openstack",
            "netbox_cluster_group.openstack",
            "netbox_cluster_type.kvm",
            "netbox_device_role.server",
            "netbox_tenant.knowit"
          ]
        },
        {
          "index_key": 1,
          "schema_version": 1,
          "attributes": {
            "cluster_id": 28,
            "comments": "",
            "custom_fields": null,
            "description": "",
            "device_id": 0,
            "disk_size_gb": 40,
            "id": "292",
            "local_context_data": "{\"activation_key\":\"Faceted-Oil-Scion6\",\"operating_system\":\"rhel-8\",\"rhel_org\":6207854}",
            "memory_mb": 8192,
            "name": "kalm02",
            "platform_id": 0,
            "primary_ipv4": 0,
            "primary_ipv6": 0,
            "role_id": 35,
            "site_id": 0,
            "status": "active",
            "tags": [
              "os_redhat",
              "role_backup"
            ],
            "tenant_id": 7,
            "vcpus": 2
          },
          "sensitive_attributes": [],
          "private": "eyJzY2hlbWFfdmVyc2lvbiI6IjEifQ==",
          "dependencies": [
            "netbox_cluster.openstack",
            "netbox_cluster_group.openstack",
            "netbox_cluster_type.kvm",
            "netbox_device_role.server",
            "netbox_tenant.knowit"
          ]
        },
        {
          "index_key": 2,
          "schema_version": 1,
          "attributes": {
            "cluster_id": 28,
            "comments": "",
            "custom_fields": null,
            "description": "",
            "device_id": 0,
            "disk_size_gb": 40,
            "id": "286",
            "local_context_data": "{\"activation_key\":\"Faceted-Oil-Scion6\",\"operating_system\":\"rhel-8\",\"rhel_org\":6207854}",
            "memory_mb": 8192,
            "name": "kalm03",
            "platform_id": 0,
            "primary_ipv4": 0,
            "primary_ipv6": 0,
            "role_id": 35,
            "site_id": 0,
            "status": "active",
            "tags": [
              "os_redhat",
              "role_backup"
            ],
            "tenant_id": 7,
            "vcpus": 2
          },
          "sensitive_attributes": [],
          "private": "eyJzY2hlbWFfdmVyc2lvbiI6IjEifQ==",
          "dependencies": [
            "netbox_cluster.openstack",
            "netbox_cluster_group.openstack",
            "netbox_cluster_type.kvm",
            "netbox_device_role.server",
            "netbox_tenant.knowit"
          ]
        }
      ]
    },
    {
      "mode": "managed",
      "type": "netbox_virtual_machine",
      "name": "nas",
      "provider": "provider[\"registry.terraform.io/e-breuninger/netbox\"]",
      "instances": [
        {
          "index_key": 0,
          "schema_version": 1,
          "attributes": {
            "cluster_id": 30,
            "comments": "",
            "custom_fields": null,
            "description": "",
            "device_id": 0,
            "disk_size_gb": 100,
            "id": "300",
            "local_context_data": "{\"activation_key\":\"Faceted-Oil-Scion6\",\"operating_system\":\"rhel-9.2\",\"rhel_org\":6207854}",
            "memory_mb": 8192,
            "name": "nas01",
            "platform_id": 0,
            "primary_ipv4": 0,
            "primary_ipv6": 0,
            "role_id": 35,
            "site_id": 0,
            "status": "active",
            "tags": [
              "os_redhat",
              "role_backup"
            ],
            "tenant_id": 7,
            "vcpus": 2
          },
          "sensitive_attributes": [],
          "private": "eyJzY2hlbWFfdmVyc2lvbiI6IjEifQ==",
          "dependencies": [
            "netbox_cluster.openstack",
            "netbox_cluster_group.openstack",
            "netbox_cluster_type.kvm",
            "netbox_device_role.server",
            "netbox_tenant.knowit"
          ]
        }
      ]
    },
    {
      "mode": "managed",
      "type": "netbox_virtual_machine",
      "name": "openshiftmaster",
      "provider": "provider[\"registry.terraform.io/e-breuninger/netbox\"]",
      "instances": [
        {
          "index_key": 0,
          "schema_version": 1,
          "attributes": {
            "cluster_id": 29,
            "comments": "",
            "custom_fields": null,
            "description": "",
            "device_id": 0,
            "disk_size_gb": 100,
            "id": "295",
            "local_context_data": "{\"activation_key\":\"Faceted-Oil-Scion6\",\"operating_system\":\"rhel-9.2\",\"rhel_org\":6207854}",
            "memory_mb": 8192,
            "name": "openshiftmaster01",
            "platform_id": 0,
            "primary_ipv4": 0,
            "primary_ipv6": 0,
            "role_id": 35,
            "site_id": 0,
            "status": "active",
            "tags": [
              "os_redhat",
              "role_backup"
            ],
            "tenant_id": 7,
            "vcpus": 2
          },
          "sensitive_attributes": [],
          "private": "eyJzY2hlbWFfdmVyc2lvbiI6IjEifQ==",
          "dependencies": [
            "netbox_cluster.openstack",
            "netbox_cluster_group.openstack",
            "netbox_cluster_type.kvm",
            "netbox_device_role.server",
            "netbox_tenant.knowit"
          ]
        },
        {
          "index_key": 1,
          "schema_version": 1,
          "attributes": {
            "cluster_id": 29,
            "comments": "",
            "custom_fields": null,
            "description": "",
            "device_id": 0,
            "disk_size_gb": 100,
            "id": "285",
            "local_context_data": "{\"activation_key\":\"Faceted-Oil-Scion6\",\"operating_system\":\"rhel-9.2\",\"rhel_org\":6207854}",
            "memory_mb": 8192,
            "name": "openshiftmaster02",
            "platform_id": 0,
            "primary_ipv4": 0,
            "primary_ipv6": 0,
            "role_id": 35,
            "site_id": 0,
            "status": "active",
            "tags": [
              "os_redhat",
              "role_backup"
            ],
            "tenant_id": 7,
            "vcpus": 2
          },
          "sensitive_attributes": [],
          "private": "eyJzY2hlbWFfdmVyc2lvbiI6IjEifQ==",
          "dependencies": [
            "netbox_cluster.openstack",
            "netbox_cluster_group.openstack",
            "netbox_cluster_type.kvm",
            "netbox_device_role.server",
            "netbox_tenant.knowit"
          ]
        },
        {
          "index_key": 2,
          "schema_version": 1,
          "attributes": {
            "cluster_id": 29,
            "comments": "",
            "custom_fields": null,
            "description": "",
            "device_id": 0,
            "disk_size_gb": 100,
            "id": "290",
            "local_context_data": "{\"activation_key\":\"Faceted-Oil-Scion6\",\"operating_system\":\"rhel-9.2\",\"rhel_org\":6207854}",
            "memory_mb": 8192,
            "name": "openshiftmaster03",
            "platform_id": 0,
            "primary_ipv4": 0,
            "primary_ipv6": 0,
            "role_id": 35,
            "site_id": 0,
            "status": "active",
            "tags": [
              "os_redhat",
              "role_backup"
            ],
            "tenant_id": 7,
            "vcpus": 2
          },
          "sensitive_attributes": [],
          "private": "eyJzY2hlbWFfdmVyc2lvbiI6IjEifQ==",
          "dependencies": [
            "netbox_cluster.openstack",
            "netbox_cluster_group.openstack",
            "netbox_cluster_type.kvm",
            "netbox_device_role.server",
            "netbox_tenant.knowit"
          ]
        }
      ]
    },
    {
      "mode": "managed",
      "type": "netbox_virtual_machine",
      "name": "openshiftworker",
      "provider": "provider[\"registry.terraform.io/e-breuninger/netbox\"]",
      "instances": [
        {
          "index_key": 0,
          "schema_version": 1,
          "attributes": {
            "cluster_id": 29,
            "comments": "",
            "custom_fields": null,
            "description": "",
            "device_id": 0,
            "disk_size_gb": 100,
            "id": "288",
            "local_context_data": "{\"activation_key\":\"Faceted-Oil-Scion6\",\"operating_system\":\"rhel-9.2\",\"rhel_org\":6207854}",
            "memory_mb": 8192,
            "name": "openshiftworker01",
            "platform_id": 0,
            "primary_ipv4": 0,
            "primary_ipv6": 0,
            "role_id": 35,
            "site_id": 0,
            "status": "active",
            "tags": [
              "os_redhat",
              "role_backup"
            ],
            "tenant_id": 7,
            "vcpus": 8
          },
          "sensitive_attributes": [],
          "private": "eyJzY2hlbWFfdmVyc2lvbiI6IjEifQ==",
          "dependencies": [
            "netbox_cluster.openstack",
            "netbox_cluster_group.openstack",
            "netbox_cluster_type.kvm",
            "netbox_device_role.server",
            "netbox_tenant.knowit"
          ]
        },
        {
          "index_key": 1,
          "schema_version": 1,
          "attributes": {
            "cluster_id": 29,
            "comments": "",
            "custom_fields": null,
            "description": "",
            "device_id": 0,
            "disk_size_gb": 100,
            "id": "278",
            "local_context_data": "{\"activation_key\":\"Faceted-Oil-Scion6\",\"operating_system\":\"rhel-9.2\",\"rhel_org\":6207854}",
            "memory_mb": 8192,
            "name": "openshiftworker02",
            "platform_id": 0,
            "primary_ipv4": 0,
            "primary_ipv6": 0,
            "role_id": 35,
            "site_id": 0,
            "status": "active",
            "tags": [
              "os_redhat",
              "role_backup"
            ],
            "tenant_id": 7,
            "vcpus": 8
          },
          "sensitive_attributes": [],
          "private": "eyJzY2hlbWFfdmVyc2lvbiI6IjEifQ==",
          "dependencies": [
            "netbox_cluster.openstack",
            "netbox_cluster_group.openstack",
            "netbox_cluster_type.kvm",
            "netbox_device_role.server",
            "netbox_tenant.knowit"
          ]
        },
        {
          "index_key": 2,
          "schema_version": 1,
          "attributes": {
            "cluster_id": 29,
            "comments": "",
            "custom_fields": null,
            "description": "",
            "device_id": 0,
            "disk_size_gb": 100,
            "id": "296",
            "local_context_data": "{\"activation_key\":\"Faceted-Oil-Scion6\",\"operating_system\":\"rhel-9.2\",\"rhel_org\":6207854}",
            "memory_mb": 8192,
            "name": "openshiftworker03",
            "platform_id": 0,
            "primary_ipv4": 0,
            "primary_ipv6": 0,
            "role_id": 35,
            "site_id": 0,
            "status": "active",
            "tags": [
              "os_redhat",
              "role_backup"
            ],
            "tenant_id": 7,
            "vcpus": 8
          },
          "sensitive_attributes": [],
          "private": "eyJzY2hlbWFfdmVyc2lvbiI6IjEifQ==",
          "dependencies": [
            "netbox_cluster.openstack",
            "netbox_cluster_group.openstack",
            "netbox_cluster_type.kvm",
            "netbox_device_role.server",
            "netbox_tenant.knowit"
          ]
        }
      ]
    },
    {
      "mode": "managed",
      "type": "netbox_virtual_machine",
      "name": "ostackcompute",
      "provider": "provider[\"registry.terraform.io/e-breuninger/netbox\"]",
      "instances": [
        {
          "index_key": 0,
          "schema_version": 1,
          "attributes": {
            "cluster_id": 28,
            "comments": "",
            "custom_fields": null,
            "description": "",
            "device_id": 0,
            "disk_size_gb": 40,
            "id": "297",
            "local_context_data": "{\"activation_key\":\"Faceted-Oil-Scion6\",\"operating_system\":\"rhel-9.0\",\"rhel_org\":6207854}",
            "memory_mb": 8192,
            "name": "ostackcompute01",
            "platform_id": 0,
            "primary_ipv4": 0,
            "primary_ipv6": 0,
            "role_id": 35,
            "site_id": 0,
            "status": "active",
            "tags": [
              "os_redhat",
              "role_backup"
            ],
            "tenant_id": 7,
            "vcpus": 2
          },
          "sensitive_attributes": [],
          "private": "eyJzY2hlbWFfdmVyc2lvbiI6IjEifQ==",
          "dependencies": [
            "netbox_cluster.openstack",
            "netbox_cluster_group.openstack",
            "netbox_cluster_type.kvm",
            "netbox_device_role.server",
            "netbox_tenant.knowit"
          ]
        },
        {
          "index_key": 1,
          "schema_version": 1,
          "attributes": {
            "cluster_id": 28,
            "comments": "",
            "custom_fields": null,
            "description": "",
            "device_id": 0,
            "disk_size_gb": 40,
            "id": "275",
            "local_context_data": "{\"activation_key\":\"Faceted-Oil-Scion6\",\"operating_system\":\"rhel-9.0\",\"rhel_org\":6207854}",
            "memory_mb": 8192,
            "name": "ostackcompute02",
            "platform_id": 0,
            "primary_ipv4": 0,
            "primary_ipv6": 0,
            "role_id": 35,
            "site_id": 0,
            "status": "active",
            "tags": [
              "os_redhat",
              "role_backup"
            ],
            "tenant_id": 7,
            "vcpus": 2
          },
          "sensitive_attributes": [],
          "private": "eyJzY2hlbWFfdmVyc2lvbiI6IjEifQ==",
          "dependencies": [
            "netbox_cluster.openstack",
            "netbox_cluster_group.openstack",
            "netbox_cluster_type.kvm",
            "netbox_device_role.server",
            "netbox_tenant.knowit"
          ]
        },
        {
          "index_key": 2,
          "schema_version": 1,
          "attributes": {
            "cluster_id": 28,
            "comments": "",
            "custom_fields": null,
            "description": "",
            "device_id": 0,
            "disk_size_gb": 40,
            "id": "289",
            "local_context_data": "{\"activation_key\":\"Faceted-Oil-Scion6\",\"operating_system\":\"rhel-9.0\",\"rhel_org\":6207854}",
            "memory_mb": 8192,
            "name": "ostackcompute03",
            "platform_id": 0,
            "primary_ipv4": 0,
            "primary_ipv6": 0,
            "role_id": 35,
            "site_id": 0,
            "status": "active",
            "tags": [
              "os_redhat",
              "role_backup"
            ],
            "tenant_id": 7,
            "vcpus": 2
          },
          "sensitive_attributes": [],
          "private": "eyJzY2hlbWFfdmVyc2lvbiI6IjEifQ==",
          "dependencies": [
            "netbox_cluster.openstack",
            "netbox_cluster_group.openstack",
            "netbox_cluster_type.kvm",
            "netbox_device_role.server",
            "netbox_tenant.knowit"
          ]
        }
      ]
    },
    {
      "mode": "managed",
      "type": "netbox_virtual_machine",
      "name": "ostackctrl",
      "provider": "provider[\"registry.terraform.io/e-breuninger/netbox\"]",
      "instances": [
        {
          "index_key": 0,
          "schema_version": 1,
          "attributes": {
            "cluster_id": 28,
            "comments": "",
            "custom_fields": null,
            "description": "",
            "device_id": 0,
            "disk_size_gb": 40,
            "id": "298",
            "local_context_data": "{\"activation_key\":\"Faceted-Oil-Scion6\",\"operating_system\":\"rhel-9.0\",\"rhel_org\":6207854}",
            "memory_mb": 8192,
            "name": "ostackctrl01",
            "platform_id": 0,
            "primary_ipv4": 0,
            "primary_ipv6": 0,
            "role_id": 35,
            "site_id": 0,
            "status": "active",
            "tags": [
              "os_redhat",
              "role_backup"
            ],
            "tenant_id": 7,
            "vcpus": 2
          },
          "sensitive_attributes": [],
          "private": "eyJzY2hlbWFfdmVyc2lvbiI6IjEifQ==",
          "dependencies": [
            "netbox_cluster.openstack",
            "netbox_cluster_group.openstack",
            "netbox_cluster_type.kvm",
            "netbox_device_role.server",
            "netbox_tenant.knowit"
          ]
        },
        {
          "index_key": 1,
          "schema_version": 1,
          "attributes": {
            "cluster_id": 28,
            "comments": "",
            "custom_fields": null,
            "description": "",
            "device_id": 0,
            "disk_size_gb": 40,
            "id": "287",
            "local_context_data": "{\"activation_key\":\"Faceted-Oil-Scion6\",\"operating_system\":\"rhel-9.0\",\"rhel_org\":6207854}",
            "memory_mb": 8192,
            "name": "ostackctrl02",
            "platform_id": 0,
            "primary_ipv4": 0,
            "primary_ipv6": 0,
            "role_id": 35,
            "site_id": 0,
            "status": "active",
            "tags": [
              "os_redhat",
              "role_backup"
            ],
            "tenant_id": 7,
            "vcpus": 2
          },
          "sensitive_attributes": [],
          "private": "eyJzY2hlbWFfdmVyc2lvbiI6IjEifQ==",
          "dependencies": [
            "netbox_cluster.openstack",
            "netbox_cluster_group.openstack",
            "netbox_cluster_type.kvm",
            "netbox_device_role.server",
            "netbox_tenant.knowit"
          ]
        },
        {
          "index_key": 2,
          "schema_version": 1,
          "attributes": {
            "cluster_id": 28,
            "comments": "",
            "custom_fields": null,
            "description": "",
            "device_id": 0,
            "disk_size_gb": 40,
            "id": "276",
            "local_context_data": "{\"activation_key\":\"Faceted-Oil-Scion6\",\"operating_system\":\"rhel-9.0\",\"rhel_org\":6207854}",
            "memory_mb": 8192,
            "name": "ostackctrl03",
            "platform_id": 0,
            "primary_ipv4": 0,
            "primary_ipv6": 0,
            "role_id": 35,
            "site_id": 0,
            "status": "active",
            "tags": [
              "os_redhat",
              "role_backup"
            ],
            "tenant_id": 7,
            "vcpus": 2
          },
          "sensitive_attributes": [],
          "private": "eyJzY2hlbWFfdmVyc2lvbiI6IjEifQ==",
          "dependencies": [
            "netbox_cluster.openstack",
            "netbox_cluster_group.openstack",
            "netbox_cluster_type.kvm",
            "netbox_device_role.server",
            "netbox_tenant.knowit"
          ]
        }
      ]
    },
    {
      "mode": "managed",
      "type": "netbox_virtual_machine",
      "name": "satellite",
      "provider": "provider[\"registry.terraform.io/e-breuninger/netbox\"]",
      "instances": [
        {
          "index_key": 0,
          "schema_version": 1,
          "attributes": {
            "cluster_id": 28,
            "comments": "",
            "custom_fields": null,
            "description": "",
            "device_id": 0,
            "disk_size_gb": 40,
            "id": "301",
            "local_context_data": "{\"activation_key\":\"Faceted-Oil-Scion6\",\"operating_system\":\"rhel-8\",\"rhel_org\":6207854}",
            "memory_mb": 8192,
            "name": "satellite01",
            "platform_id": 0,
            "primary_ipv4": 0,
            "primary_ipv6": 0,
            "role_id": 35,
            "site_id": 0,
            "status": "active",
            "tags": [
              "os_redhat",
              "role_backup"
            ],
            "tenant_id": 7,
            "vcpus": 2
          },
          "sensitive_attributes": [],
          "private": "eyJzY2hlbWFfdmVyc2lvbiI6IjEifQ==",
          "dependencies": [
            "netbox_cluster.openstack",
            "netbox_cluster_group.openstack",
            "netbox_cluster_type.kvm",
            "netbox_device_role.server",
            "netbox_tenant.knowit"
          ]
        }
      ]
    },
    {
      "mode": "managed",
      "type": "netbox_virtual_machine",
      "name": "thinlincrhel7",
      "provider": "provider[\"registry.terraform.io/e-breuninger/netbox\"]",
      "instances": [
        {
          "index_key": 0,
          "schema_version": 1,
          "attributes": {
            "cluster_id": 29,
            "comments": "",
            "custom_fields": null,
            "description": "",
            "device_id": 0,
            "disk_size_gb": 100,
            "id": "303",
            "local_context_data": "{\"activation_key\":\"Faceted-Oil-Scion6\",\"operating_system\":\"rhel-7\",\"rhel_org\":6207854}",
            "memory_mb": 8192,
            "name": "thinlinchel701",
            "platform_id": 0,
            "primary_ipv4": 0,
            "primary_ipv6": 0,
            "role_id": 35,
            "site_id": 0,
            "status": "active",
            "tags": [
              "os_redhat",
              "role_backup"
            ],
            "tenant_id": 7,
            "vcpus": 2
          },
          "sensitive_attributes": [],
          "private": "eyJzY2hlbWFfdmVyc2lvbiI6IjEifQ==",
          "dependencies": [
            "netbox_cluster.openstack",
            "netbox_device_role.server",
            "netbox_tenant.knowit"
          ]
        }
      ]
    },
    {
      "mode": "managed",
      "type": "netbox_virtual_machine",
      "name": "thinlincrhel8",
      "provider": "provider[\"registry.terraform.io/e-breuninger/netbox\"]",
      "instances": [
        {
          "index_key": 0,
          "schema_version": 1,
          "attributes": {
            "cluster_id": 29,
            "comments": "",
            "custom_fields": null,
            "description": "",
            "device_id": 0,
            "disk_size_gb": 100,
            "id": "305",
            "local_context_data": "{\"activation_key\":\"Faceted-Oil-Scion6\",\"operating_system\":\"rhel-8\",\"rhel_org\":6207854}",
            "memory_mb": 8192,
            "name": "thinlinchel801",
            "platform_id": 0,
            "primary_ipv4": 0,
            "primary_ipv6": 0,
            "role_id": 35,
            "site_id": 0,
            "status": "active",
            "tags": [
              "os_redhat",
              "role_backup"
            ],
            "tenant_id": 7,
            "vcpus": 2
          },
          "sensitive_attributes": [],
          "private": "eyJzY2hlbWFfdmVyc2lvbiI6IjEifQ==",
          "dependencies": [
            "netbox_cluster.openstack",
            "netbox_device_role.server",
            "netbox_tenant.knowit"
          ]
        }
      ]
    },
    {
      "mode": "managed",
      "type": "netbox_virtual_machine",
      "name": "thinlincrhel9",
      "provider": "provider[\"registry.terraform.io/e-breuninger/netbox\"]",
      "instances": [
        {
          "index_key": 0,
          "schema_version": 1,
          "attributes": {
            "cluster_id": 29,
            "comments": "",
            "custom_fields": null,
            "description": "",
            "device_id": 0,
            "disk_size_gb": 100,
            "id": "304",
            "local_context_data": "{\"activation_key\":\"Faceted-Oil-Scion6\",\"operating_system\":\"rhel-9\",\"rhel_org\":6207854}",
            "memory_mb": 8192,
            "name": "thinlinchel901",
            "platform_id": 0,
            "primary_ipv4": 0,
            "primary_ipv6": 0,
            "role_id": 35,
            "site_id": 0,
            "status": "active",
            "tags": [
              "os_redhat",
              "role_backup"
            ],
            "tenant_id": 7,
            "vcpus": 2
          },
          "sensitive_attributes": [],
          "private": "eyJzY2hlbWFfdmVyc2lvbiI6IjEifQ==",
          "dependencies": [
            "netbox_cluster.openstack",
            "netbox_device_role.server",
            "netbox_tenant.knowit"
          ]
        }
      ]
    },
    {
      "mode": "managed",
      "type": "netbox_virtual_machine",
      "name": "undercloud",
      "provider": "provider[\"registry.terraform.io/e-breuninger/netbox\"]",
      "instances": [
        {
          "index_key": 0,
          "schema_version": 1,
          "attributes": {
            "cluster_id": 28,
            "comments": "",
            "custom_fields": null,
            "description": "",
            "device_id": 0,
            "disk_size_gb": 100,
            "id": "280",
            "local_context_data": "{\"activation_key\":\"Faceted-Oil-Scion6\",\"operating_system\":\"rhel-9.0\",\"rhel_org\":6207854}",
            "memory_mb": 8192,
            "name": "undercloud01",
            "platform_id": 0,
            "primary_ipv4": 0,
            "primary_ipv6": 0,
            "role_id": 35,
            "site_id": 0,
            "status": "active",
            "tags": [
              "os_redhat",
              "role_backup"
            ],
            "tenant_id": 7,
            "vcpus": 8
          },
          "sensitive_attributes": [],
          "private": "eyJzY2hlbWFfdmVyc2lvbiI6IjEifQ==",
          "dependencies": [
            "netbox_cluster.openstack",
            "netbox_cluster_group.openstack",
            "netbox_cluster_type.kvm",
            "netbox_device_role.server",
            "netbox_tenant.knowit"
          ]
        },
        {
          "index_key": 1,
          "schema_version": 1,
          "attributes": {
            "cluster_id": 28,
            "comments": "",
            "custom_fields": null,
            "description": "",
            "device_id": 0,
            "disk_size_gb": 100,
            "id": "281",
            "local_context_data": "{\"activation_key\":\"Faceted-Oil-Scion6\",\"operating_system\":\"rhel-9.0\",\"rhel_org\":6207854}",
            "memory_mb": 8192,
            "name": "undercloud02",
            "platform_id": 0,
            "primary_ipv4": 0,
            "primary_ipv6": 0,
            "role_id": 35,
            "site_id": 0,
            "status": "active",
            "tags": [
              "os_redhat",
              "role_backup"
            ],
            "tenant_id": 7,
            "vcpus": 8
          },
          "sensitive_attributes": [],
          "private": "eyJzY2hlbWFfdmVyc2lvbiI6IjEifQ==",
          "dependencies": [
            "netbox_cluster.openstack",
            "netbox_cluster_group.openstack",
            "netbox_cluster_type.kvm",
            "netbox_device_role.server",
            "netbox_tenant.knowit"
          ]
        },
        {
          "index_key": 2,
          "schema_version": 1,
          "attributes": {
            "cluster_id": 28,
            "comments": "",
            "custom_fields": null,
            "description": "",
            "device_id": 0,
            "disk_size_gb": 100,
            "id": "284",
            "local_context_data": "{\"activation_key\":\"Faceted-Oil-Scion6\",\"operating_system\":\"rhel-9.0\",\"rhel_org\":6207854}",
            "memory_mb": 8192,
            "name": "undercloud03",
            "platform_id": 0,
            "primary_ipv4": 0,
            "primary_ipv6": 0,
            "role_id": 35,
            "site_id": 0,
            "status": "active",
            "tags": [
              "os_redhat",
              "role_backup"
            ],
            "tenant_id": 7,
            "vcpus": 8
          },
          "sensitive_attributes": [],
          "private": "eyJzY2hlbWFfdmVyc2lvbiI6IjEifQ==",
          "dependencies": [
            "netbox_cluster.openstack",
            "netbox_cluster_group.openstack",
            "netbox_cluster_type.kvm",
            "netbox_device_role.server",
            "netbox_tenant.knowit"
          ]
        }
      ]
    },
    {
      "mode": "managed",
      "type": "netbox_virtual_machine",
      "name": "zabbix",
      "provider": "provider[\"registry.terraform.io/e-breuninger/netbox\"]",
      "instances": [
        {
          "index_key": 0,
          "schema_version": 1,
          "attributes": {
            "cluster_id": 30,
            "comments": "",
            "custom_fields": null,
            "description": "",
            "device_id": 0,
            "disk_size_gb": 100,
            "id": "282",
            "local_context_data": "{\"activation_key\":\"Faceted-Oil-Scion6\",\"operating_system\":\"rhel-9.2\",\"rhel_org\":6207854}",
            "memory_mb": 8192,
            "name": "zabbix01",
            "platform_id": 0,
            "primary_ipv4": 0,
            "primary_ipv6": 0,
            "role_id": 35,
            "site_id": 0,
            "status": "active",
            "tags": [
              "os_redhat",
              "role_backup"
            ],
            "tenant_id": 7,
            "vcpus": 2
          },
          "sensitive_attributes": [],
          "private": "eyJzY2hlbWFfdmVyc2lvbiI6IjEifQ==",
          "dependencies": [
            "netbox_cluster.openstack",
            "netbox_cluster_group.openstack",
            "netbox_cluster_type.kvm",
            "netbox_device_role.server",
            "netbox_tenant.knowit"
          ]
        }
      ]
    }
  ],
  "check_results": null
}
